
Microsoft Visual Studio Solution File, Format Version 11.00
# Visual Studio 2010
Project("{FAE04EC0-301F-11D3-BF4B-00C04F79EFBC}") = "MVC2", "MVC2\MVC2.csproj", "{4C911E1F-A97D-47BA-9632-81770304C103}"
EndProject
Project("{FAE04EC0-301F-11D3-BF4B-00C04F79EFBC}") = "HolisticWare.SlideShow.DLL_BL_XA", "HolisticWare.SlideShow.DLL_BL_XA\HolisticWare.SlideShow.DLL_BL_XA.csproj", "{422C40E5-E269-438F-BC17-00D01860958C}"
EndProject
Project("{FAE04EC0-301F-11D3-BF4B-00C04F79EFBC}") = "HolisticWare.SlideShow.DLL_BL_XI", "HolisticWare.SlideShow.DLL_BL_XI\HolisticWare.SlideShow.DLL_BL_XI.csproj", "{F199FEF2-288E-4F1D-8666-5341B25E9DFE}"
EndProject
Project("{FAE04EC0-301F-11D3-BF4B-00C04F79EFBC}") = "HolisticWare.SlideShow.EXE_XI", "HolisticWare.SlideShow.EXE_XI\HolisticWare.SlideShow.EXE_XI.csproj", "{53B5FF23-1673-4D97-B121-37FB947E0F3B}"
EndProject
Project("{FAE04EC0-301F-11D3-BF4B-00C04F79EFBC}") = "HolisticWare.SlideShow.EXE_XA", "HolisticWare.SlideShow.EXE_XA\HolisticWare.SlideShow.EXE_XA.csproj", "{88EEBC41-6CF2-4BE8-A4AE-4EB7346A857B}"
EndProject
Project("{FAE04EC0-301F-11D3-BF4B-00C04F79EFBC}") = "HolisticWare.SlideShow.EXE_MM", "HolisticWare.SlideShow.EXE_MM\HolisticWare.SlideShow.EXE_MM.csproj", "{2D54777F-A3E6-4711-8069-82FF8B71F0D9}"
EndProject
Project("{FAE04EC0-301F-11D3-BF4B-00C04F79EFBC}") = "HolisticWare.SlideShow.EXE_ASPnetMVC4", "HolisticWare.SlideShow.EXE_ASPnetMVC4\HolisticWare.SlideShow.EXE_ASPnetMVC4.csproj", "{D3A9D569-3BD9-44C2-9C23-88C3FD4D2793}"
EndProject
Project("{FAE04EC0-301F-11D3-BF4B-00C04F79EFBC}") = "HolisticWare.Common.Scripts", "..\..\HolisticWare.Common.Scripts\HolisticWare.Common.Scripts.csproj", "{AF6251A7-27BA-4217-B15F-D6BD9C96013E}"
EndProject
Project("{2150E333-8FDC-42A3-9474-1A3956D46DE8}") = "Templates.CodeSnippets", "Templates.CodeSnippets", "{17966CF6-03AC-4A62-9B75-8614D137F5C2}"
EndProject
Project("{2150E333-8FDC-42A3-9474-1A3956D46DE8}") = "HolisticWare.Common.Scripts", "HolisticWare.Common.Scripts", "{AFBCD715-8DCC-434B-8255-DE427CB8C81B}"
EndProject
Project("{FAE04EC0-301F-11D3-BF4B-00C04F79EFBC}") = "Templates.CodeSnippets", "..\..\Templates.CodeSnippets\Templates.CodeSnippets.csproj", "{E598EA3C-1C0A-42DD-993A-D151535DAC38}"
EndProject
Project("{FAE04EC0-301F-11D3-BF4B-00C04F79EFBC}") = "HolisticWare.SlideShow.DLL_BL_WF_WPF_GTK_MM", "HolisticWare.SlideShow.DLL_BL_WF_WPF_GTK_MM\HolisticWare.SlideShow.DLL_BL_WF_WPF_GTK_MM.csproj", "{9209AF87-AF80-4F10-BF4C-1D6D3AE30F34}"
EndProject
Project("{FAE04EC0-301F-11D3-BF4B-00C04F79EFBC}") = "HolisticWare.SlideShow.DLL_BL_SL", "HolisticWare.SlideShow.DLL_BL_SL\HolisticWare.SlideShow.DLL_BL_SL.csproj", "{0E7E3E7D-A62B-405F-827A-9351DF5873F0}"
EndProject
Project("{FAE04EC0-301F-11D3-BF4B-00C04F79EFBC}") = "HolisticWare.SlideShow.DLL_BL_WP", "HolisticWare.SlideShow.DLL_BL_WP\HolisticWare.SlideShow.DLL_BL_WP.csproj", "{2230D3A3-7606-49F9-ACC6-FDE9AFB17970}"
EndProject
Project("{FAE04EC0-301F-11D3-BF4B-00C04F79EFBC}") = "HolisticWare.SlideShow.EXE_WP", "HolisticWare.SlideShow.EXE_WP\HolisticWare.SlideShow.EXE_WP.csproj", "{002A1EF6-AC92-452C-B382-3753736E7C05}"
EndProject
Project("{FAE04EC0-301F-11D3-BF4B-00C04F79EFBC}") = "HolisticWare.SlideShow.EXE_SL", "HolisticWare.SlideShow.EXE_SL\HolisticWare.SlideShow.EXE_SL.csproj", "{3EAAC551-684F-4562-8D05-1AB55F48164F}"
EndProject
Project("{FAE04EC0-301F-11D3-BF4B-00C04F79EFBC}") = "HolisticWare.SlideShow.EXE_WF", "HolisticWare.SlideShow.EXE_WF\HolisticWare.SlideShow.EXE_WF.csproj", "{A049F78F-B24A-40B8-9CEE-1AED9B9DCFAF}"
EndProject
Project("{FAE04EC0-301F-11D3-BF4B-00C04F79EFBC}") = "HolisticWare.SlideShow.EXE_WPF", "HolisticWare.SlideShow.EXE_WPF\HolisticWare.SlideShow.EXE_WPF.csproj", "{66EAAD99-A5BE-491F-A9F1-47AC10B68058}"
EndProject
Global
	GlobalSection(SolutionConfigurationPlatforms) = preSolution
		Ad-Hoc|Any CPU = Ad-Hoc|Any CPU
		Ad-Hoc|iPhone = Ad-Hoc|iPhone
		Ad-Hoc|iPhoneSimulator = Ad-Hoc|iPhoneSimulator
		Ad-Hoc|Mixed Platforms = Ad-Hoc|Mixed Platforms
		Ad-Hoc|x86 = Ad-Hoc|x86
		AppStore|Any CPU = AppStore|Any CPU
		AppStore|iPhone = AppStore|iPhone
		AppStore|iPhoneSimulator = AppStore|iPhoneSimulator
		AppStore|Mixed Platforms = AppStore|Mixed Platforms
		AppStore|x86 = AppStore|x86
		Debug|Any CPU = Debug|Any CPU
		Debug|iPhone = Debug|iPhone
		Debug|iPhoneSimulator = Debug|iPhoneSimulator
		Debug|Mixed Platforms = Debug|Mixed Platforms
		Debug|x86 = Debug|x86
		Release|Any CPU = Release|Any CPU
		Release|iPhone = Release|iPhone
		Release|iPhoneSimulator = Release|iPhoneSimulator
		Release|Mixed Platforms = Release|Mixed Platforms
		Release|x86 = Release|x86
	EndGlobalSection
	GlobalSection(ProjectConfigurationPlatforms) = postSolution
		{4C911E1F-A97D-47BA-9632-81770304C103}.Ad-Hoc|Any CPU.ActiveCfg = Release|Any CPU
		{4C911E1F-A97D-47BA-9632-81770304C103}.Ad-Hoc|iPhone.ActiveCfg = Debug|Any CPU
		{4C911E1F-A97D-47BA-9632-81770304C103}.Ad-Hoc|iPhone.Build.0 = Debug|Any CPU
		{4C911E1F-A97D-47BA-9632-81770304C103}.Ad-Hoc|iPhoneSimulator.ActiveCfg = Release|Any CPU
		{4C911E1F-A97D-47BA-9632-81770304C103}.Ad-Hoc|Mixed Platforms.ActiveCfg = Release|Any CPU
		{4C911E1F-A97D-47BA-9632-81770304C103}.Ad-Hoc|Mixed Platforms.Build.0 = Release|Any CPU
		{4C911E1F-A97D-47BA-9632-81770304C103}.Ad-Hoc|x86.ActiveCfg = Release|Any CPU
		{4C911E1F-A97D-47BA-9632-81770304C103}.AppStore|Any CPU.ActiveCfg = Release|Any CPU
		{4C911E1F-A97D-47BA-9632-81770304C103}.AppStore|iPhone.ActiveCfg = Debug|Any CPU
		{4C911E1F-A97D-47BA-9632-81770304C103}.AppStore|iPhone.Build.0 = Debug|Any CPU
		{4C911E1F-A97D-47BA-9632-81770304C103}.AppStore|iPhoneSimulator.ActiveCfg = Release|Any CPU
		{4C911E1F-A97D-47BA-9632-81770304C103}.AppStore|Mixed Platforms.ActiveCfg = Release|Any CPU
		{4C911E1F-A97D-47BA-9632-81770304C103}.AppStore|Mixed Platforms.Build.0 = Release|Any CPU
		{4C911E1F-A97D-47BA-9632-81770304C103}.AppStore|x86.ActiveCfg = Release|Any CPU
		{4C911E1F-A97D-47BA-9632-81770304C103}.Debug|Any CPU.ActiveCfg = Debug|Any CPU
		{4C911E1F-A97D-47BA-9632-81770304C103}.Debug|Any CPU.Build.0 = Debug|Any CPU
		{4C911E1F-A97D-47BA-9632-81770304C103}.Debug|iPhone.ActiveCfg = Debug|Any CPU
		{4C911E1F-A97D-47BA-9632-81770304C103}.Debug|iPhone.Build.0 = Debug|Any CPU
		{4C911E1F-A97D-47BA-9632-81770304C103}.Debug|iPhoneSimulator.ActiveCfg = Debug|Any CPU
		{4C911E1F-A97D-47BA-9632-81770304C103}.Debug|iPhoneSimulator.Build.0 = Debug|Any CPU
		{4C911E1F-A97D-47BA-9632-81770304C103}.Debug|Mixed Platforms.ActiveCfg = Debug|Any CPU
		{4C911E1F-A97D-47BA-9632-81770304C103}.Debug|Mixed Platforms.Build.0 = Debug|Any CPU
		{4C911E1F-A97D-47BA-9632-81770304C103}.Debug|x86.ActiveCfg = Debug|Any CPU
		{4C911E1F-A97D-47BA-9632-81770304C103}.Release|Any CPU.ActiveCfg = Release|Any CPU
		{4C911E1F-A97D-47BA-9632-81770304C103}.Release|Any CPU.Build.0 = Release|Any CPU
		{4C911E1F-A97D-47BA-9632-81770304C103}.Release|iPhone.ActiveCfg = Release|Any CPU
		{4C911E1F-A97D-47BA-9632-81770304C103}.Release|iPhone.Build.0 = Release|Any CPU
		{4C911E1F-A97D-47BA-9632-81770304C103}.Release|iPhoneSimulator.ActiveCfg = Release|Any CPU
		{4C911E1F-A97D-47BA-9632-81770304C103}.Release|iPhoneSimulator.Build.0 = Release|Any CPU
		{4C911E1F-A97D-47BA-9632-81770304C103}.Release|Mixed Platforms.ActiveCfg = Release|Any CPU
		{4C911E1F-A97D-47BA-9632-81770304C103}.Release|Mixed Platforms.Build.0 = Release|Any CPU
		{4C911E1F-A97D-47BA-9632-81770304C103}.Release|x86.ActiveCfg = Release|Any CPU
		{422C40E5-E269-438F-BC17-00D01860958C}.Ad-Hoc|Any CPU.ActiveCfg = Release|Any CPU
		{422C40E5-E269-438F-BC17-00D01860958C}.Ad-Hoc|iPhone.ActiveCfg = Debug|Any CPU
		{422C40E5-E269-438F-BC17-00D01860958C}.Ad-Hoc|iPhone.Build.0 = Debug|Any CPU
		{422C40E5-E269-438F-BC17-00D01860958C}.Ad-Hoc|iPhoneSimulator.ActiveCfg = Release|Any CPU
		{422C40E5-E269-438F-BC17-00D01860958C}.Ad-Hoc|Mixed Platforms.ActiveCfg = Release|Any CPU
		{422C40E5-E269-438F-BC17-00D01860958C}.Ad-Hoc|Mixed Platforms.Build.0 = Release|Any CPU
		{422C40E5-E269-438F-BC17-00D01860958C}.Ad-Hoc|x86.ActiveCfg = Release|Any CPU
		{422C40E5-E269-438F-BC17-00D01860958C}.AppStore|Any CPU.ActiveCfg = Release|Any CPU
		{422C40E5-E269-438F-BC17-00D01860958C}.AppStore|iPhone.ActiveCfg = Debug|Any CPU
		{422C40E5-E269-438F-BC17-00D01860958C}.AppStore|iPhone.Build.0 = Debug|Any CPU
		{422C40E5-E269-438F-BC17-00D01860958C}.AppStore|iPhoneSimulator.ActiveCfg = Release|Any CPU
		{422C40E5-E269-438F-BC17-00D01860958C}.AppStore|Mixed Platforms.ActiveCfg = Release|Any CPU
		{422C40E5-E269-438F-BC17-00D01860958C}.AppStore|Mixed Platforms.Build.0 = Release|Any CPU
		{422C40E5-E269-438F-BC17-00D01860958C}.AppStore|x86.ActiveCfg = Release|Any CPU
		{422C40E5-E269-438F-BC17-00D01860958C}.Debug|Any CPU.ActiveCfg = Debug|Any CPU
		{422C40E5-E269-438F-BC17-00D01860958C}.Debug|Any CPU.Build.0 = Debug|Any CPU
		{422C40E5-E269-438F-BC17-00D01860958C}.Debug|iPhone.ActiveCfg = Debug|Any CPU
		{422C40E5-E269-438F-BC17-00D01860958C}.Debug|iPhone.Build.0 = Debug|Any CPU
		{422C40E5-E269-438F-BC17-00D01860958C}.Debug|iPhoneSimulator.ActiveCfg = Debug|Any CPU
		{422C40E5-E269-438F-BC17-00D01860958C}.Debug|iPhoneSimulator.Build.0 = Debug|Any CPU
		{422C40E5-E269-438F-BC17-00D01860958C}.Debug|Mixed Platforms.ActiveCfg = Debug|Any CPU
		{422C40E5-E269-438F-BC17-00D01860958C}.Debug|Mixed Platforms.Build.0 = Debug|Any CPU
		{422C40E5-E269-438F-BC17-00D01860958C}.Debug|x86.ActiveCfg = Debug|Any CPU
		{422C40E5-E269-438F-BC17-00D01860958C}.Release|Any CPU.ActiveCfg = Release|Any CPU
		{422C40E5-E269-438F-BC17-00D01860958C}.Release|Any CPU.Build.0 = Release|Any CPU
		{422C40E5-E269-438F-BC17-00D01860958C}.Release|iPhone.ActiveCfg = Release|Any CPU
		{422C40E5-E269-438F-BC17-00D01860958C}.Release|iPhone.Build.0 = Release|Any CPU
		{422C40E5-E269-438F-BC17-00D01860958C}.Release|iPhoneSimulator.ActiveCfg = Release|Any CPU
		{422C40E5-E269-438F-BC17-00D01860958C}.Release|iPhoneSimulator.Build.0 = Release|Any CPU
		{422C40E5-E269-438F-BC17-00D01860958C}.Release|Mixed Platforms.ActiveCfg = Release|Any CPU
		{422C40E5-E269-438F-BC17-00D01860958C}.Release|Mixed Platforms.Build.0 = Release|Any CPU
		{422C40E5-E269-438F-BC17-00D01860958C}.Release|x86.ActiveCfg = Release|Any CPU
		{F199FEF2-288E-4F1D-8666-5341B25E9DFE}.Ad-Hoc|Any CPU.ActiveCfg = Release|Any CPU
		{F199FEF2-288E-4F1D-8666-5341B25E9DFE}.Ad-Hoc|iPhone.ActiveCfg = Debug|Any CPU
		{F199FEF2-288E-4F1D-8666-5341B25E9DFE}.Ad-Hoc|iPhone.Build.0 = Debug|Any CPU
		{F199FEF2-288E-4F1D-8666-5341B25E9DFE}.Ad-Hoc|iPhoneSimulator.ActiveCfg = Release|Any CPU
		{F199FEF2-288E-4F1D-8666-5341B25E9DFE}.Ad-Hoc|Mixed Platforms.ActiveCfg = Release|Any CPU
		{F199FEF2-288E-4F1D-8666-5341B25E9DFE}.Ad-Hoc|Mixed Platforms.Build.0 = Release|Any CPU
		{F199FEF2-288E-4F1D-8666-5341B25E9DFE}.Ad-Hoc|x86.ActiveCfg = Release|Any CPU
		{F199FEF2-288E-4F1D-8666-5341B25E9DFE}.AppStore|Any CPU.ActiveCfg = Release|Any CPU
		{F199FEF2-288E-4F1D-8666-5341B25E9DFE}.AppStore|iPhone.ActiveCfg = Debug|Any CPU
		{F199FEF2-288E-4F1D-8666-5341B25E9DFE}.AppStore|iPhone.Build.0 = Debug|Any CPU
		{F199FEF2-288E-4F1D-8666-5341B25E9DFE}.AppStore|iPhoneSimulator.ActiveCfg = Release|Any CPU
		{F199FEF2-288E-4F1D-8666-5341B25E9DFE}.AppStore|Mixed Platforms.ActiveCfg = Release|Any CPU
		{F199FEF2-288E-4F1D-8666-5341B25E9DFE}.AppStore|Mixed Platforms.Build.0 = Release|Any CPU
		{F199FEF2-288E-4F1D-8666-5341B25E9DFE}.AppStore|x86.ActiveCfg = Release|Any CPU
		{F199FEF2-288E-4F1D-8666-5341B25E9DFE}.Debug|Any CPU.ActiveCfg = Debug|Any CPU
		{F199FEF2-288E-4F1D-8666-5341B25E9DFE}.Debug|Any CPU.Build.0 = Debug|Any CPU
		{F199FEF2-288E-4F1D-8666-5341B25E9DFE}.Debug|iPhone.ActiveCfg = Debug|Any CPU
		{F199FEF2-288E-4F1D-8666-5341B25E9DFE}.Debug|iPhone.Build.0 = Debug|Any CPU
		{F199FEF2-288E-4F1D-8666-5341B25E9DFE}.Debug|iPhoneSimulator.ActiveCfg = Debug|Any CPU
		{F199FEF2-288E-4F1D-8666-5341B25E9DFE}.Debug|iPhoneSimulator.Build.0 = Debug|Any CPU
		{F199FEF2-288E-4F1D-8666-5341B25E9DFE}.Debug|Mixed Platforms.ActiveCfg = Debug|Any CPU
		{F199FEF2-288E-4F1D-8666-5341B25E9DFE}.Debug|Mixed Platforms.Build.0 = Debug|Any CPU
		{F199FEF2-288E-4F1D-8666-5341B25E9DFE}.Debug|x86.ActiveCfg = Debug|Any CPU
		{F199FEF2-288E-4F1D-8666-5341B25E9DFE}.Release|Any CPU.ActiveCfg = Release|Any CPU
		{F199FEF2-288E-4F1D-8666-5341B25E9DFE}.Release|Any CPU.Build.0 = Release|Any CPU
		{F199FEF2-288E-4F1D-8666-5341B25E9DFE}.Release|iPhone.ActiveCfg = Release|Any CPU
		{F199FEF2-288E-4F1D-8666-5341B25E9DFE}.Release|iPhone.Build.0 = Release|Any CPU
		{F199FEF2-288E-4F1D-8666-5341B25E9DFE}.Release|iPhoneSimulator.ActiveCfg = Release|Any CPU
		{F199FEF2-288E-4F1D-8666-5341B25E9DFE}.Release|iPhoneSimulator.Build.0 = Release|Any CPU
		{F199FEF2-288E-4F1D-8666-5341B25E9DFE}.Release|Mixed Platforms.ActiveCfg = Release|Any CPU
		{F199FEF2-288E-4F1D-8666-5341B25E9DFE}.Release|Mixed Platforms.Build.0 = Release|Any CPU
		{F199FEF2-288E-4F1D-8666-5341B25E9DFE}.Release|x86.ActiveCfg = Release|Any CPU
		{53B5FF23-1673-4D97-B121-37FB947E0F3B}.Ad-Hoc|Any CPU.ActiveCfg = Ad-Hoc|iPhone
		{53B5FF23-1673-4D97-B121-37FB947E0F3B}.Ad-Hoc|iPhone.ActiveCfg = Ad-Hoc|iPhone
		{53B5FF23-1673-4D97-B121-37FB947E0F3B}.Ad-Hoc|iPhone.Build.0 = Ad-Hoc|iPhone
		{53B5FF23-1673-4D97-B121-37FB947E0F3B}.Ad-Hoc|iPhoneSimulator.ActiveCfg = Ad-Hoc|iPhoneSimulator
		{53B5FF23-1673-4D97-B121-37FB947E0F3B}.Ad-Hoc|Mixed Platforms.ActiveCfg = Ad-Hoc|iPhone
		{53B5FF23-1673-4D97-B121-37FB947E0F3B}.Ad-Hoc|Mixed Platforms.Build.0 = Ad-Hoc|iPhone
		{53B5FF23-1673-4D97-B121-37FB947E0F3B}.Ad-Hoc|x86.ActiveCfg = Ad-Hoc|iPhone
		{53B5FF23-1673-4D97-B121-37FB947E0F3B}.AppStore|Any CPU.ActiveCfg = AppStore|iPhone
		{53B5FF23-1673-4D97-B121-37FB947E0F3B}.AppStore|iPhone.ActiveCfg = AppStore|iPhone
		{53B5FF23-1673-4D97-B121-37FB947E0F3B}.AppStore|iPhone.Build.0 = AppStore|iPhone
		{53B5FF23-1673-4D97-B121-37FB947E0F3B}.AppStore|iPhoneSimulator.ActiveCfg = AppStore|iPhoneSimulator
		{53B5FF23-1673-4D97-B121-37FB947E0F3B}.AppStore|Mixed Platforms.ActiveCfg = AppStore|iPhone
		{53B5FF23-1673-4D97-B121-37FB947E0F3B}.AppStore|Mixed Platforms.Build.0 = AppStore|iPhone
		{53B5FF23-1673-4D97-B121-37FB947E0F3B}.AppStore|x86.ActiveCfg = AppStore|iPhone
		{53B5FF23-1673-4D97-B121-37FB947E0F3B}.Debug|Any CPU.ActiveCfg = Debug|iPhoneSimulator
		{53B5FF23-1673-4D97-B121-37FB947E0F3B}.Debug|Any CPU.Build.0 = Debug|iPhoneSimulator
		{53B5FF23-1673-4D97-B121-37FB947E0F3B}.Debug|iPhone.ActiveCfg = Debug|iPhone
		{53B5FF23-1673-4D97-B121-37FB947E0F3B}.Debug|iPhone.Build.0 = Debug|iPhone
		{53B5FF23-1673-4D97-B121-37FB947E0F3B}.Debug|iPhoneSimulator.ActiveCfg = Debug|iPhoneSimulator
		{53B5FF23-1673-4D97-B121-37FB947E0F3B}.Debug|iPhoneSimulator.Build.0 = Debug|iPhoneSimulator
		{53B5FF23-1673-4D97-B121-37FB947E0F3B}.Debug|Mixed Platforms.ActiveCfg = Debug|iPhone
		{53B5FF23-1673-4D97-B121-37FB947E0F3B}.Debug|Mixed Platforms.Build.0 = Debug|iPhone
		{53B5FF23-1673-4D97-B121-37FB947E0F3B}.Debug|x86.ActiveCfg = Debug|iPhone
		{53B5FF23-1673-4D97-B121-37FB947E0F3B}.Release|Any CPU.ActiveCfg = Release|iPhoneSimulator
		{53B5FF23-1673-4D97-B121-37FB947E0F3B}.Release|Any CPU.Build.0 = Release|iPhoneSimulator
		{53B5FF23-1673-4D97-B121-37FB947E0F3B}.Release|iPhone.ActiveCfg = Release|iPhone
		{53B5FF23-1673-4D97-B121-37FB947E0F3B}.Release|iPhone.Build.0 = Release|iPhone
		{53B5FF23-1673-4D97-B121-37FB947E0F3B}.Release|iPhoneSimulator.ActiveCfg = Release|iPhoneSimulator
		{53B5FF23-1673-4D97-B121-37FB947E0F3B}.Release|iPhoneSimulator.Build.0 = Release|iPhoneSimulator
		{53B5FF23-1673-4D97-B121-37FB947E0F3B}.Release|Mixed Platforms.ActiveCfg = Release|iPhone
		{53B5FF23-1673-4D97-B121-37FB947E0F3B}.Release|Mixed Platforms.Build.0 = Release|iPhone
		{53B5FF23-1673-4D97-B121-37FB947E0F3B}.Release|x86.ActiveCfg = Release|iPhone
		{88EEBC41-6CF2-4BE8-A4AE-4EB7346A857B}.Ad-Hoc|Any CPU.ActiveCfg = Release|Any CPU
		{88EEBC41-6CF2-4BE8-A4AE-4EB7346A857B}.Ad-Hoc|iPhone.ActiveCfg = Debug|Any CPU
		{88EEBC41-6CF2-4BE8-A4AE-4EB7346A857B}.Ad-Hoc|iPhone.Build.0 = Debug|Any CPU
		{88EEBC41-6CF2-4BE8-A4AE-4EB7346A857B}.Ad-Hoc|iPhoneSimulator.ActiveCfg = Release|Any CPU
		{88EEBC41-6CF2-4BE8-A4AE-4EB7346A857B}.Ad-Hoc|Mixed Platforms.ActiveCfg = Release|Any CPU
		{88EEBC41-6CF2-4BE8-A4AE-4EB7346A857B}.Ad-Hoc|Mixed Platforms.Build.0 = Release|Any CPU
		{88EEBC41-6CF2-4BE8-A4AE-4EB7346A857B}.Ad-Hoc|Mixed Platforms.Deploy.0 = Release|Any CPU
		{88EEBC41-6CF2-4BE8-A4AE-4EB7346A857B}.Ad-Hoc|x86.ActiveCfg = Release|Any CPU
		{88EEBC41-6CF2-4BE8-A4AE-4EB7346A857B}.AppStore|Any CPU.ActiveCfg = Release|Any CPU
		{88EEBC41-6CF2-4BE8-A4AE-4EB7346A857B}.AppStore|iPhone.ActiveCfg = Debug|Any CPU
		{88EEBC41-6CF2-4BE8-A4AE-4EB7346A857B}.AppStore|iPhone.Build.0 = Debug|Any CPU
		{88EEBC41-6CF2-4BE8-A4AE-4EB7346A857B}.AppStore|iPhoneSimulator.ActiveCfg = Release|Any CPU
		{88EEBC41-6CF2-4BE8-A4AE-4EB7346A857B}.AppStore|Mixed Platforms.ActiveCfg = Release|Any CPU
		{88EEBC41-6CF2-4BE8-A4AE-4EB7346A857B}.AppStore|Mixed Platforms.Build.0 = Release|Any CPU
		{88EEBC41-6CF2-4BE8-A4AE-4EB7346A857B}.AppStore|Mixed Platforms.Deploy.0 = Release|Any CPU
		{88EEBC41-6CF2-4BE8-A4AE-4EB7346A857B}.AppStore|x86.ActiveCfg = Release|Any CPU
		{88EEBC41-6CF2-4BE8-A4AE-4EB7346A857B}.Debug|Any CPU.ActiveCfg = Debug|Any CPU
		{88EEBC41-6CF2-4BE8-A4AE-4EB7346A857B}.Debug|Any CPU.Build.0 = Debug|Any CPU
		{88EEBC41-6CF2-4BE8-A4AE-4EB7346A857B}.Debug|iPhone.ActiveCfg = Debug|Any CPU
		{88EEBC41-6CF2-4BE8-A4AE-4EB7346A857B}.Debug|iPhone.Build.0 = Debug|Any CPU
		{88EEBC41-6CF2-4BE8-A4AE-4EB7346A857B}.Debug|iPhoneSimulator.ActiveCfg = Debug|Any CPU
		{88EEBC41-6CF2-4BE8-A4AE-4EB7346A857B}.Debug|iPhoneSimulator.Build.0 = Debug|Any CPU
		{88EEBC41-6CF2-4BE8-A4AE-4EB7346A857B}.Debug|Mixed Platforms.ActiveCfg = Debug|Any CPU
		{88EEBC41-6CF2-4BE8-A4AE-4EB7346A857B}.Debug|Mixed Platforms.Build.0 = Debug|Any CPU
		{88EEBC41-6CF2-4BE8-A4AE-4EB7346A857B}.Debug|Mixed Platforms.Deploy.0 = Debug|Any CPU
		{88EEBC41-6CF2-4BE8-A4AE-4EB7346A857B}.Debug|x86.ActiveCfg = Debug|Any CPU
		{88EEBC41-6CF2-4BE8-A4AE-4EB7346A857B}.Release|Any CPU.ActiveCfg = Release|Any CPU
		{88EEBC41-6CF2-4BE8-A4AE-4EB7346A857B}.Release|Any CPU.Build.0 = Release|Any CPU
		{88EEBC41-6CF2-4BE8-A4AE-4EB7346A857B}.Release|iPhone.ActiveCfg = Release|Any CPU
		{88EEBC41-6CF2-4BE8-A4AE-4EB7346A857B}.Release|iPhone.Build.0 = Release|Any CPU
		{88EEBC41-6CF2-4BE8-A4AE-4EB7346A857B}.Release|iPhoneSimulator.ActiveCfg = Release|Any CPU
		{88EEBC41-6CF2-4BE8-A4AE-4EB7346A857B}.Release|iPhoneSimulator.Build.0 = Release|Any CPU
		{88EEBC41-6CF2-4BE8-A4AE-4EB7346A857B}.Release|Mixed Platforms.ActiveCfg = Release|Any CPU
		{88EEBC41-6CF2-4BE8-A4AE-4EB7346A857B}.Release|Mixed Platforms.Build.0 = Release|Any CPU
		{88EEBC41-6CF2-4BE8-A4AE-4EB7346A857B}.Release|Mixed Platforms.Deploy.0 = Release|Any CPU
		{88EEBC41-6CF2-4BE8-A4AE-4EB7346A857B}.Release|x86.ActiveCfg = Release|Any CPU
		{2D54777F-A3E6-4711-8069-82FF8B71F0D9}.Ad-Hoc|Any CPU.ActiveCfg = AppStore|Any CPU
		{2D54777F-A3E6-4711-8069-82FF8B71F0D9}.Ad-Hoc|iPhone.ActiveCfg = Debug|Any CPU
		{2D54777F-A3E6-4711-8069-82FF8B71F0D9}.Ad-Hoc|iPhone.Build.0 = Debug|Any CPU
		{2D54777F-A3E6-4711-8069-82FF8B71F0D9}.Ad-Hoc|iPhoneSimulator.ActiveCfg = AppStore|Any CPU
		{2D54777F-A3E6-4711-8069-82FF8B71F0D9}.Ad-Hoc|Mixed Platforms.ActiveCfg = AppStore|Any CPU
		{2D54777F-A3E6-4711-8069-82FF8B71F0D9}.Ad-Hoc|Mixed Platforms.Build.0 = AppStore|Any CPU
		{2D54777F-A3E6-4711-8069-82FF8B71F0D9}.Ad-Hoc|x86.ActiveCfg = AppStore|Any CPU
		{2D54777F-A3E6-4711-8069-82FF8B71F0D9}.AppStore|Any CPU.ActiveCfg = AppStore|Any CPU
		{2D54777F-A3E6-4711-8069-82FF8B71F0D9}.AppStore|iPhone.ActiveCfg = AppStore|Any CPU
		{2D54777F-A3E6-4711-8069-82FF8B71F0D9}.AppStore|iPhone.Build.0 = AppStore|Any CPU
		{2D54777F-A3E6-4711-8069-82FF8B71F0D9}.AppStore|iPhoneSimulator.ActiveCfg = AppStore|Any CPU
		{2D54777F-A3E6-4711-8069-82FF8B71F0D9}.AppStore|Mixed Platforms.ActiveCfg = AppStore|Any CPU
		{2D54777F-A3E6-4711-8069-82FF8B71F0D9}.AppStore|Mixed Platforms.Build.0 = AppStore|Any CPU
		{2D54777F-A3E6-4711-8069-82FF8B71F0D9}.AppStore|x86.ActiveCfg = AppStore|Any CPU
		{2D54777F-A3E6-4711-8069-82FF8B71F0D9}.Debug|Any CPU.ActiveCfg = Debug|Any CPU
		{2D54777F-A3E6-4711-8069-82FF8B71F0D9}.Debug|Any CPU.Build.0 = Debug|Any CPU
		{2D54777F-A3E6-4711-8069-82FF8B71F0D9}.Debug|iPhone.ActiveCfg = Debug|Any CPU
		{2D54777F-A3E6-4711-8069-82FF8B71F0D9}.Debug|iPhone.Build.0 = Debug|Any CPU
		{2D54777F-A3E6-4711-8069-82FF8B71F0D9}.Debug|iPhoneSimulator.ActiveCfg = Debug|Any CPU
		{2D54777F-A3E6-4711-8069-82FF8B71F0D9}.Debug|iPhoneSimulator.Build.0 = Debug|Any CPU
		{2D54777F-A3E6-4711-8069-82FF8B71F0D9}.Debug|Mixed Platforms.ActiveCfg = Debug|Any CPU
		{2D54777F-A3E6-4711-8069-82FF8B71F0D9}.Debug|Mixed Platforms.Build.0 = Debug|Any CPU
		{2D54777F-A3E6-4711-8069-82FF8B71F0D9}.Debug|x86.ActiveCfg = Debug|Any CPU
		{2D54777F-A3E6-4711-8069-82FF8B71F0D9}.Release|Any CPU.ActiveCfg = Release|Any CPU
		{2D54777F-A3E6-4711-8069-82FF8B71F0D9}.Release|Any CPU.Build.0 = Release|Any CPU
		{2D54777F-A3E6-4711-8069-82FF8B71F0D9}.Release|iPhone.ActiveCfg = Release|Any CPU
		{2D54777F-A3E6-4711-8069-82FF8B71F0D9}.Release|iPhone.Build.0 = Release|Any CPU
		{2D54777F-A3E6-4711-8069-82FF8B71F0D9}.Release|iPhoneSimulator.ActiveCfg = Release|Any CPU
		{2D54777F-A3E6-4711-8069-82FF8B71F0D9}.Release|iPhoneSimulator.Build.0 = Release|Any CPU
		{2D54777F-A3E6-4711-8069-82FF8B71F0D9}.Release|Mixed Platforms.ActiveCfg = Release|Any CPU
		{2D54777F-A3E6-4711-8069-82FF8B71F0D9}.Release|Mixed Platforms.Build.0 = Release|Any CPU
		{2D54777F-A3E6-4711-8069-82FF8B71F0D9}.Release|x86.ActiveCfg = Release|Any CPU
		{D3A9D569-3BD9-44C2-9C23-88C3FD4D2793}.Ad-Hoc|Any CPU.ActiveCfg = Release|Any CPU
		{D3A9D569-3BD9-44C2-9C23-88C3FD4D2793}.Ad-Hoc|Any CPU.Build.0 = Release|Any CPU
		{D3A9D569-3BD9-44C2-9C23-88C3FD4D2793}.Ad-Hoc|iPhone.ActiveCfg = Release|Any CPU
		{D3A9D569-3BD9-44C2-9C23-88C3FD4D2793}.Ad-Hoc|iPhoneSimulator.ActiveCfg = Release|Any CPU
		{D3A9D569-3BD9-44C2-9C23-88C3FD4D2793}.Ad-Hoc|Mixed Platforms.ActiveCfg = Release|Any CPU
		{D3A9D569-3BD9-44C2-9C23-88C3FD4D2793}.Ad-Hoc|Mixed Platforms.Build.0 = Release|Any CPU
		{D3A9D569-3BD9-44C2-9C23-88C3FD4D2793}.Ad-Hoc|x86.ActiveCfg = Release|Any CPU
		{D3A9D569-3BD9-44C2-9C23-88C3FD4D2793}.AppStore|Any CPU.ActiveCfg = Release|Any CPU
		{D3A9D569-3BD9-44C2-9C23-88C3FD4D2793}.AppStore|Any CPU.Build.0 = Release|Any CPU
		{D3A9D569-3BD9-44C2-9C23-88C3FD4D2793}.AppStore|iPhone.ActiveCfg = Release|Any CPU
		{D3A9D569-3BD9-44C2-9C23-88C3FD4D2793}.AppStore|iPhoneSimulator.ActiveCfg = Release|Any CPU
		{D3A9D569-3BD9-44C2-9C23-88C3FD4D2793}.AppStore|Mixed Platforms.ActiveCfg = Release|Any CPU
		{D3A9D569-3BD9-44C2-9C23-88C3FD4D2793}.AppStore|Mixed Platforms.Build.0 = Release|Any CPU
		{D3A9D569-3BD9-44C2-9C23-88C3FD4D2793}.AppStore|x86.ActiveCfg = Release|Any CPU
		{D3A9D569-3BD9-44C2-9C23-88C3FD4D2793}.Debug|Any CPU.ActiveCfg = Debug|Any CPU
		{D3A9D569-3BD9-44C2-9C23-88C3FD4D2793}.Debug|Any CPU.Build.0 = Debug|Any CPU
		{D3A9D569-3BD9-44C2-9C23-88C3FD4D2793}.Debug|iPhone.ActiveCfg = Debug|Any CPU
		{D3A9D569-3BD9-44C2-9C23-88C3FD4D2793}.Debug|iPhoneSimulator.ActiveCfg = Debug|Any CPU
		{D3A9D569-3BD9-44C2-9C23-88C3FD4D2793}.Debug|Mixed Platforms.ActiveCfg = Debug|Any CPU
		{D3A9D569-3BD9-44C2-9C23-88C3FD4D2793}.Debug|Mixed Platforms.Build.0 = Debug|Any CPU
		{D3A9D569-3BD9-44C2-9C23-88C3FD4D2793}.Debug|x86.ActiveCfg = Debug|Any CPU
		{D3A9D569-3BD9-44C2-9C23-88C3FD4D2793}.Release|Any CPU.ActiveCfg = Release|Any CPU
		{D3A9D569-3BD9-44C2-9C23-88C3FD4D2793}.Release|Any CPU.Build.0 = Release|Any CPU
		{D3A9D569-3BD9-44C2-9C23-88C3FD4D2793}.Release|iPhone.ActiveCfg = Release|Any CPU
		{D3A9D569-3BD9-44C2-9C23-88C3FD4D2793}.Release|iPhoneSimulator.ActiveCfg = Release|Any CPU
		{D3A9D569-3BD9-44C2-9C23-88C3FD4D2793}.Release|Mixed Platforms.ActiveCfg = Release|Any CPU
		{D3A9D569-3BD9-44C2-9C23-88C3FD4D2793}.Release|Mixed Platforms.Build.0 = Release|Any CPU
		{D3A9D569-3BD9-44C2-9C23-88C3FD4D2793}.Release|x86.ActiveCfg = Release|Any CPU
		{AF6251A7-27BA-4217-B15F-D6BD9C96013E}.Ad-Hoc|Any CPU.ActiveCfg = Release|Any CPU
		{AF6251A7-27BA-4217-B15F-D6BD9C96013E}.Ad-Hoc|Any CPU.Build.0 = Release|Any CPU
		{AF6251A7-27BA-4217-B15F-D6BD9C96013E}.Ad-Hoc|iPhone.ActiveCfg = Release|Any CPU
		{AF6251A7-27BA-4217-B15F-D6BD9C96013E}.Ad-Hoc|iPhoneSimulator.ActiveCfg = Release|Any CPU
		{AF6251A7-27BA-4217-B15F-D6BD9C96013E}.Ad-Hoc|Mixed Platforms.ActiveCfg = Release|Any CPU
		{AF6251A7-27BA-4217-B15F-D6BD9C96013E}.Ad-Hoc|Mixed Platforms.Build.0 = Release|Any CPU
		{AF6251A7-27BA-4217-B15F-D6BD9C96013E}.Ad-Hoc|x86.ActiveCfg = Release|Any CPU
		{AF6251A7-27BA-4217-B15F-D6BD9C96013E}.AppStore|Any CPU.ActiveCfg = Release|Any CPU
		{AF6251A7-27BA-4217-B15F-D6BD9C96013E}.AppStore|Any CPU.Build.0 = Release|Any CPU
		{AF6251A7-27BA-4217-B15F-D6BD9C96013E}.AppStore|iPhone.ActiveCfg = Release|Any CPU
		{AF6251A7-27BA-4217-B15F-D6BD9C96013E}.AppStore|iPhoneSimulator.ActiveCfg = Release|Any CPU
		{AF6251A7-27BA-4217-B15F-D6BD9C96013E}.AppStore|Mixed Platforms.ActiveCfg = Release|Any CPU
		{AF6251A7-27BA-4217-B15F-D6BD9C96013E}.AppStore|Mixed Platforms.Build.0 = Release|Any CPU
		{AF6251A7-27BA-4217-B15F-D6BD9C96013E}.AppStore|x86.ActiveCfg = Release|Any CPU
		{AF6251A7-27BA-4217-B15F-D6BD9C96013E}.Debug|Any CPU.ActiveCfg = Debug|Any CPU
		{AF6251A7-27BA-4217-B15F-D6BD9C96013E}.Debug|Any CPU.Build.0 = Debug|Any CPU
		{AF6251A7-27BA-4217-B15F-D6BD9C96013E}.Debug|iPhone.ActiveCfg = Debug|Any CPU
		{AF6251A7-27BA-4217-B15F-D6BD9C96013E}.Debug|iPhoneSimulator.ActiveCfg = Debug|Any CPU
		{AF6251A7-27BA-4217-B15F-D6BD9C96013E}.Debug|Mixed Platforms.ActiveCfg = Debug|Any CPU
		{AF6251A7-27BA-4217-B15F-D6BD9C96013E}.Debug|Mixed Platforms.Build.0 = Debug|Any CPU
		{AF6251A7-27BA-4217-B15F-D6BD9C96013E}.Debug|x86.ActiveCfg = Debug|Any CPU
		{AF6251A7-27BA-4217-B15F-D6BD9C96013E}.Release|Any CPU.ActiveCfg = Release|Any CPU
		{AF6251A7-27BA-4217-B15F-D6BD9C96013E}.Release|Any CPU.Build.0 = Release|Any CPU
		{AF6251A7-27BA-4217-B15F-D6BD9C96013E}.Release|iPhone.ActiveCfg = Release|Any CPU
		{AF6251A7-27BA-4217-B15F-D6BD9C96013E}.Release|iPhoneSimulator.ActiveCfg = Release|Any CPU
		{AF6251A7-27BA-4217-B15F-D6BD9C96013E}.Release|Mixed Platforms.ActiveCfg = Release|Any CPU
		{AF6251A7-27BA-4217-B15F-D6BD9C96013E}.Release|Mixed Platforms.Build.0 = Release|Any CPU
		{AF6251A7-27BA-4217-B15F-D6BD9C96013E}.Release|x86.ActiveCfg = Release|Any CPU
		{E598EA3C-1C0A-42DD-993A-D151535DAC38}.Ad-Hoc|Any CPU.ActiveCfg = Release|x86
		{E598EA3C-1C0A-42DD-993A-D151535DAC38}.Ad-Hoc|iPhone.ActiveCfg = Release|x86
		{E598EA3C-1C0A-42DD-993A-D151535DAC38}.Ad-Hoc|iPhoneSimulator.ActiveCfg = Release|x86
		{E598EA3C-1C0A-42DD-993A-D151535DAC38}.Ad-Hoc|Mixed Platforms.ActiveCfg = Release|x86
		{E598EA3C-1C0A-42DD-993A-D151535DAC38}.Ad-Hoc|Mixed Platforms.Build.0 = Release|x86
		{E598EA3C-1C0A-42DD-993A-D151535DAC38}.Ad-Hoc|x86.ActiveCfg = Release|x86
		{E598EA3C-1C0A-42DD-993A-D151535DAC38}.Ad-Hoc|x86.Build.0 = Release|x86
		{E598EA3C-1C0A-42DD-993A-D151535DAC38}.AppStore|Any CPU.ActiveCfg = Release|x86
		{E598EA3C-1C0A-42DD-993A-D151535DAC38}.AppStore|iPhone.ActiveCfg = Release|x86
		{E598EA3C-1C0A-42DD-993A-D151535DAC38}.AppStore|iPhoneSimulator.ActiveCfg = Release|x86
		{E598EA3C-1C0A-42DD-993A-D151535DAC38}.AppStore|Mixed Platforms.ActiveCfg = Release|x86
		{E598EA3C-1C0A-42DD-993A-D151535DAC38}.AppStore|Mixed Platforms.Build.0 = Release|x86
		{E598EA3C-1C0A-42DD-993A-D151535DAC38}.AppStore|x86.ActiveCfg = Release|x86
		{E598EA3C-1C0A-42DD-993A-D151535DAC38}.AppStore|x86.Build.0 = Release|x86
		{E598EA3C-1C0A-42DD-993A-D151535DAC38}.Debug|Any CPU.ActiveCfg = Debug|x86
		{E598EA3C-1C0A-42DD-993A-D151535DAC38}.Debug|iPhone.ActiveCfg = Debug|x86
		{E598EA3C-1C0A-42DD-993A-D151535DAC38}.Debug|iPhoneSimulator.ActiveCfg = Debug|x86
		{E598EA3C-1C0A-42DD-993A-D151535DAC38}.Debug|Mixed Platforms.ActiveCfg = Debug|x86
		{E598EA3C-1C0A-42DD-993A-D151535DAC38}.Debug|Mixed Platforms.Build.0 = Debug|x86
		{E598EA3C-1C0A-42DD-993A-D151535DAC38}.Debug|x86.ActiveCfg = Debug|x86
		{E598EA3C-1C0A-42DD-993A-D151535DAC38}.Debug|x86.Build.0 = Debug|x86
		{E598EA3C-1C0A-42DD-993A-D151535DAC38}.Release|Any CPU.ActiveCfg = Release|x86
		{E598EA3C-1C0A-42DD-993A-D151535DAC38}.Release|iPhone.ActiveCfg = Release|x86
		{E598EA3C-1C0A-42DD-993A-D151535DAC38}.Release|iPhoneSimulator.ActiveCfg = Release|x86
		{E598EA3C-1C0A-42DD-993A-D151535DAC38}.Release|Mixed Platforms.ActiveCfg = Release|x86
		{E598EA3C-1C0A-42DD-993A-D151535DAC38}.Release|Mixed Platforms.Build.0 = Release|x86
		{E598EA3C-1C0A-42DD-993A-D151535DAC38}.Release|x86.ActiveCfg = Release|x86
		{E598EA3C-1C0A-42DD-993A-D151535DAC38}.Release|x86.Build.0 = Release|x86
		{9209AF87-AF80-4F10-BF4C-1D6D3AE30F34}.Ad-Hoc|Any CPU.ActiveCfg = Release|Any CPU
		{9209AF87-AF80-4F10-BF4C-1D6D3AE30F34}.Ad-Hoc|Any CPU.Build.0 = Release|Any CPU
		{9209AF87-AF80-4F10-BF4C-1D6D3AE30F34}.Ad-Hoc|iPhone.ActiveCfg = Release|Any CPU
		{9209AF87-AF80-4F10-BF4C-1D6D3AE30F34}.Ad-Hoc|iPhoneSimulator.ActiveCfg = Release|Any CPU
		{9209AF87-AF80-4F10-BF4C-1D6D3AE30F34}.Ad-Hoc|Mixed Platforms.ActiveCfg = Release|Any CPU
		{9209AF87-AF80-4F10-BF4C-1D6D3AE30F34}.Ad-Hoc|Mixed Platforms.Build.0 = Release|Any CPU
		{9209AF87-AF80-4F10-BF4C-1D6D3AE30F34}.Ad-Hoc|x86.ActiveCfg = Release|Any CPU
		{9209AF87-AF80-4F10-BF4C-1D6D3AE30F34}.AppStore|Any CPU.ActiveCfg = Release|Any CPU
		{9209AF87-AF80-4F10-BF4C-1D6D3AE30F34}.AppStore|Any CPU.Build.0 = Release|Any CPU
		{9209AF87-AF80-4F10-BF4C-1D6D3AE30F34}.AppStore|iPhone.ActiveCfg = Release|Any CPU
		{9209AF87-AF80-4F10-BF4C-1D6D3AE30F34}.AppStore|iPhoneSimulator.ActiveCfg = Release|Any CPU
		{9209AF87-AF80-4F10-BF4C-1D6D3AE30F34}.AppStore|Mixed Platforms.ActiveCfg = Release|Any CPU
		{9209AF87-AF80-4F10-BF4C-1D6D3AE30F34}.AppStore|Mixed Platforms.Build.0 = Release|Any CPU
		{9209AF87-AF80-4F10-BF4C-1D6D3AE30F34}.AppStore|x86.ActiveCfg = Release|Any CPU
		{9209AF87-AF80-4F10-BF4C-1D6D3AE30F34}.Debug|Any CPU.ActiveCfg = Debug|Any CPU
		{9209AF87-AF80-4F10-BF4C-1D6D3AE30F34}.Debug|Any CPU.Build.0 = Debug|Any CPU
		{9209AF87-AF80-4F10-BF4C-1D6D3AE30F34}.Debug|iPhone.ActiveCfg = Debug|Any CPU
		{9209AF87-AF80-4F10-BF4C-1D6D3AE30F34}.Debug|iPhoneSimulator.ActiveCfg = Debug|Any CPU
		{9209AF87-AF80-4F10-BF4C-1D6D3AE30F34}.Debug|Mixed Platforms.ActiveCfg = Debug|Any CPU
		{9209AF87-AF80-4F10-BF4C-1D6D3AE30F34}.Debug|Mixed Platforms.Build.0 = Debug|Any CPU
		{9209AF87-AF80-4F10-BF4C-1D6D3AE30F34}.Debug|x86.ActiveCfg = Debug|Any CPU
		{9209AF87-AF80-4F10-BF4C-1D6D3AE30F34}.Release|Any CPU.ActiveCfg = Release|Any CPU
		{9209AF87-AF80-4F10-BF4C-1D6D3AE30F34}.Release|Any CPU.Build.0 = Release|Any CPU
		{9209AF87-AF80-4F10-BF4C-1D6D3AE30F34}.Release|iPhone.ActiveCfg = Release|Any CPU
		{9209AF87-AF80-4F10-BF4C-1D6D3AE30F34}.Release|iPhoneSimulator.ActiveCfg = Release|Any CPU
		{9209AF87-AF80-4F10-BF4C-1D6D3AE30F34}.Release|Mixed Platforms.ActiveCfg = Release|Any CPU
		{9209AF87-AF80-4F10-BF4C-1D6D3AE30F34}.Release|Mixed Platforms.Build.0 = Release|Any CPU
		{9209AF87-AF80-4F10-BF4C-1D6D3AE30F34}.Release|x86.ActiveCfg = Release|Any CPU
		{0E7E3E7D-A62B-405F-827A-9351DF5873F0}.Ad-Hoc|Any CPU.ActiveCfg = Release|Any CPU
		{0E7E3E7D-A62B-405F-827A-9351DF5873F0}.Ad-Hoc|Any CPU.Build.0 = Release|Any CPU
		{0E7E3E7D-A62B-405F-827A-9351DF5873F0}.Ad-Hoc|iPhone.ActiveCfg = Release|Any CPU
		{0E7E3E7D-A62B-405F-827A-9351DF5873F0}.Ad-Hoc|iPhoneSimulator.ActiveCfg = Release|Any CPU
		{0E7E3E7D-A62B-405F-827A-9351DF5873F0}.Ad-Hoc|Mixed Platforms.ActiveCfg = Release|Any CPU
		{0E7E3E7D-A62B-405F-827A-9351DF5873F0}.Ad-Hoc|Mixed Platforms.Build.0 = Release|Any CPU
		{0E7E3E7D-A62B-405F-827A-9351DF5873F0}.Ad-Hoc|x86.ActiveCfg = Release|Any CPU
		{0E7E3E7D-A62B-405F-827A-9351DF5873F0}.AppStore|Any CPU.ActiveCfg = Release|Any CPU
		{0E7E3E7D-A62B-405F-827A-9351DF5873F0}.AppStore|Any CPU.Build.0 = Release|Any CPU
		{0E7E3E7D-A62B-405F-827A-9351DF5873F0}.AppStore|iPhone.ActiveCfg = Release|Any CPU
		{0E7E3E7D-A62B-405F-827A-9351DF5873F0}.AppStore|iPhoneSimulator.ActiveCfg = Release|Any CPU
		{0E7E3E7D-A62B-405F-827A-9351DF5873F0}.AppStore|Mixed Platforms.ActiveCfg = Release|Any CPU
		{0E7E3E7D-A62B-405F-827A-9351DF5873F0}.AppStore|Mixed Platforms.Build.0 = Release|Any CPU
		{0E7E3E7D-A62B-405F-827A-9351DF5873F0}.AppStore|x86.ActiveCfg = Release|Any CPU
		{0E7E3E7D-A62B-405F-827A-9351DF5873F0}.Debug|Any CPU.ActiveCfg = Debug|Any CPU
		{0E7E3E7D-A62B-405F-827A-9351DF5873F0}.Debug|Any CPU.Build.0 = Debug|Any CPU
		{0E7E3E7D-A62B-405F-827A-9351DF5873F0}.Debug|iPhone.ActiveCfg = Debug|Any CPU
		{0E7E3E7D-A62B-405F-827A-9351DF5873F0}.Debug|iPhoneSimulator.ActiveCfg = Debug|Any CPU
		{0E7E3E7D-A62B-405F-827A-9351DF5873F0}.Debug|Mixed Platforms.ActiveCfg = Debug|Any CPU
		{0E7E3E7D-A62B-405F-827A-9351DF5873F0}.Debug|Mixed Platforms.Build.0 = Debug|Any CPU
		{0E7E3E7D-A62B-405F-827A-9351DF5873F0}.Debug|x86.ActiveCfg = Debug|Any CPU
		{0E7E3E7D-A62B-405F-827A-9351DF5873F0}.Release|Any CPU.ActiveCfg = Release|Any CPU
		{0E7E3E7D-A62B-405F-827A-9351DF5873F0}.Release|Any CPU.Build.0 = Release|Any CPU
		{0E7E3E7D-A62B-405F-827A-9351DF5873F0}.Release|iPhone.ActiveCfg = Release|Any CPU
		{0E7E3E7D-A62B-405F-827A-9351DF5873F0}.Release|iPhoneSimulator.ActiveCfg = Release|Any CPU
		{0E7E3E7D-A62B-405F-827A-9351DF5873F0}.Release|Mixed Platforms.ActiveCfg = Release|Any CPU
		{0E7E3E7D-A62B-405F-827A-9351DF5873F0}.Release|Mixed Platforms.Build.0 = Release|Any CPU
		{0E7E3E7D-A62B-405F-827A-9351DF5873F0}.Release|x86.ActiveCfg = Release|Any CPU
		{2230D3A3-7606-49F9-ACC6-FDE9AFB17970}.Ad-Hoc|Any CPU.ActiveCfg = Release|Any CPU
		{2230D3A3-7606-49F9-ACC6-FDE9AFB17970}.Ad-Hoc|Any CPU.Build.0 = Release|Any CPU
		{2230D3A3-7606-49F9-ACC6-FDE9AFB17970}.Ad-Hoc|iPhone.ActiveCfg = Release|Any CPU
		{2230D3A3-7606-49F9-ACC6-FDE9AFB17970}.Ad-Hoc|iPhoneSimulator.ActiveCfg = Release|Any CPU
		{2230D3A3-7606-49F9-ACC6-FDE9AFB17970}.Ad-Hoc|Mixed Platforms.ActiveCfg = Release|Any CPU
		{2230D3A3-7606-49F9-ACC6-FDE9AFB17970}.Ad-Hoc|Mixed Platforms.Build.0 = Release|Any CPU
		{2230D3A3-7606-49F9-ACC6-FDE9AFB17970}.Ad-Hoc|x86.ActiveCfg = Release|Any CPU
		{2230D3A3-7606-49F9-ACC6-FDE9AFB17970}.AppStore|Any CPU.ActiveCfg = Release|Any CPU
		{2230D3A3-7606-49F9-ACC6-FDE9AFB17970}.AppStore|Any CPU.Build.0 = Release|Any CPU
		{2230D3A3-7606-49F9-ACC6-FDE9AFB17970}.AppStore|iPhone.ActiveCfg = Release|Any CPU
		{2230D3A3-7606-49F9-ACC6-FDE9AFB17970}.AppStore|iPhoneSimulator.ActiveCfg = Release|Any CPU
		{2230D3A3-7606-49F9-ACC6-FDE9AFB17970}.AppStore|Mixed Platforms.ActiveCfg = Release|Any CPU
		{2230D3A3-7606-49F9-ACC6-FDE9AFB17970}.AppStore|Mixed Platforms.Build.0 = Release|Any CPU
		{2230D3A3-7606-49F9-ACC6-FDE9AFB17970}.AppStore|x86.ActiveCfg = Release|Any CPU
		{2230D3A3-7606-49F9-ACC6-FDE9AFB17970}.Debug|Any CPU.ActiveCfg = Debug|Any CPU
		{2230D3A3-7606-49F9-ACC6-FDE9AFB17970}.Debug|Any CPU.Build.0 = Debug|Any CPU
		{2230D3A3-7606-49F9-ACC6-FDE9AFB17970}.Debug|iPhone.ActiveCfg = Debug|Any CPU
		{2230D3A3-7606-49F9-ACC6-FDE9AFB17970}.Debug|iPhoneSimulator.ActiveCfg = Debug|Any CPU
		{2230D3A3-7606-49F9-ACC6-FDE9AFB17970}.Debug|Mixed Platforms.ActiveCfg = Debug|Any CPU
		{2230D3A3-7606-49F9-ACC6-FDE9AFB17970}.Debug|Mixed Platforms.Build.0 = Debug|Any CPU
		{2230D3A3-7606-49F9-ACC6-FDE9AFB17970}.Debug|x86.ActiveCfg = Debug|Any CPU
		{2230D3A3-7606-49F9-ACC6-FDE9AFB17970}.Release|Any CPU.ActiveCfg = Release|Any CPU
		{2230D3A3-7606-49F9-ACC6-FDE9AFB17970}.Release|Any CPU.Build.0 = Release|Any CPU
		{2230D3A3-7606-49F9-ACC6-FDE9AFB17970}.Release|iPhone.ActiveCfg = Release|Any CPU
		{2230D3A3-7606-49F9-ACC6-FDE9AFB17970}.Release|iPhoneSimulator.ActiveCfg = Release|Any CPU
		{2230D3A3-7606-49F9-ACC6-FDE9AFB17970}.Release|Mixed Platforms.ActiveCfg = Release|Any CPU
		{2230D3A3-7606-49F9-ACC6-FDE9AFB17970}.Release|Mixed Platforms.Build.0 = Release|Any CPU
		{2230D3A3-7606-49F9-ACC6-FDE9AFB17970}.Release|x86.ActiveCfg = Release|Any CPU
		{002A1EF6-AC92-452C-B382-3753736E7C05}.Ad-Hoc|Any CPU.ActiveCfg = Release|Any CPU
		{002A1EF6-AC92-452C-B382-3753736E7C05}.Ad-Hoc|Any CPU.Build.0 = Release|Any CPU
		{002A1EF6-AC92-452C-B382-3753736E7C05}.Ad-Hoc|Any CPU.Deploy.0 = Release|Any CPU
		{002A1EF6-AC92-452C-B382-3753736E7C05}.Ad-Hoc|iPhone.ActiveCfg = Release|Any CPU
		{002A1EF6-AC92-452C-B382-3753736E7C05}.Ad-Hoc|iPhoneSimulator.ActiveCfg = Release|Any CPU
		{002A1EF6-AC92-452C-B382-3753736E7C05}.Ad-Hoc|Mixed Platforms.ActiveCfg = Release|Any CPU
		{002A1EF6-AC92-452C-B382-3753736E7C05}.Ad-Hoc|Mixed Platforms.Build.0 = Release|Any CPU
		{002A1EF6-AC92-452C-B382-3753736E7C05}.Ad-Hoc|Mixed Platforms.Deploy.0 = Release|Any CPU
		{002A1EF6-AC92-452C-B382-3753736E7C05}.Ad-Hoc|x86.ActiveCfg = Release|Any CPU
		{002A1EF6-AC92-452C-B382-3753736E7C05}.AppStore|Any CPU.ActiveCfg = Release|Any CPU
		{002A1EF6-AC92-452C-B382-3753736E7C05}.AppStore|Any CPU.Build.0 = Release|Any CPU
		{002A1EF6-AC92-452C-B382-3753736E7C05}.AppStore|Any CPU.Deploy.0 = Release|Any CPU
		{002A1EF6-AC92-452C-B382-3753736E7C05}.AppStore|iPhone.ActiveCfg = Release|Any CPU
		{002A1EF6-AC92-452C-B382-3753736E7C05}.AppStore|iPhoneSimulator.ActiveCfg = Release|Any CPU
		{002A1EF6-AC92-452C-B382-3753736E7C05}.AppStore|Mixed Platforms.ActiveCfg = Release|Any CPU
		{002A1EF6-AC92-452C-B382-3753736E7C05}.AppStore|Mixed Platforms.Build.0 = Release|Any CPU
		{002A1EF6-AC92-452C-B382-3753736E7C05}.AppStore|Mixed Platforms.Deploy.0 = Release|Any CPU
		{002A1EF6-AC92-452C-B382-3753736E7C05}.AppStore|x86.ActiveCfg = Release|Any CPU
		{002A1EF6-AC92-452C-B382-3753736E7C05}.Debug|Any CPU.ActiveCfg = Debug|Any CPU
		{002A1EF6-AC92-452C-B382-3753736E7C05}.Debug|Any CPU.Build.0 = Debug|Any CPU
		{002A1EF6-AC92-452C-B382-3753736E7C05}.Debug|Any CPU.Deploy.0 = Debug|Any CPU
		{002A1EF6-AC92-452C-B382-3753736E7C05}.Debug|iPhone.ActiveCfg = Debug|Any CPU
		{002A1EF6-AC92-452C-B382-3753736E7C05}.Debug|iPhoneSimulator.ActiveCfg = Debug|Any CPU
		{002A1EF6-AC92-452C-B382-3753736E7C05}.Debug|Mixed Platforms.ActiveCfg = Debug|Any CPU
		{002A1EF6-AC92-452C-B382-3753736E7C05}.Debug|Mixed Platforms.Build.0 = Debug|Any CPU
		{002A1EF6-AC92-452C-B382-3753736E7C05}.Debug|Mixed Platforms.Deploy.0 = Debug|Any CPU
		{002A1EF6-AC92-452C-B382-3753736E7C05}.Debug|x86.ActiveCfg = Debug|Any CPU
		{002A1EF6-AC92-452C-B382-3753736E7C05}.Release|Any CPU.ActiveCfg = Release|Any CPU
		{002A1EF6-AC92-452C-B382-3753736E7C05}.Release|Any CPU.Build.0 = Release|Any CPU
		{002A1EF6-AC92-452C-B382-3753736E7C05}.Release|Any CPU.Deploy.0 = Release|Any CPU
		{002A1EF6-AC92-452C-B382-3753736E7C05}.Release|iPhone.ActiveCfg = Release|Any CPU
		{002A1EF6-AC92-452C-B382-3753736E7C05}.Release|iPhoneSimulator.ActiveCfg = Release|Any CPU
		{002A1EF6-AC92-452C-B382-3753736E7C05}.Release|Mixed Platforms.ActiveCfg = Release|Any CPU
		{002A1EF6-AC92-452C-B382-3753736E7C05}.Release|Mixed Platforms.Build.0 = Release|Any CPU
		{002A1EF6-AC92-452C-B382-3753736E7C05}.Release|Mixed Platforms.Deploy.0 = Release|Any CPU
		{002A1EF6-AC92-452C-B382-3753736E7C05}.Release|x86.ActiveCfg = Release|Any CPU
		{3EAAC551-684F-4562-8D05-1AB55F48164F}.Ad-Hoc|Any CPU.ActiveCfg = Release|Any CPU
		{3EAAC551-684F-4562-8D05-1AB55F48164F}.Ad-Hoc|Any CPU.Build.0 = Release|Any CPU
		{3EAAC551-684F-4562-8D05-1AB55F48164F}.Ad-Hoc|iPhone.ActiveCfg = Release|Any CPU
		{3EAAC551-684F-4562-8D05-1AB55F48164F}.Ad-Hoc|iPhoneSimulator.ActiveCfg = Release|Any CPU
		{3EAAC551-684F-4562-8D05-1AB55F48164F}.Ad-Hoc|Mixed Platforms.ActiveCfg = Release|Any CPU
		{3EAAC551-684F-4562-8D05-1AB55F48164F}.Ad-Hoc|Mixed Platforms.Build.0 = Release|Any CPU
		{3EAAC551-684F-4562-8D05-1AB55F48164F}.Ad-Hoc|x86.ActiveCfg = Release|Any CPU
		{3EAAC551-684F-4562-8D05-1AB55F48164F}.AppStore|Any CPU.ActiveCfg = Release|Any CPU
		{3EAAC551-684F-4562-8D05-1AB55F48164F}.AppStore|Any CPU.Build.0 = Release|Any CPU
		{3EAAC551-684F-4562-8D05-1AB55F48164F}.AppStore|iPhone.ActiveCfg = Release|Any CPU
		{3EAAC551-684F-4562-8D05-1AB55F48164F}.AppStore|iPhoneSimulator.ActiveCfg = Release|Any CPU
		{3EAAC551-684F-4562-8D05-1AB55F48164F}.AppStore|Mixed Platforms.ActiveCfg = Release|Any CPU
		{3EAAC551-684F-4562-8D05-1AB55F48164F}.AppStore|Mixed Platforms.Build.0 = Release|Any CPU
		{3EAAC551-684F-4562-8D05-1AB55F48164F}.AppStore|x86.ActiveCfg = Release|Any CPU
		{3EAAC551-684F-4562-8D05-1AB55F48164F}.Debug|Any CPU.ActiveCfg = Debug|Any CPU
		{3EAAC551-684F-4562-8D05-1AB55F48164F}.Debug|Any CPU.Build.0 = Debug|Any CPU
		{3EAAC551-684F-4562-8D05-1AB55F48164F}.Debug|iPhone.ActiveCfg = Debug|Any CPU
		{3EAAC551-684F-4562-8D05-1AB55F48164F}.Debug|iPhoneSimulator.ActiveCfg = Debug|Any CPU
		{3EAAC551-684F-4562-8D05-1AB55F48164F}.Debug|Mixed Platforms.ActiveCfg = Debug|Any CPU
		{3EAAC551-684F-4562-8D05-1AB55F48164F}.Debug|Mixed Platforms.Build.0 = Debug|Any CPU
		{3EAAC551-684F-4562-8D05-1AB55F48164F}.Debug|x86.ActiveCfg = Debug|Any CPU
		{3EAAC551-684F-4562-8D05-1AB55F48164F}.Release|Any CPU.ActiveCfg = Release|Any CPU
		{3EAAC551-684F-4562-8D05-1AB55F48164F}.Release|Any CPU.Build.0 = Release|Any CPU
		{3EAAC551-684F-4562-8D05-1AB55F48164F}.Release|iPhone.ActiveCfg = Release|Any CPU
		{3EAAC551-684F-4562-8D05-1AB55F48164F}.Release|iPhoneSimulator.ActiveCfg = Release|Any CPU
		{3EAAC551-684F-4562-8D05-1AB55F48164F}.Release|Mixed Platforms.ActiveCfg = Release|Any CPU
		{3EAAC551-684F-4562-8D05-1AB55F48164F}.Release|Mixed Platforms.Build.0 = Release|Any CPU
		{3EAAC551-684F-4562-8D05-1AB55F48164F}.Release|x86.ActiveCfg = Release|Any CPU
		{A049F78F-B24A-40B8-9CEE-1AED9B9DCFAF}.Ad-Hoc|Any CPU.ActiveCfg = Release|x86
		{A049F78F-B24A-40B8-9CEE-1AED9B9DCFAF}.Ad-Hoc|iPhone.ActiveCfg = Release|x86
		{A049F78F-B24A-40B8-9CEE-1AED9B9DCFAF}.Ad-Hoc|iPhoneSimulator.ActiveCfg = Release|x86
		{A049F78F-B24A-40B8-9CEE-1AED9B9DCFAF}.Ad-Hoc|Mixed Platforms.ActiveCfg = Release|x86
		{A049F78F-B24A-40B8-9CEE-1AED9B9DCFAF}.Ad-Hoc|Mixed Platforms.Build.0 = Release|x86
		{A049F78F-B24A-40B8-9CEE-1AED9B9DCFAF}.Ad-Hoc|x86.ActiveCfg = Release|x86
		{A049F78F-B24A-40B8-9CEE-1AED9B9DCFAF}.Ad-Hoc|x86.Build.0 = Release|x86
		{A049F78F-B24A-40B8-9CEE-1AED9B9DCFAF}.AppStore|Any CPU.ActiveCfg = Release|x86
		{A049F78F-B24A-40B8-9CEE-1AED9B9DCFAF}.AppStore|iPhone.ActiveCfg = Release|x86
		{A049F78F-B24A-40B8-9CEE-1AED9B9DCFAF}.AppStore|iPhoneSimulator.ActiveCfg = Release|x86
		{A049F78F-B24A-40B8-9CEE-1AED9B9DCFAF}.AppStore|Mixed Platforms.ActiveCfg = Release|x86
		{A049F78F-B24A-40B8-9CEE-1AED9B9DCFAF}.AppStore|Mixed Platforms.Build.0 = Release|x86
		{A049F78F-B24A-40B8-9CEE-1AED9B9DCFAF}.AppStore|x86.ActiveCfg = Release|x86
		{A049F78F-B24A-40B8-9CEE-1AED9B9DCFAF}.AppStore|x86.Build.0 = Release|x86
		{A049F78F-B24A-40B8-9CEE-1AED9B9DCFAF}.Debug|Any CPU.ActiveCfg = Debug|x86
		{A049F78F-B24A-40B8-9CEE-1AED9B9DCFAF}.Debug|iPhone.ActiveCfg = Debug|x86
		{A049F78F-B24A-40B8-9CEE-1AED9B9DCFAF}.Debug|iPhoneSimulator.ActiveCfg = Debug|x86
		{A049F78F-B24A-40B8-9CEE-1AED9B9DCFAF}.Debug|Mixed Platforms.ActiveCfg = Debug|x86
		{A049F78F-B24A-40B8-9CEE-1AED9B9DCFAF}.Debug|Mixed Platforms.Build.0 = Debug|x86
		{A049F78F-B24A-40B8-9CEE-1AED9B9DCFAF}.Debug|x86.ActiveCfg = Debug|x86
		{A049F78F-B24A-40B8-9CEE-1AED9B9DCFAF}.Debug|x86.Build.0 = Debug|x86
		{A049F78F-B24A-40B8-9CEE-1AED9B9DCFAF}.Release|Any CPU.ActiveCfg = Release|x86
		{A049F78F-B24A-40B8-9CEE-1AED9B9DCFAF}.Release|iPhone.ActiveCfg = Release|x86
		{A049F78F-B24A-40B8-9CEE-1AED9B9DCFAF}.Release|iPhoneSimulator.ActiveCfg = Release|x86
		{A049F78F-B24A-40B8-9CEE-1AED9B9DCFAF}.Release|Mixed Platforms.ActiveCfg = Release|x86
		{A049F78F-B24A-40B8-9CEE-1AED9B9DCFAF}.Release|Mixed Platforms.Build.0 = Release|x86
		{A049F78F-B24A-40B8-9CEE-1AED9B9DCFAF}.Release|x86.ActiveCfg = Release|x86
		{A049F78F-B24A-40B8-9CEE-1AED9B9DCFAF}.Release|x86.Build.0 = Release|x86
		{66EAAD99-A5BE-491F-A9F1-47AC10B68058}.Ad-Hoc|Any CPU.ActiveCfg = Release|x86
		{66EAAD99-A5BE-491F-A9F1-47AC10B68058}.Ad-Hoc|iPhone.ActiveCfg = Release|x86
		{66EAAD99-A5BE-491F-A9F1-47AC10B68058}.Ad-Hoc|iPhoneSimulator.ActiveCfg = Release|x86
		{66EAAD99-A5BE-491F-A9F1-47AC10B68058}.Ad-Hoc|Mixed Platforms.ActiveCfg = Release|x86
		{66EAAD99-A5BE-491F-A9F1-47AC10B68058}.Ad-Hoc|Mixed Platforms.Build.0 = Release|x86
		{66EAAD99-A5BE-491F-A9F1-47AC10B68058}.Ad-Hoc|x86.ActiveCfg = Release|x86
		{66EAAD99-A5BE-491F-A9F1-47AC10B68058}.Ad-Hoc|x86.Build.0 = Release|x86
		{66EAAD99-A5BE-491F-A9F1-47AC10B68058}.AppStore|Any CPU.ActiveCfg = Release|x86
		{66EAAD99-A5BE-491F-A9F1-47AC10B68058}.AppStore|iPhone.ActiveCfg = Release|x86
		{66EAAD99-A5BE-491F-A9F1-47AC10B68058}.AppStore|iPhoneSimulator.ActiveCfg = Release|x86
		{66EAAD99-A5BE-491F-A9F1-47AC10B68058}.AppStore|Mixed Platforms.ActiveCfg = Release|x86
		{66EAAD99-A5BE-491F-A9F1-47AC10B68058}.AppStore|Mixed Platforms.Build.0 = Release|x86
		{66EAAD99-A5BE-491F-A9F1-47AC10B68058}.AppStore|x86.ActiveCfg = Release|x86
		{66EAAD99-A5BE-491F-A9F1-47AC10B68058}.AppStore|x86.Build.0 = Release|x86
		{66EAAD99-A5BE-491F-A9F1-47AC10B68058}.Debug|Any CPU.ActiveCfg = Debug|x86
		{66EAAD99-A5BE-491F-A9F1-47AC10B68058}.Debug|iPhone.ActiveCfg = Debug|x86
		{66EAAD99-A5BE-491F-A9F1-47AC10B68058}.Debug|iPhoneSimulator.ActiveCfg = Debug|x86
		{66EAAD99-A5BE-491F-A9F1-47AC10B68058}.Debug|Mixed Platforms.ActiveCfg = Debug|x86
		{66EAAD99-A5BE-491F-A9F1-47AC10B68058}.Debug|Mixed Platforms.Build.0 = Debug|x86
		{66EAAD99-A5BE-491F-A9F1-47AC10B68058}.Debug|x86.ActiveCfg = Debug|x86
		{66EAAD99-A5BE-491F-A9F1-47AC10B68058}.Debug|x86.Build.0 = Debug|x86
		{66EAAD99-A5BE-491F-A9F1-47AC10B68058}.Release|Any CPU.ActiveCfg = Release|x86
		{66EAAD99-A5BE-491F-A9F1-47AC10B68058}.Release|iPhone.ActiveCfg = Release|x86
		{66EAAD99-A5BE-491F-A9F1-47AC10B68058}.Release|iPhoneSimulator.ActiveCfg = Release|x86
		{66EAAD99-A5BE-491F-A9F1-47AC10B68058}.Release|Mixed Platforms.ActiveCfg = Release|x86
		{66EAAD99-A5BE-491F-A9F1-47AC10B68058}.Release|Mixed Platforms.Build.0 = Release|x86
		{66EAAD99-A5BE-491F-A9F1-47AC10B68058}.Release|x86.ActiveCfg = Release|x86
		{66EAAD99-A5BE-491F-A9F1-47AC10B68058}.Release|x86.Build.0 = Release|x86
	EndGlobalSection
	GlobalSection(SolutionProperties) = preSolution
		HideSolutionNode = FALSE
	EndGlobalSection
	GlobalSection(NestedProjects) = preSolution
		{E598EA3C-1C0A-42DD-993A-D151535DAC38} = {17966CF6-03AC-4A62-9B75-8614D137F5C2}
		{AF6251A7-27BA-4217-B15F-D6BD9C96013E} = {AFBCD715-8DCC-434B-8255-DE427CB8C81B}
	EndGlobalSection
	GlobalSection(MonoDevelopProperties) = preSolution
		StartupItem = HolisticWare.SlideShow.EXE_MM\HolisticWare.SlideShow.EXE_MM.csproj
	EndGlobalSection
EndGlobal
