
Microsoft Visual Studio Solution File, Format Version 11.00
# Visual Studio 2010
Project("{FAE04EC0-301F-11D3-BF4B-00C04F79EFBC}") = "HolisticWare.SlideShow.DLL_BL_WF", "HolisticWare.SlideShow.DLL_BL_WF\HolisticWare.SlideShow.DLL_BL_WF.csproj", "{9E9BC9C6-106D-4FD2-B35E-B1E32E405391}"
EndProject
Project("{FAE04EC0-301F-11D3-BF4B-00C04F79EFBC}") = "HolisticWare.SlideShow.EXE_WF", "HolisticWare.SlideShow.EXE_WF\HolisticWare.SlideShow.EXE_WF.csproj", "{54EF6AF7-AFE3-4E9C-9D3E-4198D6A8E796}"
EndProject
Project("{FAE04EC0-301F-11D3-BF4B-00C04F79EFBC}") = "HolisticWare.SlideShow.EXE_ASPnet", "HolisticWare.SlideShow.EXE_ASPnet\HolisticWare.SlideShow.EXE_ASPnet.csproj", "{929557BF-5C2C-4AD5-AF0A-D72ACAC03ED9}"
EndProject
Project("{FAE04EC0-301F-11D3-BF4B-00C04F79EFBC}") = "HolisticWare.SlideShow.EXE_SL", "HolisticWare.SlideShow.EXE_SL\HolisticWare.SlideShow.EXE_SL.csproj", "{1D83697E-C056-4FA5-A957-BA998171E2FA}"
EndProject
Project("{FAE04EC0-301F-11D3-BF4B-00C04F79EFBC}") = "HolisticWare.SlideShow.EXE_WPF", "HolisticWare.SlideShow.EXE_WPF\HolisticWare.SlideShow.EXE_WPF.csproj", "{E50452BD-70A1-429A-AB8A-3CB6915DF16A}"
EndProject
Project("{FAE04EC0-301F-11D3-BF4B-00C04F79EFBC}") = "HolisticWare.SlideShow.EXE_MM", "HolisticWare.SlideShow.EXE_MM\HolisticWare.SlideShow.EXE_MM.csproj", "{F4E935B7-8151-4DEB-866D-EA75C70053C0}"
EndProject
Project("{2150E333-8FDC-42A3-9474-1A3956D46DE8}") = "Core_2013", "Core_2013", "{8A3D095E-5ECB-46FB-99F9-0EE3C306DAFF}"
EndProject
Project("{FAE04EC0-301F-11D3-BF4B-00C04F79EFBC}") = "Core.MA", "..\..\..\..\Core_2013\Core.MA\Core.MA.csproj", "{FB059FF2-62EA-4F1E-88EC-09B497628D96}"
EndProject
Project("{FAE04EC0-301F-11D3-BF4B-00C04F79EFBC}") = "Core.WP", "..\..\..\..\Core_2013\Core.WP\Core.WP.csproj", "{711D49E9-112E-4AA4-A245-155C23D4D3FA}"
EndProject
Project("{FAE04EC0-301F-11D3-BF4B-00C04F79EFBC}") = "Core.MT", "..\..\..\..\Core_2013\Core.MT\Core.MT.csproj", "{BE00CB24-3B85-467A-BA5E-9D5D1DD65CA0}"
EndProject
Project("{FAE04EC0-301F-11D3-BF4B-00C04F79EFBC}") = "Core.WF.fx_client4", "..\..\..\..\Core_2013\Core.WF.fx_client4\Core.WF.fx_client4.csproj", "{B4C90FBB-84EC-4CAE-9C9B-AB44E063AC4F}"
EndProject
Project("{FAE04EC0-301F-11D3-BF4B-00C04F79EFBC}") = "Core.WF.fx_client35", "..\..\..\..\Core_2013\Core.WF.fx_client35\Core.WF.fx_client35.csproj", "{4C30447B-8AB9-410C-845D-01D87BC63677}"
EndProject
Project("{FAE04EC0-301F-11D3-BF4B-00C04F79EFBC}") = "CoreUI.DLL_PL_WF", "..\..\..\..\Core_2013\CoreUI.DLL_PL_WF\CoreUI.DLL_PL_WF.csproj", "{2BF2239F-0B0D-43A7-80E1-8EF3AE92D276}"
EndProject
Project("{FAE04EC0-301F-11D3-BF4B-00C04F79EFBC}") = "CoreUI.DLL_PL_WPF", "..\..\..\..\Core_2013\CoreUI.DLL_PL_WPF\CoreUI.DLL_PL_WPF.csproj", "{DA8ACB60-5533-416C-8B11-71AB3AA9C8A0}"
EndProject
Project("{FAE04EC0-301F-11D3-BF4B-00C04F79EFBC}") = "CoreUI.DLL_PL_ASPnet", "..\..\..\..\Core_2013\CoreUI.DLL_PL_ASPnet\CoreUI.DLL_PL_ASPnet.csproj", "{362C14A9-E604-46DE-8A84-F83F0A463605}"
EndProject
Project("{FAE04EC0-301F-11D3-BF4B-00C04F79EFBC}") = "CoreUI.DLL_PL_MT", "..\..\..\..\Core_2013\CoreUI.DLL_PL_MT\CoreUI.DLL_PL_MT.csproj", "{9B4C0421-22CB-4902-A398-0FB741459051}"
EndProject
Project("{FAE04EC0-301F-11D3-BF4B-00C04F79EFBC}") = "CoreUI.DLL_PL_MA", "..\..\..\..\Core_2013\CoreUI.DLL_PL_MA\CoreUI.DLL_PL_MA.csproj", "{8AD5D97C-1ADA-4EF1-94FD-A5238B725697}"
EndProject
Project("{FAE04EC0-301F-11D3-BF4B-00C04F79EFBC}") = "CoreUI.DLL_PL_WP", "..\..\..\..\Core_2013\CoreUI.DLL_PL_WP\CoreUI.DLL_PL_WP.csproj", "{A0B47FF8-6006-4681-9C4E-B5E69670B139}"
EndProject
Project("{FAE04EC0-301F-11D3-BF4B-00C04F79EFBC}") = "CoreUI.DLL_PL_SL", "..\..\..\..\Core_2013\CoreUI.DLL_PL_SL\CoreUI.DLL_PL_SL.csproj", "{457B40A0-5FF1-4E97-AB2A-D8BA4AEA644D}"
EndProject
Project("{2150E333-8FDC-42A3-9474-1A3956D46DE8}") = "XSamples", "XSamples", "{1411EF29-2EBC-4F43-811F-9498170CF22E}"
EndProject
Project("{FAE04EC0-301F-11D3-BF4B-00C04F79EFBC}") = "XConsoleRedirection.mClnt.MA", "..\..\..\..\Core_2013\XSamples\XConsoleRedirection.mClnt.MA\XConsoleRedirection.mClnt.MA.csproj", "{14B44E89-60BD-4BEC-B618-9A012C301728}"
EndProject
Project("{FAE04EC0-301F-11D3-BF4B-00C04F79EFBC}") = "XConsoleRedirection.dClnt.WP", "..\..\..\..\Core_2013\XSamples\XConsoleRedirection.dClnt.WP\XConsoleRedirection.dClnt.WP.csproj", "{77908D16-308D-46D3-A832-D5E4E60AA490}"
EndProject
Project("{FAE04EC0-301F-11D3-BF4B-00C04F79EFBC}") = "XConsoleRedirection.dClnt.WF", "..\..\..\..\Core_2013\XSamples\XConsoleRedirection.dClnt.WF\XConsoleRedirection.dClnt.WF.csproj", "{0CE633A0-0D1B-46A3-AC86-F4E4680CDC58}"
EndProject
Project("{FAE04EC0-301F-11D3-BF4B-00C04F79EFBC}") = "TestsCore", "..\..\..\..\Core_2013\TestsCore\TestsCore.csproj", "{8CEA0717-57F5-4941-A2DD-BF63CA7FB046}"
EndProject
Project("{2150E333-8FDC-42A3-9474-1A3956D46DE8}") = "Domains_2013", "Domains_2013", "{5A3EA799-2CEF-4A1A-9E5B-D91C35120D2B}"
EndProject
Project("{2150E333-8FDC-42A3-9474-1A3956D46DE8}") = "Templates.CodeSnippets", "Templates.CodeSnippets", "{F289C8D1-C102-49CA-A275-38AB6C0A4EF8}"
EndProject
Project("{FAE04EC0-301F-11D3-BF4B-00C04F79EFBC}") = "Templates.CodeSnippets", "..\Templates.CodeSnippets\Templates.CodeSnippets.csproj", "{E598EA3C-1C0A-42DD-993A-D151535DAC38}"
EndProject
Project("{FAE04EC0-301F-11D3-BF4B-00C04F79EFBC}") = "HolisticWare.SlideShow.EXE_XI", "HolisticWare.SlideShow.EXE_XI\HolisticWare.SlideShow.EXE_XI.csproj", "{1CF192B8-5937-4DE9-BDE3-771AE64C8062}"
EndProject
Project("{FAE04EC0-301F-11D3-BF4B-00C04F79EFBC}") = "HolisticWare.SlideShow.DLL_BL_WP", "HolisticWare.SlideShow.DLL_BL_WP\HolisticWare.SlideShow.DLL_BL_WP.csproj", "{BA8DCE1B-D9B7-4F13-B08F-A4170BA5BB6B}"
EndProject
Project("{FAE04EC0-301F-11D3-BF4B-00C04F79EFBC}") = "HolisticWare.SlideShow.DLL_BL_XA", "HolisticWare.SlideShow.DLL_BL_XA\HolisticWare.SlideShow.DLL_BL_XA.csproj", "{2DAE6F38-2B12-4E49-B450-6FAA04CFCBFE}"
EndProject
Project("{FAE04EC0-301F-11D3-BF4B-00C04F79EFBC}") = "HolisticWare.SlideShow.DLL_BL_XI", "HolisticWare.SlideShow.DLL_BL_XI\HolisticWare.SlideShow.DLL_BL_XI.csproj", "{FA570438-4290-4815-9E2B-19474EB9FD15}"
EndProject
Project("{FAE04EC0-301F-11D3-BF4B-00C04F79EFBC}") = "HolisticWare.SlideShow.DLL_BL_Scripting", "HolisticWare.SlideShow.DLL_BL_Scripting\HolisticWare.SlideShow.DLL_BL_Scripting.csproj", "{AF6251A7-27BA-4217-B15F-D6BD9C96013E}"
EndProject
Project("{FAE04EC0-301F-11D3-BF4B-00C04F79EFBC}") = "HolisticWare.SlideShow.EXE_ASPnet_MVC4", "HolisticWare.SlideShow.EXE_ASPnet_MVC4\HolisticWare.SlideShow.EXE_ASPnet_MVC4.csproj", "{0C45C85F-F6DF-4BB5-A73B-FC538BA6938B}"
EndProject
Global
	GlobalSection(SolutionConfigurationPlatforms) = preSolution
		Ad-Hoc|Any CPU = Ad-Hoc|Any CPU
		Ad-Hoc|iPhone = Ad-Hoc|iPhone
		Ad-Hoc|iPhoneSimulator = Ad-Hoc|iPhoneSimulator
		Ad-Hoc|Mixed Platforms = Ad-Hoc|Mixed Platforms
		Ad-Hoc|x86 = Ad-Hoc|x86
		AppStore|Any CPU = AppStore|Any CPU
		AppStore|iPhone = AppStore|iPhone
		AppStore|iPhoneSimulator = AppStore|iPhoneSimulator
		AppStore|Mixed Platforms = AppStore|Mixed Platforms
		AppStore|x86 = AppStore|x86
		Debug|Any CPU = Debug|Any CPU
		Debug|iPhone = Debug|iPhone
		Debug|iPhoneSimulator = Debug|iPhoneSimulator
		Debug|Mixed Platforms = Debug|Mixed Platforms
		Debug|x86 = Debug|x86
		Release|Any CPU = Release|Any CPU
		Release|iPhone = Release|iPhone
		Release|iPhoneSimulator = Release|iPhoneSimulator
		Release|Mixed Platforms = Release|Mixed Platforms
		Release|x86 = Release|x86
	EndGlobalSection
	GlobalSection(ProjectConfigurationPlatforms) = postSolution
		{9E9BC9C6-106D-4FD2-B35E-B1E32E405391}.Ad-Hoc|Any CPU.ActiveCfg = Release|Any CPU
		{9E9BC9C6-106D-4FD2-B35E-B1E32E405391}.Ad-Hoc|iPhone.ActiveCfg = Debug|Any CPU
		{9E9BC9C6-106D-4FD2-B35E-B1E32E405391}.Ad-Hoc|iPhone.Build.0 = Debug|Any CPU
		{9E9BC9C6-106D-4FD2-B35E-B1E32E405391}.Ad-Hoc|iPhoneSimulator.ActiveCfg = Release|Any CPU
		{9E9BC9C6-106D-4FD2-B35E-B1E32E405391}.Ad-Hoc|Mixed Platforms.ActiveCfg = Release|Any CPU
		{9E9BC9C6-106D-4FD2-B35E-B1E32E405391}.Ad-Hoc|x86.ActiveCfg = Release|Any CPU
		{9E9BC9C6-106D-4FD2-B35E-B1E32E405391}.AppStore|Any CPU.ActiveCfg = Release|Any CPU
		{9E9BC9C6-106D-4FD2-B35E-B1E32E405391}.AppStore|iPhone.ActiveCfg = Debug|Any CPU
		{9E9BC9C6-106D-4FD2-B35E-B1E32E405391}.AppStore|iPhone.Build.0 = Debug|Any CPU
		{9E9BC9C6-106D-4FD2-B35E-B1E32E405391}.AppStore|iPhoneSimulator.ActiveCfg = Release|Any CPU
		{9E9BC9C6-106D-4FD2-B35E-B1E32E405391}.AppStore|Mixed Platforms.ActiveCfg = Release|Any CPU
		{9E9BC9C6-106D-4FD2-B35E-B1E32E405391}.AppStore|x86.ActiveCfg = Release|Any CPU
		{9E9BC9C6-106D-4FD2-B35E-B1E32E405391}.Debug|Any CPU.ActiveCfg = Debug|Any CPU
		{9E9BC9C6-106D-4FD2-B35E-B1E32E405391}.Debug|Any CPU.Build.0 = Debug|Any CPU
		{9E9BC9C6-106D-4FD2-B35E-B1E32E405391}.Debug|iPhone.ActiveCfg = Debug|Any CPU
		{9E9BC9C6-106D-4FD2-B35E-B1E32E405391}.Debug|iPhone.Build.0 = Debug|Any CPU
		{9E9BC9C6-106D-4FD2-B35E-B1E32E405391}.Debug|iPhoneSimulator.ActiveCfg = Debug|Any CPU
		{9E9BC9C6-106D-4FD2-B35E-B1E32E405391}.Debug|iPhoneSimulator.Build.0 = Debug|Any CPU
		{9E9BC9C6-106D-4FD2-B35E-B1E32E405391}.Debug|Mixed Platforms.ActiveCfg = Debug|Any CPU
		{9E9BC9C6-106D-4FD2-B35E-B1E32E405391}.Debug|Mixed Platforms.Build.0 = Debug|Any CPU
		{9E9BC9C6-106D-4FD2-B35E-B1E32E405391}.Debug|x86.ActiveCfg = Debug|Any CPU
		{9E9BC9C6-106D-4FD2-B35E-B1E32E405391}.Release|Any CPU.ActiveCfg = Release|Any CPU
		{9E9BC9C6-106D-4FD2-B35E-B1E32E405391}.Release|Any CPU.Build.0 = Release|Any CPU
		{9E9BC9C6-106D-4FD2-B35E-B1E32E405391}.Release|iPhone.ActiveCfg = Release|Any CPU
		{9E9BC9C6-106D-4FD2-B35E-B1E32E405391}.Release|iPhone.Build.0 = Release|Any CPU
		{9E9BC9C6-106D-4FD2-B35E-B1E32E405391}.Release|iPhoneSimulator.ActiveCfg = Release|Any CPU
		{9E9BC9C6-106D-4FD2-B35E-B1E32E405391}.Release|iPhoneSimulator.Build.0 = Release|Any CPU
		{9E9BC9C6-106D-4FD2-B35E-B1E32E405391}.Release|Mixed Platforms.ActiveCfg = Release|Any CPU
		{9E9BC9C6-106D-4FD2-B35E-B1E32E405391}.Release|Mixed Platforms.Build.0 = Release|Any CPU
		{9E9BC9C6-106D-4FD2-B35E-B1E32E405391}.Release|x86.ActiveCfg = Release|Any CPU
		{54EF6AF7-AFE3-4E9C-9D3E-4198D6A8E796}.Ad-Hoc|Any CPU.ActiveCfg = Release|x86
		{54EF6AF7-AFE3-4E9C-9D3E-4198D6A8E796}.Ad-Hoc|iPhone.ActiveCfg = Debug|x86
		{54EF6AF7-AFE3-4E9C-9D3E-4198D6A8E796}.Ad-Hoc|iPhone.Build.0 = Debug|x86
		{54EF6AF7-AFE3-4E9C-9D3E-4198D6A8E796}.Ad-Hoc|iPhoneSimulator.ActiveCfg = Release|x86
		{54EF6AF7-AFE3-4E9C-9D3E-4198D6A8E796}.Ad-Hoc|Mixed Platforms.ActiveCfg = Release|x86
		{54EF6AF7-AFE3-4E9C-9D3E-4198D6A8E796}.Ad-Hoc|x86.ActiveCfg = Release|x86
		{54EF6AF7-AFE3-4E9C-9D3E-4198D6A8E796}.AppStore|Any CPU.ActiveCfg = Release|x86
		{54EF6AF7-AFE3-4E9C-9D3E-4198D6A8E796}.AppStore|iPhone.ActiveCfg = Debug|x86
		{54EF6AF7-AFE3-4E9C-9D3E-4198D6A8E796}.AppStore|iPhone.Build.0 = Debug|x86
		{54EF6AF7-AFE3-4E9C-9D3E-4198D6A8E796}.AppStore|iPhoneSimulator.ActiveCfg = Release|x86
		{54EF6AF7-AFE3-4E9C-9D3E-4198D6A8E796}.AppStore|Mixed Platforms.ActiveCfg = Release|x86
		{54EF6AF7-AFE3-4E9C-9D3E-4198D6A8E796}.AppStore|x86.ActiveCfg = Release|x86
		{54EF6AF7-AFE3-4E9C-9D3E-4198D6A8E796}.Debug|Any CPU.ActiveCfg = Debug|x86
		{54EF6AF7-AFE3-4E9C-9D3E-4198D6A8E796}.Debug|Any CPU.Build.0 = Debug|x86
		{54EF6AF7-AFE3-4E9C-9D3E-4198D6A8E796}.Debug|iPhone.ActiveCfg = Debug|x86
		{54EF6AF7-AFE3-4E9C-9D3E-4198D6A8E796}.Debug|iPhone.Build.0 = Debug|x86
		{54EF6AF7-AFE3-4E9C-9D3E-4198D6A8E796}.Debug|iPhoneSimulator.ActiveCfg = Debug|x86
		{54EF6AF7-AFE3-4E9C-9D3E-4198D6A8E796}.Debug|iPhoneSimulator.Build.0 = Debug|x86
		{54EF6AF7-AFE3-4E9C-9D3E-4198D6A8E796}.Debug|Mixed Platforms.ActiveCfg = Debug|Any CPU
		{54EF6AF7-AFE3-4E9C-9D3E-4198D6A8E796}.Debug|Mixed Platforms.Build.0 = Debug|Any CPU
		{54EF6AF7-AFE3-4E9C-9D3E-4198D6A8E796}.Debug|x86.ActiveCfg = Debug|x86
		{54EF6AF7-AFE3-4E9C-9D3E-4198D6A8E796}.Debug|x86.Build.0 = Debug|x86
		{54EF6AF7-AFE3-4E9C-9D3E-4198D6A8E796}.Release|Any CPU.ActiveCfg = Release|x86
		{54EF6AF7-AFE3-4E9C-9D3E-4198D6A8E796}.Release|Any CPU.Build.0 = Release|x86
		{54EF6AF7-AFE3-4E9C-9D3E-4198D6A8E796}.Release|iPhone.ActiveCfg = Release|x86
		{54EF6AF7-AFE3-4E9C-9D3E-4198D6A8E796}.Release|iPhone.Build.0 = Release|x86
		{54EF6AF7-AFE3-4E9C-9D3E-4198D6A8E796}.Release|iPhoneSimulator.ActiveCfg = Release|x86
		{54EF6AF7-AFE3-4E9C-9D3E-4198D6A8E796}.Release|iPhoneSimulator.Build.0 = Release|x86
		{54EF6AF7-AFE3-4E9C-9D3E-4198D6A8E796}.Release|Mixed Platforms.ActiveCfg = Release|x86
		{54EF6AF7-AFE3-4E9C-9D3E-4198D6A8E796}.Release|Mixed Platforms.Build.0 = Release|x86
		{54EF6AF7-AFE3-4E9C-9D3E-4198D6A8E796}.Release|x86.ActiveCfg = Release|x86
		{54EF6AF7-AFE3-4E9C-9D3E-4198D6A8E796}.Release|x86.Build.0 = Release|x86
		{929557BF-5C2C-4AD5-AF0A-D72ACAC03ED9}.Ad-Hoc|Any CPU.ActiveCfg = Release|Any CPU
		{929557BF-5C2C-4AD5-AF0A-D72ACAC03ED9}.Ad-Hoc|iPhone.ActiveCfg = Debug|Any CPU
		{929557BF-5C2C-4AD5-AF0A-D72ACAC03ED9}.Ad-Hoc|iPhone.Build.0 = Debug|Any CPU
		{929557BF-5C2C-4AD5-AF0A-D72ACAC03ED9}.Ad-Hoc|iPhoneSimulator.ActiveCfg = Release|Any CPU
		{929557BF-5C2C-4AD5-AF0A-D72ACAC03ED9}.Ad-Hoc|Mixed Platforms.ActiveCfg = Release|Any CPU
		{929557BF-5C2C-4AD5-AF0A-D72ACAC03ED9}.Ad-Hoc|x86.ActiveCfg = Release|Any CPU
		{929557BF-5C2C-4AD5-AF0A-D72ACAC03ED9}.AppStore|Any CPU.ActiveCfg = Release|Any CPU
		{929557BF-5C2C-4AD5-AF0A-D72ACAC03ED9}.AppStore|iPhone.ActiveCfg = Debug|Any CPU
		{929557BF-5C2C-4AD5-AF0A-D72ACAC03ED9}.AppStore|iPhone.Build.0 = Debug|Any CPU
		{929557BF-5C2C-4AD5-AF0A-D72ACAC03ED9}.AppStore|iPhoneSimulator.ActiveCfg = Release|Any CPU
		{929557BF-5C2C-4AD5-AF0A-D72ACAC03ED9}.AppStore|Mixed Platforms.ActiveCfg = Release|Any CPU
		{929557BF-5C2C-4AD5-AF0A-D72ACAC03ED9}.AppStore|x86.ActiveCfg = Release|Any CPU
		{929557BF-5C2C-4AD5-AF0A-D72ACAC03ED9}.Debug|Any CPU.ActiveCfg = Debug|Any CPU
		{929557BF-5C2C-4AD5-AF0A-D72ACAC03ED9}.Debug|Any CPU.Build.0 = Debug|Any CPU
		{929557BF-5C2C-4AD5-AF0A-D72ACAC03ED9}.Debug|iPhone.ActiveCfg = Debug|Any CPU
		{929557BF-5C2C-4AD5-AF0A-D72ACAC03ED9}.Debug|iPhone.Build.0 = Debug|Any CPU
		{929557BF-5C2C-4AD5-AF0A-D72ACAC03ED9}.Debug|iPhoneSimulator.ActiveCfg = Debug|Any CPU
		{929557BF-5C2C-4AD5-AF0A-D72ACAC03ED9}.Debug|iPhoneSimulator.Build.0 = Debug|Any CPU
		{929557BF-5C2C-4AD5-AF0A-D72ACAC03ED9}.Debug|Mixed Platforms.ActiveCfg = Debug|Any CPU
		{929557BF-5C2C-4AD5-AF0A-D72ACAC03ED9}.Debug|Mixed Platforms.Build.0 = Debug|Any CPU
		{929557BF-5C2C-4AD5-AF0A-D72ACAC03ED9}.Debug|x86.ActiveCfg = Debug|Any CPU
		{929557BF-5C2C-4AD5-AF0A-D72ACAC03ED9}.Release|Any CPU.ActiveCfg = Release|Any CPU
		{929557BF-5C2C-4AD5-AF0A-D72ACAC03ED9}.Release|Any CPU.Build.0 = Release|Any CPU
		{929557BF-5C2C-4AD5-AF0A-D72ACAC03ED9}.Release|iPhone.ActiveCfg = Release|Any CPU
		{929557BF-5C2C-4AD5-AF0A-D72ACAC03ED9}.Release|iPhone.Build.0 = Release|Any CPU
		{929557BF-5C2C-4AD5-AF0A-D72ACAC03ED9}.Release|iPhoneSimulator.ActiveCfg = Release|Any CPU
		{929557BF-5C2C-4AD5-AF0A-D72ACAC03ED9}.Release|iPhoneSimulator.Build.0 = Release|Any CPU
		{929557BF-5C2C-4AD5-AF0A-D72ACAC03ED9}.Release|Mixed Platforms.ActiveCfg = Release|Any CPU
		{929557BF-5C2C-4AD5-AF0A-D72ACAC03ED9}.Release|Mixed Platforms.Build.0 = Release|Any CPU
		{929557BF-5C2C-4AD5-AF0A-D72ACAC03ED9}.Release|x86.ActiveCfg = Release|Any CPU
		{1D83697E-C056-4FA5-A957-BA998171E2FA}.Ad-Hoc|Any CPU.ActiveCfg = Release|Any CPU
		{1D83697E-C056-4FA5-A957-BA998171E2FA}.Ad-Hoc|Any CPU.Build.0 = Release|Any CPU
		{1D83697E-C056-4FA5-A957-BA998171E2FA}.Ad-Hoc|iPhone.ActiveCfg = Release|Any CPU
		{1D83697E-C056-4FA5-A957-BA998171E2FA}.Ad-Hoc|iPhoneSimulator.ActiveCfg = Release|Any CPU
		{1D83697E-C056-4FA5-A957-BA998171E2FA}.Ad-Hoc|Mixed Platforms.ActiveCfg = Release|Any CPU
		{1D83697E-C056-4FA5-A957-BA998171E2FA}.Ad-Hoc|Mixed Platforms.Build.0 = Release|Any CPU
		{1D83697E-C056-4FA5-A957-BA998171E2FA}.Ad-Hoc|x86.ActiveCfg = Release|Any CPU
		{1D83697E-C056-4FA5-A957-BA998171E2FA}.AppStore|Any CPU.ActiveCfg = Release|Any CPU
		{1D83697E-C056-4FA5-A957-BA998171E2FA}.AppStore|Any CPU.Build.0 = Release|Any CPU
		{1D83697E-C056-4FA5-A957-BA998171E2FA}.AppStore|iPhone.ActiveCfg = Release|Any CPU
		{1D83697E-C056-4FA5-A957-BA998171E2FA}.AppStore|iPhoneSimulator.ActiveCfg = Release|Any CPU
		{1D83697E-C056-4FA5-A957-BA998171E2FA}.AppStore|Mixed Platforms.ActiveCfg = Release|Any CPU
		{1D83697E-C056-4FA5-A957-BA998171E2FA}.AppStore|Mixed Platforms.Build.0 = Release|Any CPU
		{1D83697E-C056-4FA5-A957-BA998171E2FA}.AppStore|x86.ActiveCfg = Release|Any CPU
		{1D83697E-C056-4FA5-A957-BA998171E2FA}.Debug|Any CPU.ActiveCfg = Debug|Any CPU
		{1D83697E-C056-4FA5-A957-BA998171E2FA}.Debug|Any CPU.Build.0 = Debug|Any CPU
		{1D83697E-C056-4FA5-A957-BA998171E2FA}.Debug|iPhone.ActiveCfg = Debug|Any CPU
		{1D83697E-C056-4FA5-A957-BA998171E2FA}.Debug|iPhoneSimulator.ActiveCfg = Debug|Any CPU
		{1D83697E-C056-4FA5-A957-BA998171E2FA}.Debug|Mixed Platforms.ActiveCfg = Debug|Any CPU
		{1D83697E-C056-4FA5-A957-BA998171E2FA}.Debug|Mixed Platforms.Build.0 = Debug|Any CPU
		{1D83697E-C056-4FA5-A957-BA998171E2FA}.Debug|x86.ActiveCfg = Debug|Any CPU
		{1D83697E-C056-4FA5-A957-BA998171E2FA}.Release|Any CPU.ActiveCfg = Release|Any CPU
		{1D83697E-C056-4FA5-A957-BA998171E2FA}.Release|Any CPU.Build.0 = Release|Any CPU
		{1D83697E-C056-4FA5-A957-BA998171E2FA}.Release|iPhone.ActiveCfg = Release|Any CPU
		{1D83697E-C056-4FA5-A957-BA998171E2FA}.Release|iPhoneSimulator.ActiveCfg = Release|Any CPU
		{1D83697E-C056-4FA5-A957-BA998171E2FA}.Release|Mixed Platforms.ActiveCfg = Release|Any CPU
		{1D83697E-C056-4FA5-A957-BA998171E2FA}.Release|Mixed Platforms.Build.0 = Release|Any CPU
		{1D83697E-C056-4FA5-A957-BA998171E2FA}.Release|x86.ActiveCfg = Release|Any CPU
		{E50452BD-70A1-429A-AB8A-3CB6915DF16A}.Ad-Hoc|Any CPU.ActiveCfg = Release|x86
		{E50452BD-70A1-429A-AB8A-3CB6915DF16A}.Ad-Hoc|iPhone.ActiveCfg = Release|x86
		{E50452BD-70A1-429A-AB8A-3CB6915DF16A}.Ad-Hoc|iPhoneSimulator.ActiveCfg = Release|x86
		{E50452BD-70A1-429A-AB8A-3CB6915DF16A}.Ad-Hoc|Mixed Platforms.ActiveCfg = Release|x86
		{E50452BD-70A1-429A-AB8A-3CB6915DF16A}.Ad-Hoc|Mixed Platforms.Build.0 = Release|x86
		{E50452BD-70A1-429A-AB8A-3CB6915DF16A}.Ad-Hoc|x86.ActiveCfg = Release|x86
		{E50452BD-70A1-429A-AB8A-3CB6915DF16A}.Ad-Hoc|x86.Build.0 = Release|x86
		{E50452BD-70A1-429A-AB8A-3CB6915DF16A}.AppStore|Any CPU.ActiveCfg = Release|x86
		{E50452BD-70A1-429A-AB8A-3CB6915DF16A}.AppStore|iPhone.ActiveCfg = Release|x86
		{E50452BD-70A1-429A-AB8A-3CB6915DF16A}.AppStore|iPhoneSimulator.ActiveCfg = Release|x86
		{E50452BD-70A1-429A-AB8A-3CB6915DF16A}.AppStore|Mixed Platforms.ActiveCfg = Release|x86
		{E50452BD-70A1-429A-AB8A-3CB6915DF16A}.AppStore|Mixed Platforms.Build.0 = Release|x86
		{E50452BD-70A1-429A-AB8A-3CB6915DF16A}.AppStore|x86.ActiveCfg = Release|x86
		{E50452BD-70A1-429A-AB8A-3CB6915DF16A}.AppStore|x86.Build.0 = Release|x86
		{E50452BD-70A1-429A-AB8A-3CB6915DF16A}.Debug|Any CPU.ActiveCfg = Debug|x86
		{E50452BD-70A1-429A-AB8A-3CB6915DF16A}.Debug|Any CPU.Build.0 = Debug|x86
		{E50452BD-70A1-429A-AB8A-3CB6915DF16A}.Debug|iPhone.ActiveCfg = Debug|x86
		{E50452BD-70A1-429A-AB8A-3CB6915DF16A}.Debug|iPhoneSimulator.ActiveCfg = Debug|x86
		{E50452BD-70A1-429A-AB8A-3CB6915DF16A}.Debug|Mixed Platforms.ActiveCfg = Debug|x86
		{E50452BD-70A1-429A-AB8A-3CB6915DF16A}.Debug|Mixed Platforms.Build.0 = Debug|x86
		{E50452BD-70A1-429A-AB8A-3CB6915DF16A}.Debug|x86.ActiveCfg = Debug|x86
		{E50452BD-70A1-429A-AB8A-3CB6915DF16A}.Debug|x86.Build.0 = Debug|x86
		{E50452BD-70A1-429A-AB8A-3CB6915DF16A}.Release|Any CPU.ActiveCfg = Release|x86
		{E50452BD-70A1-429A-AB8A-3CB6915DF16A}.Release|Any CPU.Build.0 = Release|x86
		{E50452BD-70A1-429A-AB8A-3CB6915DF16A}.Release|iPhone.ActiveCfg = Release|x86
		{E50452BD-70A1-429A-AB8A-3CB6915DF16A}.Release|iPhoneSimulator.ActiveCfg = Release|x86
		{E50452BD-70A1-429A-AB8A-3CB6915DF16A}.Release|Mixed Platforms.ActiveCfg = Release|x86
		{E50452BD-70A1-429A-AB8A-3CB6915DF16A}.Release|Mixed Platforms.Build.0 = Release|x86
		{E50452BD-70A1-429A-AB8A-3CB6915DF16A}.Release|x86.ActiveCfg = Release|x86
		{E50452BD-70A1-429A-AB8A-3CB6915DF16A}.Release|x86.Build.0 = Release|x86
		{F4E935B7-8151-4DEB-866D-EA75C70053C0}.Ad-Hoc|Any CPU.ActiveCfg = AppStore|x86
		{F4E935B7-8151-4DEB-866D-EA75C70053C0}.Ad-Hoc|iPhone.ActiveCfg = AppStore|x86
		{F4E935B7-8151-4DEB-866D-EA75C70053C0}.Ad-Hoc|iPhoneSimulator.ActiveCfg = AppStore|x86
		{F4E935B7-8151-4DEB-866D-EA75C70053C0}.Ad-Hoc|Mixed Platforms.ActiveCfg = AppStore|x86
		{F4E935B7-8151-4DEB-866D-EA75C70053C0}.Ad-Hoc|Mixed Platforms.Build.0 = AppStore|x86
		{F4E935B7-8151-4DEB-866D-EA75C70053C0}.Ad-Hoc|x86.ActiveCfg = AppStore|x86
		{F4E935B7-8151-4DEB-866D-EA75C70053C0}.Ad-Hoc|x86.Build.0 = AppStore|x86
		{F4E935B7-8151-4DEB-866D-EA75C70053C0}.AppStore|Any CPU.ActiveCfg = AppStore|x86
		{F4E935B7-8151-4DEB-866D-EA75C70053C0}.AppStore|iPhone.ActiveCfg = AppStore|x86
		{F4E935B7-8151-4DEB-866D-EA75C70053C0}.AppStore|iPhoneSimulator.ActiveCfg = AppStore|x86
		{F4E935B7-8151-4DEB-866D-EA75C70053C0}.AppStore|Mixed Platforms.ActiveCfg = AppStore|x86
		{F4E935B7-8151-4DEB-866D-EA75C70053C0}.AppStore|Mixed Platforms.Build.0 = AppStore|x86
		{F4E935B7-8151-4DEB-866D-EA75C70053C0}.AppStore|x86.ActiveCfg = AppStore|x86
		{F4E935B7-8151-4DEB-866D-EA75C70053C0}.AppStore|x86.Build.0 = AppStore|x86
		{F4E935B7-8151-4DEB-866D-EA75C70053C0}.Debug|Any CPU.ActiveCfg = Debug|x86
		{F4E935B7-8151-4DEB-866D-EA75C70053C0}.Debug|iPhone.ActiveCfg = Debug|x86
		{F4E935B7-8151-4DEB-866D-EA75C70053C0}.Debug|iPhoneSimulator.ActiveCfg = Debug|x86
		{F4E935B7-8151-4DEB-866D-EA75C70053C0}.Debug|Mixed Platforms.ActiveCfg = Debug|x86
		{F4E935B7-8151-4DEB-866D-EA75C70053C0}.Debug|Mixed Platforms.Build.0 = Debug|x86
		{F4E935B7-8151-4DEB-866D-EA75C70053C0}.Debug|x86.ActiveCfg = Debug|x86
		{F4E935B7-8151-4DEB-866D-EA75C70053C0}.Debug|x86.Build.0 = Debug|x86
		{F4E935B7-8151-4DEB-866D-EA75C70053C0}.Release|Any CPU.ActiveCfg = Release|x86
		{F4E935B7-8151-4DEB-866D-EA75C70053C0}.Release|iPhone.ActiveCfg = Release|x86
		{F4E935B7-8151-4DEB-866D-EA75C70053C0}.Release|iPhoneSimulator.ActiveCfg = Release|x86
		{F4E935B7-8151-4DEB-866D-EA75C70053C0}.Release|Mixed Platforms.ActiveCfg = Release|x86
		{F4E935B7-8151-4DEB-866D-EA75C70053C0}.Release|Mixed Platforms.Build.0 = Release|x86
		{F4E935B7-8151-4DEB-866D-EA75C70053C0}.Release|x86.ActiveCfg = Release|x86
		{F4E935B7-8151-4DEB-866D-EA75C70053C0}.Release|x86.Build.0 = Release|x86
		{FB059FF2-62EA-4F1E-88EC-09B497628D96}.Ad-Hoc|Any CPU.ActiveCfg = Release|Any CPU
		{FB059FF2-62EA-4F1E-88EC-09B497628D96}.Ad-Hoc|Any CPU.Build.0 = Release|Any CPU
		{FB059FF2-62EA-4F1E-88EC-09B497628D96}.Ad-Hoc|iPhone.ActiveCfg = Release|Any CPU
		{FB059FF2-62EA-4F1E-88EC-09B497628D96}.Ad-Hoc|iPhoneSimulator.ActiveCfg = Release|Any CPU
		{FB059FF2-62EA-4F1E-88EC-09B497628D96}.Ad-Hoc|Mixed Platforms.ActiveCfg = Release|Any CPU
		{FB059FF2-62EA-4F1E-88EC-09B497628D96}.Ad-Hoc|Mixed Platforms.Build.0 = Release|Any CPU
		{FB059FF2-62EA-4F1E-88EC-09B497628D96}.Ad-Hoc|x86.ActiveCfg = Release|Any CPU
		{FB059FF2-62EA-4F1E-88EC-09B497628D96}.AppStore|Any CPU.ActiveCfg = Release|Any CPU
		{FB059FF2-62EA-4F1E-88EC-09B497628D96}.AppStore|Any CPU.Build.0 = Release|Any CPU
		{FB059FF2-62EA-4F1E-88EC-09B497628D96}.AppStore|iPhone.ActiveCfg = Release|Any CPU
		{FB059FF2-62EA-4F1E-88EC-09B497628D96}.AppStore|iPhoneSimulator.ActiveCfg = Release|Any CPU
		{FB059FF2-62EA-4F1E-88EC-09B497628D96}.AppStore|Mixed Platforms.ActiveCfg = Release|Any CPU
		{FB059FF2-62EA-4F1E-88EC-09B497628D96}.AppStore|Mixed Platforms.Build.0 = Release|Any CPU
		{FB059FF2-62EA-4F1E-88EC-09B497628D96}.AppStore|x86.ActiveCfg = Release|Any CPU
		{FB059FF2-62EA-4F1E-88EC-09B497628D96}.Debug|Any CPU.ActiveCfg = Debug|Any CPU
		{FB059FF2-62EA-4F1E-88EC-09B497628D96}.Debug|Any CPU.Build.0 = Debug|Any CPU
		{FB059FF2-62EA-4F1E-88EC-09B497628D96}.Debug|iPhone.ActiveCfg = Debug|Any CPU
		{FB059FF2-62EA-4F1E-88EC-09B497628D96}.Debug|iPhoneSimulator.ActiveCfg = Debug|Any CPU
		{FB059FF2-62EA-4F1E-88EC-09B497628D96}.Debug|Mixed Platforms.ActiveCfg = Debug|Any CPU
		{FB059FF2-62EA-4F1E-88EC-09B497628D96}.Debug|Mixed Platforms.Build.0 = Debug|Any CPU
		{FB059FF2-62EA-4F1E-88EC-09B497628D96}.Debug|x86.ActiveCfg = Debug|Any CPU
		{FB059FF2-62EA-4F1E-88EC-09B497628D96}.Release|Any CPU.ActiveCfg = Release|Any CPU
		{FB059FF2-62EA-4F1E-88EC-09B497628D96}.Release|Any CPU.Build.0 = Release|Any CPU
		{FB059FF2-62EA-4F1E-88EC-09B497628D96}.Release|iPhone.ActiveCfg = Release|Any CPU
		{FB059FF2-62EA-4F1E-88EC-09B497628D96}.Release|iPhoneSimulator.ActiveCfg = Release|Any CPU
		{FB059FF2-62EA-4F1E-88EC-09B497628D96}.Release|Mixed Platforms.ActiveCfg = Release|Any CPU
		{FB059FF2-62EA-4F1E-88EC-09B497628D96}.Release|Mixed Platforms.Build.0 = Release|Any CPU
		{FB059FF2-62EA-4F1E-88EC-09B497628D96}.Release|x86.ActiveCfg = Release|Any CPU
		{711D49E9-112E-4AA4-A245-155C23D4D3FA}.Ad-Hoc|Any CPU.ActiveCfg = Release|Any CPU
		{711D49E9-112E-4AA4-A245-155C23D4D3FA}.Ad-Hoc|Any CPU.Build.0 = Release|Any CPU
		{711D49E9-112E-4AA4-A245-155C23D4D3FA}.Ad-Hoc|iPhone.ActiveCfg = Release|Any CPU
		{711D49E9-112E-4AA4-A245-155C23D4D3FA}.Ad-Hoc|iPhoneSimulator.ActiveCfg = Release|Any CPU
		{711D49E9-112E-4AA4-A245-155C23D4D3FA}.Ad-Hoc|Mixed Platforms.ActiveCfg = Release|Any CPU
		{711D49E9-112E-4AA4-A245-155C23D4D3FA}.Ad-Hoc|Mixed Platforms.Build.0 = Release|Any CPU
		{711D49E9-112E-4AA4-A245-155C23D4D3FA}.Ad-Hoc|x86.ActiveCfg = Release|Any CPU
		{711D49E9-112E-4AA4-A245-155C23D4D3FA}.AppStore|Any CPU.ActiveCfg = Release|Any CPU
		{711D49E9-112E-4AA4-A245-155C23D4D3FA}.AppStore|Any CPU.Build.0 = Release|Any CPU
		{711D49E9-112E-4AA4-A245-155C23D4D3FA}.AppStore|iPhone.ActiveCfg = Release|Any CPU
		{711D49E9-112E-4AA4-A245-155C23D4D3FA}.AppStore|iPhoneSimulator.ActiveCfg = Release|Any CPU
		{711D49E9-112E-4AA4-A245-155C23D4D3FA}.AppStore|Mixed Platforms.ActiveCfg = Release|Any CPU
		{711D49E9-112E-4AA4-A245-155C23D4D3FA}.AppStore|Mixed Platforms.Build.0 = Release|Any CPU
		{711D49E9-112E-4AA4-A245-155C23D4D3FA}.AppStore|x86.ActiveCfg = Release|Any CPU
		{711D49E9-112E-4AA4-A245-155C23D4D3FA}.Debug|Any CPU.ActiveCfg = Debug|Any CPU
		{711D49E9-112E-4AA4-A245-155C23D4D3FA}.Debug|Any CPU.Build.0 = Debug|Any CPU
		{711D49E9-112E-4AA4-A245-155C23D4D3FA}.Debug|iPhone.ActiveCfg = Debug|Any CPU
		{711D49E9-112E-4AA4-A245-155C23D4D3FA}.Debug|iPhoneSimulator.ActiveCfg = Debug|Any CPU
		{711D49E9-112E-4AA4-A245-155C23D4D3FA}.Debug|Mixed Platforms.ActiveCfg = Debug|Any CPU
		{711D49E9-112E-4AA4-A245-155C23D4D3FA}.Debug|Mixed Platforms.Build.0 = Debug|Any CPU
		{711D49E9-112E-4AA4-A245-155C23D4D3FA}.Debug|x86.ActiveCfg = Debug|Any CPU
		{711D49E9-112E-4AA4-A245-155C23D4D3FA}.Release|Any CPU.ActiveCfg = Release|Any CPU
		{711D49E9-112E-4AA4-A245-155C23D4D3FA}.Release|Any CPU.Build.0 = Release|Any CPU
		{711D49E9-112E-4AA4-A245-155C23D4D3FA}.Release|iPhone.ActiveCfg = Release|Any CPU
		{711D49E9-112E-4AA4-A245-155C23D4D3FA}.Release|iPhoneSimulator.ActiveCfg = Release|Any CPU
		{711D49E9-112E-4AA4-A245-155C23D4D3FA}.Release|Mixed Platforms.ActiveCfg = Release|Any CPU
		{711D49E9-112E-4AA4-A245-155C23D4D3FA}.Release|Mixed Platforms.Build.0 = Release|Any CPU
		{711D49E9-112E-4AA4-A245-155C23D4D3FA}.Release|x86.ActiveCfg = Release|Any CPU
		{BE00CB24-3B85-467A-BA5E-9D5D1DD65CA0}.Ad-Hoc|Any CPU.ActiveCfg = Release|iPhone
		{BE00CB24-3B85-467A-BA5E-9D5D1DD65CA0}.Ad-Hoc|iPhone.ActiveCfg = Release|iPhone
		{BE00CB24-3B85-467A-BA5E-9D5D1DD65CA0}.Ad-Hoc|iPhone.Build.0 = Release|iPhone
		{BE00CB24-3B85-467A-BA5E-9D5D1DD65CA0}.Ad-Hoc|iPhoneSimulator.ActiveCfg = Release|iPhone
		{BE00CB24-3B85-467A-BA5E-9D5D1DD65CA0}.Ad-Hoc|Mixed Platforms.ActiveCfg = Release|iPhone
		{BE00CB24-3B85-467A-BA5E-9D5D1DD65CA0}.Ad-Hoc|Mixed Platforms.Build.0 = Release|iPhone
		{BE00CB24-3B85-467A-BA5E-9D5D1DD65CA0}.Ad-Hoc|x86.ActiveCfg = Release|iPhone
		{BE00CB24-3B85-467A-BA5E-9D5D1DD65CA0}.AppStore|Any CPU.ActiveCfg = Release|iPhone
		{BE00CB24-3B85-467A-BA5E-9D5D1DD65CA0}.AppStore|iPhone.ActiveCfg = Release|iPhone
		{BE00CB24-3B85-467A-BA5E-9D5D1DD65CA0}.AppStore|iPhone.Build.0 = Release|iPhone
		{BE00CB24-3B85-467A-BA5E-9D5D1DD65CA0}.AppStore|iPhoneSimulator.ActiveCfg = Release|iPhone
		{BE00CB24-3B85-467A-BA5E-9D5D1DD65CA0}.AppStore|Mixed Platforms.ActiveCfg = Release|iPhone
		{BE00CB24-3B85-467A-BA5E-9D5D1DD65CA0}.AppStore|Mixed Platforms.Build.0 = Release|iPhone
		{BE00CB24-3B85-467A-BA5E-9D5D1DD65CA0}.AppStore|x86.ActiveCfg = Release|iPhone
		{BE00CB24-3B85-467A-BA5E-9D5D1DD65CA0}.Debug|Any CPU.ActiveCfg = Debug|iPhone
		{BE00CB24-3B85-467A-BA5E-9D5D1DD65CA0}.Debug|iPhone.ActiveCfg = Debug|iPhone
		{BE00CB24-3B85-467A-BA5E-9D5D1DD65CA0}.Debug|iPhone.Build.0 = Debug|iPhone
		{BE00CB24-3B85-467A-BA5E-9D5D1DD65CA0}.Debug|iPhoneSimulator.ActiveCfg = Debug|iPhoneSimulator
		{BE00CB24-3B85-467A-BA5E-9D5D1DD65CA0}.Debug|iPhoneSimulator.Build.0 = Debug|iPhoneSimulator
		{BE00CB24-3B85-467A-BA5E-9D5D1DD65CA0}.Debug|Mixed Platforms.ActiveCfg = Debug|iPhone
		{BE00CB24-3B85-467A-BA5E-9D5D1DD65CA0}.Debug|Mixed Platforms.Build.0 = Debug|iPhone
		{BE00CB24-3B85-467A-BA5E-9D5D1DD65CA0}.Debug|x86.ActiveCfg = Debug|iPhone
		{BE00CB24-3B85-467A-BA5E-9D5D1DD65CA0}.Release|Any CPU.ActiveCfg = Release|iPhone
		{BE00CB24-3B85-467A-BA5E-9D5D1DD65CA0}.Release|iPhone.ActiveCfg = Release|iPhone
		{BE00CB24-3B85-467A-BA5E-9D5D1DD65CA0}.Release|iPhone.Build.0 = Release|iPhone
		{BE00CB24-3B85-467A-BA5E-9D5D1DD65CA0}.Release|iPhoneSimulator.ActiveCfg = Release|iPhoneSimulator
		{BE00CB24-3B85-467A-BA5E-9D5D1DD65CA0}.Release|iPhoneSimulator.Build.0 = Release|iPhoneSimulator
		{BE00CB24-3B85-467A-BA5E-9D5D1DD65CA0}.Release|Mixed Platforms.ActiveCfg = Release|iPhone
		{BE00CB24-3B85-467A-BA5E-9D5D1DD65CA0}.Release|Mixed Platforms.Build.0 = Release|iPhone
		{BE00CB24-3B85-467A-BA5E-9D5D1DD65CA0}.Release|x86.ActiveCfg = Release|iPhone
		{B4C90FBB-84EC-4CAE-9C9B-AB44E063AC4F}.Ad-Hoc|Any CPU.ActiveCfg = Release|Any CPU
		{B4C90FBB-84EC-4CAE-9C9B-AB44E063AC4F}.Ad-Hoc|Any CPU.Build.0 = Release|Any CPU
		{B4C90FBB-84EC-4CAE-9C9B-AB44E063AC4F}.Ad-Hoc|iPhone.ActiveCfg = Release|Any CPU
		{B4C90FBB-84EC-4CAE-9C9B-AB44E063AC4F}.Ad-Hoc|iPhoneSimulator.ActiveCfg = Release|Any CPU
		{B4C90FBB-84EC-4CAE-9C9B-AB44E063AC4F}.Ad-Hoc|Mixed Platforms.ActiveCfg = Release|Any CPU
		{B4C90FBB-84EC-4CAE-9C9B-AB44E063AC4F}.Ad-Hoc|Mixed Platforms.Build.0 = Release|Any CPU
		{B4C90FBB-84EC-4CAE-9C9B-AB44E063AC4F}.Ad-Hoc|x86.ActiveCfg = Release|Any CPU
		{B4C90FBB-84EC-4CAE-9C9B-AB44E063AC4F}.AppStore|Any CPU.ActiveCfg = Release|Any CPU
		{B4C90FBB-84EC-4CAE-9C9B-AB44E063AC4F}.AppStore|Any CPU.Build.0 = Release|Any CPU
		{B4C90FBB-84EC-4CAE-9C9B-AB44E063AC4F}.AppStore|iPhone.ActiveCfg = Release|Any CPU
		{B4C90FBB-84EC-4CAE-9C9B-AB44E063AC4F}.AppStore|iPhoneSimulator.ActiveCfg = Release|Any CPU
		{B4C90FBB-84EC-4CAE-9C9B-AB44E063AC4F}.AppStore|Mixed Platforms.ActiveCfg = Release|Any CPU
		{B4C90FBB-84EC-4CAE-9C9B-AB44E063AC4F}.AppStore|Mixed Platforms.Build.0 = Release|Any CPU
		{B4C90FBB-84EC-4CAE-9C9B-AB44E063AC4F}.AppStore|x86.ActiveCfg = Release|Any CPU
		{B4C90FBB-84EC-4CAE-9C9B-AB44E063AC4F}.Debug|Any CPU.ActiveCfg = Debug|Any CPU
		{B4C90FBB-84EC-4CAE-9C9B-AB44E063AC4F}.Debug|Any CPU.Build.0 = Debug|Any CPU
		{B4C90FBB-84EC-4CAE-9C9B-AB44E063AC4F}.Debug|iPhone.ActiveCfg = Debug|Any CPU
		{B4C90FBB-84EC-4CAE-9C9B-AB44E063AC4F}.Debug|iPhoneSimulator.ActiveCfg = Debug|Any CPU
		{B4C90FBB-84EC-4CAE-9C9B-AB44E063AC4F}.Debug|Mixed Platforms.ActiveCfg = Debug|Any CPU
		{B4C90FBB-84EC-4CAE-9C9B-AB44E063AC4F}.Debug|Mixed Platforms.Build.0 = Debug|Any CPU
		{B4C90FBB-84EC-4CAE-9C9B-AB44E063AC4F}.Debug|x86.ActiveCfg = Debug|Any CPU
		{B4C90FBB-84EC-4CAE-9C9B-AB44E063AC4F}.Release|Any CPU.ActiveCfg = Release|Any CPU
		{B4C90FBB-84EC-4CAE-9C9B-AB44E063AC4F}.Release|Any CPU.Build.0 = Release|Any CPU
		{B4C90FBB-84EC-4CAE-9C9B-AB44E063AC4F}.Release|iPhone.ActiveCfg = Release|Any CPU
		{B4C90FBB-84EC-4CAE-9C9B-AB44E063AC4F}.Release|iPhoneSimulator.ActiveCfg = Release|Any CPU
		{B4C90FBB-84EC-4CAE-9C9B-AB44E063AC4F}.Release|Mixed Platforms.ActiveCfg = Release|Any CPU
		{B4C90FBB-84EC-4CAE-9C9B-AB44E063AC4F}.Release|Mixed Platforms.Build.0 = Release|Any CPU
		{B4C90FBB-84EC-4CAE-9C9B-AB44E063AC4F}.Release|x86.ActiveCfg = Release|Any CPU
		{4C30447B-8AB9-410C-845D-01D87BC63677}.Ad-Hoc|Any CPU.ActiveCfg = Release|Any CPU
		{4C30447B-8AB9-410C-845D-01D87BC63677}.Ad-Hoc|Any CPU.Build.0 = Release|Any CPU
		{4C30447B-8AB9-410C-845D-01D87BC63677}.Ad-Hoc|iPhone.ActiveCfg = Release|Any CPU
		{4C30447B-8AB9-410C-845D-01D87BC63677}.Ad-Hoc|iPhoneSimulator.ActiveCfg = Release|Any CPU
		{4C30447B-8AB9-410C-845D-01D87BC63677}.Ad-Hoc|Mixed Platforms.ActiveCfg = Release|Any CPU
		{4C30447B-8AB9-410C-845D-01D87BC63677}.Ad-Hoc|Mixed Platforms.Build.0 = Release|Any CPU
		{4C30447B-8AB9-410C-845D-01D87BC63677}.Ad-Hoc|x86.ActiveCfg = Release|Any CPU
		{4C30447B-8AB9-410C-845D-01D87BC63677}.AppStore|Any CPU.ActiveCfg = Release|Any CPU
		{4C30447B-8AB9-410C-845D-01D87BC63677}.AppStore|Any CPU.Build.0 = Release|Any CPU
		{4C30447B-8AB9-410C-845D-01D87BC63677}.AppStore|iPhone.ActiveCfg = Release|Any CPU
		{4C30447B-8AB9-410C-845D-01D87BC63677}.AppStore|iPhoneSimulator.ActiveCfg = Release|Any CPU
		{4C30447B-8AB9-410C-845D-01D87BC63677}.AppStore|Mixed Platforms.ActiveCfg = Release|Any CPU
		{4C30447B-8AB9-410C-845D-01D87BC63677}.AppStore|Mixed Platforms.Build.0 = Release|Any CPU
		{4C30447B-8AB9-410C-845D-01D87BC63677}.AppStore|x86.ActiveCfg = Release|Any CPU
		{4C30447B-8AB9-410C-845D-01D87BC63677}.Debug|Any CPU.ActiveCfg = Debug|Any CPU
		{4C30447B-8AB9-410C-845D-01D87BC63677}.Debug|Any CPU.Build.0 = Debug|Any CPU
		{4C30447B-8AB9-410C-845D-01D87BC63677}.Debug|iPhone.ActiveCfg = Debug|Any CPU
		{4C30447B-8AB9-410C-845D-01D87BC63677}.Debug|iPhoneSimulator.ActiveCfg = Debug|Any CPU
		{4C30447B-8AB9-410C-845D-01D87BC63677}.Debug|Mixed Platforms.ActiveCfg = Debug|Any CPU
		{4C30447B-8AB9-410C-845D-01D87BC63677}.Debug|Mixed Platforms.Build.0 = Debug|Any CPU
		{4C30447B-8AB9-410C-845D-01D87BC63677}.Debug|x86.ActiveCfg = Debug|Any CPU
		{4C30447B-8AB9-410C-845D-01D87BC63677}.Release|Any CPU.ActiveCfg = Release|Any CPU
		{4C30447B-8AB9-410C-845D-01D87BC63677}.Release|Any CPU.Build.0 = Release|Any CPU
		{4C30447B-8AB9-410C-845D-01D87BC63677}.Release|iPhone.ActiveCfg = Release|Any CPU
		{4C30447B-8AB9-410C-845D-01D87BC63677}.Release|iPhoneSimulator.ActiveCfg = Release|Any CPU
		{4C30447B-8AB9-410C-845D-01D87BC63677}.Release|Mixed Platforms.ActiveCfg = Release|Any CPU
		{4C30447B-8AB9-410C-845D-01D87BC63677}.Release|Mixed Platforms.Build.0 = Release|Any CPU
		{4C30447B-8AB9-410C-845D-01D87BC63677}.Release|x86.ActiveCfg = Release|Any CPU
		{2BF2239F-0B0D-43A7-80E1-8EF3AE92D276}.Ad-Hoc|Any CPU.ActiveCfg = Release|Any CPU
		{2BF2239F-0B0D-43A7-80E1-8EF3AE92D276}.Ad-Hoc|Any CPU.Build.0 = Release|Any CPU
		{2BF2239F-0B0D-43A7-80E1-8EF3AE92D276}.Ad-Hoc|iPhone.ActiveCfg = Release|Any CPU
		{2BF2239F-0B0D-43A7-80E1-8EF3AE92D276}.Ad-Hoc|iPhoneSimulator.ActiveCfg = Release|Any CPU
		{2BF2239F-0B0D-43A7-80E1-8EF3AE92D276}.Ad-Hoc|Mixed Platforms.ActiveCfg = Release|Any CPU
		{2BF2239F-0B0D-43A7-80E1-8EF3AE92D276}.Ad-Hoc|Mixed Platforms.Build.0 = Release|Any CPU
		{2BF2239F-0B0D-43A7-80E1-8EF3AE92D276}.Ad-Hoc|x86.ActiveCfg = Release|Any CPU
		{2BF2239F-0B0D-43A7-80E1-8EF3AE92D276}.AppStore|Any CPU.ActiveCfg = Release|Any CPU
		{2BF2239F-0B0D-43A7-80E1-8EF3AE92D276}.AppStore|Any CPU.Build.0 = Release|Any CPU
		{2BF2239F-0B0D-43A7-80E1-8EF3AE92D276}.AppStore|iPhone.ActiveCfg = Release|Any CPU
		{2BF2239F-0B0D-43A7-80E1-8EF3AE92D276}.AppStore|iPhoneSimulator.ActiveCfg = Release|Any CPU
		{2BF2239F-0B0D-43A7-80E1-8EF3AE92D276}.AppStore|Mixed Platforms.ActiveCfg = Release|Any CPU
		{2BF2239F-0B0D-43A7-80E1-8EF3AE92D276}.AppStore|Mixed Platforms.Build.0 = Release|Any CPU
		{2BF2239F-0B0D-43A7-80E1-8EF3AE92D276}.AppStore|x86.ActiveCfg = Release|Any CPU
		{2BF2239F-0B0D-43A7-80E1-8EF3AE92D276}.Debug|Any CPU.ActiveCfg = Debug|Any CPU
		{2BF2239F-0B0D-43A7-80E1-8EF3AE92D276}.Debug|Any CPU.Build.0 = Debug|Any CPU
		{2BF2239F-0B0D-43A7-80E1-8EF3AE92D276}.Debug|iPhone.ActiveCfg = Debug|Any CPU
		{2BF2239F-0B0D-43A7-80E1-8EF3AE92D276}.Debug|iPhoneSimulator.ActiveCfg = Debug|Any CPU
		{2BF2239F-0B0D-43A7-80E1-8EF3AE92D276}.Debug|Mixed Platforms.ActiveCfg = Debug|Any CPU
		{2BF2239F-0B0D-43A7-80E1-8EF3AE92D276}.Debug|Mixed Platforms.Build.0 = Debug|Any CPU
		{2BF2239F-0B0D-43A7-80E1-8EF3AE92D276}.Debug|x86.ActiveCfg = Debug|Any CPU
		{2BF2239F-0B0D-43A7-80E1-8EF3AE92D276}.Release|Any CPU.ActiveCfg = Release|Any CPU
		{2BF2239F-0B0D-43A7-80E1-8EF3AE92D276}.Release|Any CPU.Build.0 = Release|Any CPU
		{2BF2239F-0B0D-43A7-80E1-8EF3AE92D276}.Release|iPhone.ActiveCfg = Release|Any CPU
		{2BF2239F-0B0D-43A7-80E1-8EF3AE92D276}.Release|iPhoneSimulator.ActiveCfg = Release|Any CPU
		{2BF2239F-0B0D-43A7-80E1-8EF3AE92D276}.Release|Mixed Platforms.ActiveCfg = Release|Any CPU
		{2BF2239F-0B0D-43A7-80E1-8EF3AE92D276}.Release|Mixed Platforms.Build.0 = Release|Any CPU
		{2BF2239F-0B0D-43A7-80E1-8EF3AE92D276}.Release|x86.ActiveCfg = Release|Any CPU
		{DA8ACB60-5533-416C-8B11-71AB3AA9C8A0}.Ad-Hoc|Any CPU.ActiveCfg = Release|Any CPU
		{DA8ACB60-5533-416C-8B11-71AB3AA9C8A0}.Ad-Hoc|Any CPU.Build.0 = Release|Any CPU
		{DA8ACB60-5533-416C-8B11-71AB3AA9C8A0}.Ad-Hoc|iPhone.ActiveCfg = Release|Any CPU
		{DA8ACB60-5533-416C-8B11-71AB3AA9C8A0}.Ad-Hoc|iPhoneSimulator.ActiveCfg = Release|Any CPU
		{DA8ACB60-5533-416C-8B11-71AB3AA9C8A0}.Ad-Hoc|Mixed Platforms.ActiveCfg = Release|Any CPU
		{DA8ACB60-5533-416C-8B11-71AB3AA9C8A0}.Ad-Hoc|Mixed Platforms.Build.0 = Release|Any CPU
		{DA8ACB60-5533-416C-8B11-71AB3AA9C8A0}.Ad-Hoc|x86.ActiveCfg = Release|Any CPU
		{DA8ACB60-5533-416C-8B11-71AB3AA9C8A0}.AppStore|Any CPU.ActiveCfg = Release|Any CPU
		{DA8ACB60-5533-416C-8B11-71AB3AA9C8A0}.AppStore|Any CPU.Build.0 = Release|Any CPU
		{DA8ACB60-5533-416C-8B11-71AB3AA9C8A0}.AppStore|iPhone.ActiveCfg = Release|Any CPU
		{DA8ACB60-5533-416C-8B11-71AB3AA9C8A0}.AppStore|iPhoneSimulator.ActiveCfg = Release|Any CPU
		{DA8ACB60-5533-416C-8B11-71AB3AA9C8A0}.AppStore|Mixed Platforms.ActiveCfg = Release|Any CPU
		{DA8ACB60-5533-416C-8B11-71AB3AA9C8A0}.AppStore|Mixed Platforms.Build.0 = Release|Any CPU
		{DA8ACB60-5533-416C-8B11-71AB3AA9C8A0}.AppStore|x86.ActiveCfg = Release|Any CPU
		{DA8ACB60-5533-416C-8B11-71AB3AA9C8A0}.Debug|Any CPU.ActiveCfg = Debug|Any CPU
		{DA8ACB60-5533-416C-8B11-71AB3AA9C8A0}.Debug|Any CPU.Build.0 = Debug|Any CPU
		{DA8ACB60-5533-416C-8B11-71AB3AA9C8A0}.Debug|iPhone.ActiveCfg = Debug|Any CPU
		{DA8ACB60-5533-416C-8B11-71AB3AA9C8A0}.Debug|iPhoneSimulator.ActiveCfg = Debug|Any CPU
		{DA8ACB60-5533-416C-8B11-71AB3AA9C8A0}.Debug|Mixed Platforms.ActiveCfg = Debug|Any CPU
		{DA8ACB60-5533-416C-8B11-71AB3AA9C8A0}.Debug|Mixed Platforms.Build.0 = Debug|Any CPU
		{DA8ACB60-5533-416C-8B11-71AB3AA9C8A0}.Debug|x86.ActiveCfg = Debug|Any CPU
		{DA8ACB60-5533-416C-8B11-71AB3AA9C8A0}.Release|Any CPU.ActiveCfg = Release|Any CPU
		{DA8ACB60-5533-416C-8B11-71AB3AA9C8A0}.Release|Any CPU.Build.0 = Release|Any CPU
		{DA8ACB60-5533-416C-8B11-71AB3AA9C8A0}.Release|iPhone.ActiveCfg = Release|Any CPU
		{DA8ACB60-5533-416C-8B11-71AB3AA9C8A0}.Release|iPhoneSimulator.ActiveCfg = Release|Any CPU
		{DA8ACB60-5533-416C-8B11-71AB3AA9C8A0}.Release|Mixed Platforms.ActiveCfg = Release|Any CPU
		{DA8ACB60-5533-416C-8B11-71AB3AA9C8A0}.Release|Mixed Platforms.Build.0 = Release|Any CPU
		{DA8ACB60-5533-416C-8B11-71AB3AA9C8A0}.Release|x86.ActiveCfg = Release|Any CPU
		{362C14A9-E604-46DE-8A84-F83F0A463605}.Ad-Hoc|Any CPU.ActiveCfg = Release|Any CPU
		{362C14A9-E604-46DE-8A84-F83F0A463605}.Ad-Hoc|Any CPU.Build.0 = Release|Any CPU
		{362C14A9-E604-46DE-8A84-F83F0A463605}.Ad-Hoc|iPhone.ActiveCfg = Release|Any CPU
		{362C14A9-E604-46DE-8A84-F83F0A463605}.Ad-Hoc|iPhoneSimulator.ActiveCfg = Release|Any CPU
		{362C14A9-E604-46DE-8A84-F83F0A463605}.Ad-Hoc|Mixed Platforms.ActiveCfg = Release|Any CPU
		{362C14A9-E604-46DE-8A84-F83F0A463605}.Ad-Hoc|Mixed Platforms.Build.0 = Release|Any CPU
		{362C14A9-E604-46DE-8A84-F83F0A463605}.Ad-Hoc|x86.ActiveCfg = Release|Any CPU
		{362C14A9-E604-46DE-8A84-F83F0A463605}.AppStore|Any CPU.ActiveCfg = Release|Any CPU
		{362C14A9-E604-46DE-8A84-F83F0A463605}.AppStore|Any CPU.Build.0 = Release|Any CPU
		{362C14A9-E604-46DE-8A84-F83F0A463605}.AppStore|iPhone.ActiveCfg = Release|Any CPU
		{362C14A9-E604-46DE-8A84-F83F0A463605}.AppStore|iPhoneSimulator.ActiveCfg = Release|Any CPU
		{362C14A9-E604-46DE-8A84-F83F0A463605}.AppStore|Mixed Platforms.ActiveCfg = Release|Any CPU
		{362C14A9-E604-46DE-8A84-F83F0A463605}.AppStore|Mixed Platforms.Build.0 = Release|Any CPU
		{362C14A9-E604-46DE-8A84-F83F0A463605}.AppStore|x86.ActiveCfg = Release|Any CPU
		{362C14A9-E604-46DE-8A84-F83F0A463605}.Debug|Any CPU.ActiveCfg = Debug|Any CPU
		{362C14A9-E604-46DE-8A84-F83F0A463605}.Debug|Any CPU.Build.0 = Debug|Any CPU
		{362C14A9-E604-46DE-8A84-F83F0A463605}.Debug|iPhone.ActiveCfg = Debug|Any CPU
		{362C14A9-E604-46DE-8A84-F83F0A463605}.Debug|iPhoneSimulator.ActiveCfg = Debug|Any CPU
		{362C14A9-E604-46DE-8A84-F83F0A463605}.Debug|Mixed Platforms.ActiveCfg = Debug|Any CPU
		{362C14A9-E604-46DE-8A84-F83F0A463605}.Debug|Mixed Platforms.Build.0 = Debug|Any CPU
		{362C14A9-E604-46DE-8A84-F83F0A463605}.Debug|x86.ActiveCfg = Debug|Any CPU
		{362C14A9-E604-46DE-8A84-F83F0A463605}.Release|Any CPU.ActiveCfg = Release|Any CPU
		{362C14A9-E604-46DE-8A84-F83F0A463605}.Release|Any CPU.Build.0 = Release|Any CPU
		{362C14A9-E604-46DE-8A84-F83F0A463605}.Release|iPhone.ActiveCfg = Release|Any CPU
		{362C14A9-E604-46DE-8A84-F83F0A463605}.Release|iPhoneSimulator.ActiveCfg = Release|Any CPU
		{362C14A9-E604-46DE-8A84-F83F0A463605}.Release|Mixed Platforms.ActiveCfg = Release|Any CPU
		{362C14A9-E604-46DE-8A84-F83F0A463605}.Release|Mixed Platforms.Build.0 = Release|Any CPU
		{362C14A9-E604-46DE-8A84-F83F0A463605}.Release|x86.ActiveCfg = Release|Any CPU
		{9B4C0421-22CB-4902-A398-0FB741459051}.Ad-Hoc|Any CPU.ActiveCfg = Release|iPhone
		{9B4C0421-22CB-4902-A398-0FB741459051}.Ad-Hoc|iPhone.ActiveCfg = Release|iPhone
		{9B4C0421-22CB-4902-A398-0FB741459051}.Ad-Hoc|iPhone.Build.0 = Release|iPhone
		{9B4C0421-22CB-4902-A398-0FB741459051}.Ad-Hoc|iPhoneSimulator.ActiveCfg = Release|iPhone
		{9B4C0421-22CB-4902-A398-0FB741459051}.Ad-Hoc|Mixed Platforms.ActiveCfg = Release|iPhone
		{9B4C0421-22CB-4902-A398-0FB741459051}.Ad-Hoc|Mixed Platforms.Build.0 = Release|iPhone
		{9B4C0421-22CB-4902-A398-0FB741459051}.Ad-Hoc|x86.ActiveCfg = Release|iPhone
		{9B4C0421-22CB-4902-A398-0FB741459051}.AppStore|Any CPU.ActiveCfg = Release|iPhone
		{9B4C0421-22CB-4902-A398-0FB741459051}.AppStore|iPhone.ActiveCfg = Release|iPhone
		{9B4C0421-22CB-4902-A398-0FB741459051}.AppStore|iPhone.Build.0 = Release|iPhone
		{9B4C0421-22CB-4902-A398-0FB741459051}.AppStore|iPhoneSimulator.ActiveCfg = Release|iPhone
		{9B4C0421-22CB-4902-A398-0FB741459051}.AppStore|Mixed Platforms.ActiveCfg = Release|iPhone
		{9B4C0421-22CB-4902-A398-0FB741459051}.AppStore|Mixed Platforms.Build.0 = Release|iPhone
		{9B4C0421-22CB-4902-A398-0FB741459051}.AppStore|x86.ActiveCfg = Release|iPhone
		{9B4C0421-22CB-4902-A398-0FB741459051}.Debug|Any CPU.ActiveCfg = Debug|iPhone
		{9B4C0421-22CB-4902-A398-0FB741459051}.Debug|iPhone.ActiveCfg = Debug|iPhone
		{9B4C0421-22CB-4902-A398-0FB741459051}.Debug|iPhone.Build.0 = Debug|iPhone
		{9B4C0421-22CB-4902-A398-0FB741459051}.Debug|iPhoneSimulator.ActiveCfg = Debug|iPhoneSimulator
		{9B4C0421-22CB-4902-A398-0FB741459051}.Debug|iPhoneSimulator.Build.0 = Debug|iPhoneSimulator
		{9B4C0421-22CB-4902-A398-0FB741459051}.Debug|Mixed Platforms.ActiveCfg = Debug|iPhone
		{9B4C0421-22CB-4902-A398-0FB741459051}.Debug|Mixed Platforms.Build.0 = Debug|iPhone
		{9B4C0421-22CB-4902-A398-0FB741459051}.Debug|x86.ActiveCfg = Debug|iPhone
		{9B4C0421-22CB-4902-A398-0FB741459051}.Release|Any CPU.ActiveCfg = Release|iPhone
		{9B4C0421-22CB-4902-A398-0FB741459051}.Release|iPhone.ActiveCfg = Release|iPhone
		{9B4C0421-22CB-4902-A398-0FB741459051}.Release|iPhone.Build.0 = Release|iPhone
		{9B4C0421-22CB-4902-A398-0FB741459051}.Release|iPhoneSimulator.ActiveCfg = Release|iPhoneSimulator
		{9B4C0421-22CB-4902-A398-0FB741459051}.Release|iPhoneSimulator.Build.0 = Release|iPhoneSimulator
		{9B4C0421-22CB-4902-A398-0FB741459051}.Release|Mixed Platforms.ActiveCfg = Release|iPhone
		{9B4C0421-22CB-4902-A398-0FB741459051}.Release|Mixed Platforms.Build.0 = Release|iPhone
		{9B4C0421-22CB-4902-A398-0FB741459051}.Release|x86.ActiveCfg = Release|iPhone
		{8AD5D97C-1ADA-4EF1-94FD-A5238B725697}.Ad-Hoc|Any CPU.ActiveCfg = Release|Any CPU
		{8AD5D97C-1ADA-4EF1-94FD-A5238B725697}.Ad-Hoc|Any CPU.Build.0 = Release|Any CPU
		{8AD5D97C-1ADA-4EF1-94FD-A5238B725697}.Ad-Hoc|iPhone.ActiveCfg = Release|Any CPU
		{8AD5D97C-1ADA-4EF1-94FD-A5238B725697}.Ad-Hoc|iPhoneSimulator.ActiveCfg = Release|Any CPU
		{8AD5D97C-1ADA-4EF1-94FD-A5238B725697}.Ad-Hoc|Mixed Platforms.ActiveCfg = Release|Any CPU
		{8AD5D97C-1ADA-4EF1-94FD-A5238B725697}.Ad-Hoc|Mixed Platforms.Build.0 = Release|Any CPU
		{8AD5D97C-1ADA-4EF1-94FD-A5238B725697}.Ad-Hoc|x86.ActiveCfg = Release|Any CPU
		{8AD5D97C-1ADA-4EF1-94FD-A5238B725697}.AppStore|Any CPU.ActiveCfg = Release|Any CPU
		{8AD5D97C-1ADA-4EF1-94FD-A5238B725697}.AppStore|Any CPU.Build.0 = Release|Any CPU
		{8AD5D97C-1ADA-4EF1-94FD-A5238B725697}.AppStore|iPhone.ActiveCfg = Release|Any CPU
		{8AD5D97C-1ADA-4EF1-94FD-A5238B725697}.AppStore|iPhoneSimulator.ActiveCfg = Release|Any CPU
		{8AD5D97C-1ADA-4EF1-94FD-A5238B725697}.AppStore|Mixed Platforms.ActiveCfg = Release|Any CPU
		{8AD5D97C-1ADA-4EF1-94FD-A5238B725697}.AppStore|Mixed Platforms.Build.0 = Release|Any CPU
		{8AD5D97C-1ADA-4EF1-94FD-A5238B725697}.AppStore|x86.ActiveCfg = Release|Any CPU
		{8AD5D97C-1ADA-4EF1-94FD-A5238B725697}.Debug|Any CPU.ActiveCfg = Debug|Any CPU
		{8AD5D97C-1ADA-4EF1-94FD-A5238B725697}.Debug|Any CPU.Build.0 = Debug|Any CPU
		{8AD5D97C-1ADA-4EF1-94FD-A5238B725697}.Debug|iPhone.ActiveCfg = Debug|Any CPU
		{8AD5D97C-1ADA-4EF1-94FD-A5238B725697}.Debug|iPhoneSimulator.ActiveCfg = Debug|Any CPU
		{8AD5D97C-1ADA-4EF1-94FD-A5238B725697}.Debug|Mixed Platforms.ActiveCfg = Debug|Any CPU
		{8AD5D97C-1ADA-4EF1-94FD-A5238B725697}.Debug|Mixed Platforms.Build.0 = Debug|Any CPU
		{8AD5D97C-1ADA-4EF1-94FD-A5238B725697}.Debug|x86.ActiveCfg = Debug|Any CPU
		{8AD5D97C-1ADA-4EF1-94FD-A5238B725697}.Release|Any CPU.ActiveCfg = Release|Any CPU
		{8AD5D97C-1ADA-4EF1-94FD-A5238B725697}.Release|Any CPU.Build.0 = Release|Any CPU
		{8AD5D97C-1ADA-4EF1-94FD-A5238B725697}.Release|iPhone.ActiveCfg = Release|Any CPU
		{8AD5D97C-1ADA-4EF1-94FD-A5238B725697}.Release|iPhoneSimulator.ActiveCfg = Release|Any CPU
		{8AD5D97C-1ADA-4EF1-94FD-A5238B725697}.Release|Mixed Platforms.ActiveCfg = Release|Any CPU
		{8AD5D97C-1ADA-4EF1-94FD-A5238B725697}.Release|Mixed Platforms.Build.0 = Release|Any CPU
		{8AD5D97C-1ADA-4EF1-94FD-A5238B725697}.Release|x86.ActiveCfg = Release|Any CPU
		{A0B47FF8-6006-4681-9C4E-B5E69670B139}.Ad-Hoc|Any CPU.ActiveCfg = Release|Any CPU
		{A0B47FF8-6006-4681-9C4E-B5E69670B139}.Ad-Hoc|Any CPU.Build.0 = Release|Any CPU
		{A0B47FF8-6006-4681-9C4E-B5E69670B139}.Ad-Hoc|iPhone.ActiveCfg = Release|Any CPU
		{A0B47FF8-6006-4681-9C4E-B5E69670B139}.Ad-Hoc|iPhoneSimulator.ActiveCfg = Release|Any CPU
		{A0B47FF8-6006-4681-9C4E-B5E69670B139}.Ad-Hoc|Mixed Platforms.ActiveCfg = Release|Any CPU
		{A0B47FF8-6006-4681-9C4E-B5E69670B139}.Ad-Hoc|Mixed Platforms.Build.0 = Release|Any CPU
		{A0B47FF8-6006-4681-9C4E-B5E69670B139}.Ad-Hoc|x86.ActiveCfg = Release|Any CPU
		{A0B47FF8-6006-4681-9C4E-B5E69670B139}.AppStore|Any CPU.ActiveCfg = Release|Any CPU
		{A0B47FF8-6006-4681-9C4E-B5E69670B139}.AppStore|Any CPU.Build.0 = Release|Any CPU
		{A0B47FF8-6006-4681-9C4E-B5E69670B139}.AppStore|iPhone.ActiveCfg = Release|Any CPU
		{A0B47FF8-6006-4681-9C4E-B5E69670B139}.AppStore|iPhoneSimulator.ActiveCfg = Release|Any CPU
		{A0B47FF8-6006-4681-9C4E-B5E69670B139}.AppStore|Mixed Platforms.ActiveCfg = Release|Any CPU
		{A0B47FF8-6006-4681-9C4E-B5E69670B139}.AppStore|Mixed Platforms.Build.0 = Release|Any CPU
		{A0B47FF8-6006-4681-9C4E-B5E69670B139}.AppStore|x86.ActiveCfg = Release|Any CPU
		{A0B47FF8-6006-4681-9C4E-B5E69670B139}.Debug|Any CPU.ActiveCfg = Debug|Any CPU
		{A0B47FF8-6006-4681-9C4E-B5E69670B139}.Debug|Any CPU.Build.0 = Debug|Any CPU
		{A0B47FF8-6006-4681-9C4E-B5E69670B139}.Debug|iPhone.ActiveCfg = Debug|Any CPU
		{A0B47FF8-6006-4681-9C4E-B5E69670B139}.Debug|iPhoneSimulator.ActiveCfg = Debug|Any CPU
		{A0B47FF8-6006-4681-9C4E-B5E69670B139}.Debug|Mixed Platforms.ActiveCfg = Debug|Any CPU
		{A0B47FF8-6006-4681-9C4E-B5E69670B139}.Debug|Mixed Platforms.Build.0 = Debug|Any CPU
		{A0B47FF8-6006-4681-9C4E-B5E69670B139}.Debug|x86.ActiveCfg = Debug|Any CPU
		{A0B47FF8-6006-4681-9C4E-B5E69670B139}.Release|Any CPU.ActiveCfg = Release|Any CPU
		{A0B47FF8-6006-4681-9C4E-B5E69670B139}.Release|Any CPU.Build.0 = Release|Any CPU
		{A0B47FF8-6006-4681-9C4E-B5E69670B139}.Release|iPhone.ActiveCfg = Release|Any CPU
		{A0B47FF8-6006-4681-9C4E-B5E69670B139}.Release|iPhoneSimulator.ActiveCfg = Release|Any CPU
		{A0B47FF8-6006-4681-9C4E-B5E69670B139}.Release|Mixed Platforms.ActiveCfg = Release|Any CPU
		{A0B47FF8-6006-4681-9C4E-B5E69670B139}.Release|Mixed Platforms.Build.0 = Release|Any CPU
		{A0B47FF8-6006-4681-9C4E-B5E69670B139}.Release|x86.ActiveCfg = Release|Any CPU
		{457B40A0-5FF1-4E97-AB2A-D8BA4AEA644D}.Ad-Hoc|Any CPU.ActiveCfg = Release|Any CPU
		{457B40A0-5FF1-4E97-AB2A-D8BA4AEA644D}.Ad-Hoc|Any CPU.Build.0 = Release|Any CPU
		{457B40A0-5FF1-4E97-AB2A-D8BA4AEA644D}.Ad-Hoc|iPhone.ActiveCfg = Release|Any CPU
		{457B40A0-5FF1-4E97-AB2A-D8BA4AEA644D}.Ad-Hoc|iPhoneSimulator.ActiveCfg = Release|Any CPU
		{457B40A0-5FF1-4E97-AB2A-D8BA4AEA644D}.Ad-Hoc|Mixed Platforms.ActiveCfg = Release|Any CPU
		{457B40A0-5FF1-4E97-AB2A-D8BA4AEA644D}.Ad-Hoc|Mixed Platforms.Build.0 = Release|Any CPU
		{457B40A0-5FF1-4E97-AB2A-D8BA4AEA644D}.Ad-Hoc|x86.ActiveCfg = Release|Any CPU
		{457B40A0-5FF1-4E97-AB2A-D8BA4AEA644D}.AppStore|Any CPU.ActiveCfg = Release|Any CPU
		{457B40A0-5FF1-4E97-AB2A-D8BA4AEA644D}.AppStore|Any CPU.Build.0 = Release|Any CPU
		{457B40A0-5FF1-4E97-AB2A-D8BA4AEA644D}.AppStore|iPhone.ActiveCfg = Release|Any CPU
		{457B40A0-5FF1-4E97-AB2A-D8BA4AEA644D}.AppStore|iPhoneSimulator.ActiveCfg = Release|Any CPU
		{457B40A0-5FF1-4E97-AB2A-D8BA4AEA644D}.AppStore|Mixed Platforms.ActiveCfg = Release|Any CPU
		{457B40A0-5FF1-4E97-AB2A-D8BA4AEA644D}.AppStore|Mixed Platforms.Build.0 = Release|Any CPU
		{457B40A0-5FF1-4E97-AB2A-D8BA4AEA644D}.AppStore|x86.ActiveCfg = Release|Any CPU
		{457B40A0-5FF1-4E97-AB2A-D8BA4AEA644D}.Debug|Any CPU.ActiveCfg = Debug|Any CPU
		{457B40A0-5FF1-4E97-AB2A-D8BA4AEA644D}.Debug|Any CPU.Build.0 = Debug|Any CPU
		{457B40A0-5FF1-4E97-AB2A-D8BA4AEA644D}.Debug|iPhone.ActiveCfg = Debug|Any CPU
		{457B40A0-5FF1-4E97-AB2A-D8BA4AEA644D}.Debug|iPhoneSimulator.ActiveCfg = Debug|Any CPU
		{457B40A0-5FF1-4E97-AB2A-D8BA4AEA644D}.Debug|Mixed Platforms.ActiveCfg = Debug|Any CPU
		{457B40A0-5FF1-4E97-AB2A-D8BA4AEA644D}.Debug|Mixed Platforms.Build.0 = Debug|Any CPU
		{457B40A0-5FF1-4E97-AB2A-D8BA4AEA644D}.Debug|x86.ActiveCfg = Debug|Any CPU
		{457B40A0-5FF1-4E97-AB2A-D8BA4AEA644D}.Release|Any CPU.ActiveCfg = Release|Any CPU
		{457B40A0-5FF1-4E97-AB2A-D8BA4AEA644D}.Release|Any CPU.Build.0 = Release|Any CPU
		{457B40A0-5FF1-4E97-AB2A-D8BA4AEA644D}.Release|iPhone.ActiveCfg = Release|Any CPU
		{457B40A0-5FF1-4E97-AB2A-D8BA4AEA644D}.Release|iPhoneSimulator.ActiveCfg = Release|Any CPU
		{457B40A0-5FF1-4E97-AB2A-D8BA4AEA644D}.Release|Mixed Platforms.ActiveCfg = Release|Any CPU
		{457B40A0-5FF1-4E97-AB2A-D8BA4AEA644D}.Release|Mixed Platforms.Build.0 = Release|Any CPU
		{457B40A0-5FF1-4E97-AB2A-D8BA4AEA644D}.Release|x86.ActiveCfg = Release|Any CPU
		{14B44E89-60BD-4BEC-B618-9A012C301728}.Ad-Hoc|Any CPU.ActiveCfg = Release|Any CPU
		{14B44E89-60BD-4BEC-B618-9A012C301728}.Ad-Hoc|Any CPU.Build.0 = Release|Any CPU
		{14B44E89-60BD-4BEC-B618-9A012C301728}.Ad-Hoc|Any CPU.Deploy.0 = Release|Any CPU
		{14B44E89-60BD-4BEC-B618-9A012C301728}.Ad-Hoc|iPhone.ActiveCfg = Release|Any CPU
		{14B44E89-60BD-4BEC-B618-9A012C301728}.Ad-Hoc|iPhoneSimulator.ActiveCfg = Release|Any CPU
		{14B44E89-60BD-4BEC-B618-9A012C301728}.Ad-Hoc|Mixed Platforms.ActiveCfg = Release|Any CPU
		{14B44E89-60BD-4BEC-B618-9A012C301728}.Ad-Hoc|Mixed Platforms.Build.0 = Release|Any CPU
		{14B44E89-60BD-4BEC-B618-9A012C301728}.Ad-Hoc|Mixed Platforms.Deploy.0 = Release|Any CPU
		{14B44E89-60BD-4BEC-B618-9A012C301728}.Ad-Hoc|x86.ActiveCfg = Release|Any CPU
		{14B44E89-60BD-4BEC-B618-9A012C301728}.AppStore|Any CPU.ActiveCfg = Release|Any CPU
		{14B44E89-60BD-4BEC-B618-9A012C301728}.AppStore|Any CPU.Build.0 = Release|Any CPU
		{14B44E89-60BD-4BEC-B618-9A012C301728}.AppStore|Any CPU.Deploy.0 = Release|Any CPU
		{14B44E89-60BD-4BEC-B618-9A012C301728}.AppStore|iPhone.ActiveCfg = Release|Any CPU
		{14B44E89-60BD-4BEC-B618-9A012C301728}.AppStore|iPhoneSimulator.ActiveCfg = Release|Any CPU
		{14B44E89-60BD-4BEC-B618-9A012C301728}.AppStore|Mixed Platforms.ActiveCfg = Release|Any CPU
		{14B44E89-60BD-4BEC-B618-9A012C301728}.AppStore|Mixed Platforms.Build.0 = Release|Any CPU
		{14B44E89-60BD-4BEC-B618-9A012C301728}.AppStore|Mixed Platforms.Deploy.0 = Release|Any CPU
		{14B44E89-60BD-4BEC-B618-9A012C301728}.AppStore|x86.ActiveCfg = Release|Any CPU
		{14B44E89-60BD-4BEC-B618-9A012C301728}.Debug|Any CPU.ActiveCfg = Debug|Any CPU
		{14B44E89-60BD-4BEC-B618-9A012C301728}.Debug|Any CPU.Build.0 = Debug|Any CPU
		{14B44E89-60BD-4BEC-B618-9A012C301728}.Debug|Any CPU.Deploy.0 = Debug|Any CPU
		{14B44E89-60BD-4BEC-B618-9A012C301728}.Debug|iPhone.ActiveCfg = Debug|Any CPU
		{14B44E89-60BD-4BEC-B618-9A012C301728}.Debug|iPhoneSimulator.ActiveCfg = Debug|Any CPU
		{14B44E89-60BD-4BEC-B618-9A012C301728}.Debug|Mixed Platforms.ActiveCfg = Debug|Any CPU
		{14B44E89-60BD-4BEC-B618-9A012C301728}.Debug|Mixed Platforms.Build.0 = Debug|Any CPU
		{14B44E89-60BD-4BEC-B618-9A012C301728}.Debug|Mixed Platforms.Deploy.0 = Debug|Any CPU
		{14B44E89-60BD-4BEC-B618-9A012C301728}.Debug|x86.ActiveCfg = Debug|Any CPU
		{14B44E89-60BD-4BEC-B618-9A012C301728}.Release|Any CPU.ActiveCfg = Release|Any CPU
		{14B44E89-60BD-4BEC-B618-9A012C301728}.Release|Any CPU.Build.0 = Release|Any CPU
		{14B44E89-60BD-4BEC-B618-9A012C301728}.Release|Any CPU.Deploy.0 = Release|Any CPU
		{14B44E89-60BD-4BEC-B618-9A012C301728}.Release|iPhone.ActiveCfg = Release|Any CPU
		{14B44E89-60BD-4BEC-B618-9A012C301728}.Release|iPhoneSimulator.ActiveCfg = Release|Any CPU
		{14B44E89-60BD-4BEC-B618-9A012C301728}.Release|Mixed Platforms.ActiveCfg = Release|Any CPU
		{14B44E89-60BD-4BEC-B618-9A012C301728}.Release|Mixed Platforms.Build.0 = Release|Any CPU
		{14B44E89-60BD-4BEC-B618-9A012C301728}.Release|Mixed Platforms.Deploy.0 = Release|Any CPU
		{14B44E89-60BD-4BEC-B618-9A012C301728}.Release|x86.ActiveCfg = Release|Any CPU
		{77908D16-308D-46D3-A832-D5E4E60AA490}.Ad-Hoc|Any CPU.ActiveCfg = Release|Any CPU
		{77908D16-308D-46D3-A832-D5E4E60AA490}.Ad-Hoc|Any CPU.Build.0 = Release|Any CPU
		{77908D16-308D-46D3-A832-D5E4E60AA490}.Ad-Hoc|Any CPU.Deploy.0 = Release|Any CPU
		{77908D16-308D-46D3-A832-D5E4E60AA490}.Ad-Hoc|iPhone.ActiveCfg = Release|Any CPU
		{77908D16-308D-46D3-A832-D5E4E60AA490}.Ad-Hoc|iPhoneSimulator.ActiveCfg = Release|Any CPU
		{77908D16-308D-46D3-A832-D5E4E60AA490}.Ad-Hoc|Mixed Platforms.ActiveCfg = Release|Any CPU
		{77908D16-308D-46D3-A832-D5E4E60AA490}.Ad-Hoc|Mixed Platforms.Build.0 = Release|Any CPU
		{77908D16-308D-46D3-A832-D5E4E60AA490}.Ad-Hoc|Mixed Platforms.Deploy.0 = Release|Any CPU
		{77908D16-308D-46D3-A832-D5E4E60AA490}.Ad-Hoc|x86.ActiveCfg = Release|Any CPU
		{77908D16-308D-46D3-A832-D5E4E60AA490}.AppStore|Any CPU.ActiveCfg = Release|Any CPU
		{77908D16-308D-46D3-A832-D5E4E60AA490}.AppStore|Any CPU.Build.0 = Release|Any CPU
		{77908D16-308D-46D3-A832-D5E4E60AA490}.AppStore|Any CPU.Deploy.0 = Release|Any CPU
		{77908D16-308D-46D3-A832-D5E4E60AA490}.AppStore|iPhone.ActiveCfg = Release|Any CPU
		{77908D16-308D-46D3-A832-D5E4E60AA490}.AppStore|iPhoneSimulator.ActiveCfg = Release|Any CPU
		{77908D16-308D-46D3-A832-D5E4E60AA490}.AppStore|Mixed Platforms.ActiveCfg = Release|Any CPU
		{77908D16-308D-46D3-A832-D5E4E60AA490}.AppStore|Mixed Platforms.Build.0 = Release|Any CPU
		{77908D16-308D-46D3-A832-D5E4E60AA490}.AppStore|Mixed Platforms.Deploy.0 = Release|Any CPU
		{77908D16-308D-46D3-A832-D5E4E60AA490}.AppStore|x86.ActiveCfg = Release|Any CPU
		{77908D16-308D-46D3-A832-D5E4E60AA490}.Debug|Any CPU.ActiveCfg = Debug|Any CPU
		{77908D16-308D-46D3-A832-D5E4E60AA490}.Debug|Any CPU.Build.0 = Debug|Any CPU
		{77908D16-308D-46D3-A832-D5E4E60AA490}.Debug|Any CPU.Deploy.0 = Debug|Any CPU
		{77908D16-308D-46D3-A832-D5E4E60AA490}.Debug|iPhone.ActiveCfg = Debug|Any CPU
		{77908D16-308D-46D3-A832-D5E4E60AA490}.Debug|iPhoneSimulator.ActiveCfg = Debug|Any CPU
		{77908D16-308D-46D3-A832-D5E4E60AA490}.Debug|Mixed Platforms.ActiveCfg = Debug|Any CPU
		{77908D16-308D-46D3-A832-D5E4E60AA490}.Debug|Mixed Platforms.Build.0 = Debug|Any CPU
		{77908D16-308D-46D3-A832-D5E4E60AA490}.Debug|Mixed Platforms.Deploy.0 = Debug|Any CPU
		{77908D16-308D-46D3-A832-D5E4E60AA490}.Debug|x86.ActiveCfg = Debug|Any CPU
		{77908D16-308D-46D3-A832-D5E4E60AA490}.Release|Any CPU.ActiveCfg = Release|Any CPU
		{77908D16-308D-46D3-A832-D5E4E60AA490}.Release|Any CPU.Build.0 = Release|Any CPU
		{77908D16-308D-46D3-A832-D5E4E60AA490}.Release|Any CPU.Deploy.0 = Release|Any CPU
		{77908D16-308D-46D3-A832-D5E4E60AA490}.Release|iPhone.ActiveCfg = Release|Any CPU
		{77908D16-308D-46D3-A832-D5E4E60AA490}.Release|iPhoneSimulator.ActiveCfg = Release|Any CPU
		{77908D16-308D-46D3-A832-D5E4E60AA490}.Release|Mixed Platforms.ActiveCfg = Release|Any CPU
		{77908D16-308D-46D3-A832-D5E4E60AA490}.Release|Mixed Platforms.Build.0 = Release|Any CPU
		{77908D16-308D-46D3-A832-D5E4E60AA490}.Release|Mixed Platforms.Deploy.0 = Release|Any CPU
		{77908D16-308D-46D3-A832-D5E4E60AA490}.Release|x86.ActiveCfg = Release|Any CPU
		{0CE633A0-0D1B-46A3-AC86-F4E4680CDC58}.Ad-Hoc|Any CPU.ActiveCfg = Release|Any CPU
		{0CE633A0-0D1B-46A3-AC86-F4E4680CDC58}.Ad-Hoc|Any CPU.Build.0 = Release|Any CPU
		{0CE633A0-0D1B-46A3-AC86-F4E4680CDC58}.Ad-Hoc|iPhone.ActiveCfg = Release|Any CPU
		{0CE633A0-0D1B-46A3-AC86-F4E4680CDC58}.Ad-Hoc|iPhoneSimulator.ActiveCfg = Release|Any CPU
		{0CE633A0-0D1B-46A3-AC86-F4E4680CDC58}.Ad-Hoc|Mixed Platforms.ActiveCfg = Release|Any CPU
		{0CE633A0-0D1B-46A3-AC86-F4E4680CDC58}.Ad-Hoc|Mixed Platforms.Build.0 = Release|Any CPU
		{0CE633A0-0D1B-46A3-AC86-F4E4680CDC58}.Ad-Hoc|x86.ActiveCfg = Release|Any CPU
		{0CE633A0-0D1B-46A3-AC86-F4E4680CDC58}.AppStore|Any CPU.ActiveCfg = Release|Any CPU
		{0CE633A0-0D1B-46A3-AC86-F4E4680CDC58}.AppStore|Any CPU.Build.0 = Release|Any CPU
		{0CE633A0-0D1B-46A3-AC86-F4E4680CDC58}.AppStore|iPhone.ActiveCfg = Release|Any CPU
		{0CE633A0-0D1B-46A3-AC86-F4E4680CDC58}.AppStore|iPhoneSimulator.ActiveCfg = Release|Any CPU
		{0CE633A0-0D1B-46A3-AC86-F4E4680CDC58}.AppStore|Mixed Platforms.ActiveCfg = Release|Any CPU
		{0CE633A0-0D1B-46A3-AC86-F4E4680CDC58}.AppStore|Mixed Platforms.Build.0 = Release|Any CPU
		{0CE633A0-0D1B-46A3-AC86-F4E4680CDC58}.AppStore|x86.ActiveCfg = Release|Any CPU
		{0CE633A0-0D1B-46A3-AC86-F4E4680CDC58}.Debug|Any CPU.ActiveCfg = Debug|Any CPU
		{0CE633A0-0D1B-46A3-AC86-F4E4680CDC58}.Debug|Any CPU.Build.0 = Debug|Any CPU
		{0CE633A0-0D1B-46A3-AC86-F4E4680CDC58}.Debug|iPhone.ActiveCfg = Debug|Any CPU
		{0CE633A0-0D1B-46A3-AC86-F4E4680CDC58}.Debug|iPhoneSimulator.ActiveCfg = Debug|Any CPU
		{0CE633A0-0D1B-46A3-AC86-F4E4680CDC58}.Debug|Mixed Platforms.ActiveCfg = Debug|Any CPU
		{0CE633A0-0D1B-46A3-AC86-F4E4680CDC58}.Debug|Mixed Platforms.Build.0 = Debug|Any CPU
		{0CE633A0-0D1B-46A3-AC86-F4E4680CDC58}.Debug|x86.ActiveCfg = Debug|Any CPU
		{0CE633A0-0D1B-46A3-AC86-F4E4680CDC58}.Release|Any CPU.ActiveCfg = Release|Any CPU
		{0CE633A0-0D1B-46A3-AC86-F4E4680CDC58}.Release|Any CPU.Build.0 = Release|Any CPU
		{0CE633A0-0D1B-46A3-AC86-F4E4680CDC58}.Release|iPhone.ActiveCfg = Release|Any CPU
		{0CE633A0-0D1B-46A3-AC86-F4E4680CDC58}.Release|iPhoneSimulator.ActiveCfg = Release|Any CPU
		{0CE633A0-0D1B-46A3-AC86-F4E4680CDC58}.Release|Mixed Platforms.ActiveCfg = Release|Any CPU
		{0CE633A0-0D1B-46A3-AC86-F4E4680CDC58}.Release|Mixed Platforms.Build.0 = Release|Any CPU
		{0CE633A0-0D1B-46A3-AC86-F4E4680CDC58}.Release|x86.ActiveCfg = Release|Any CPU
		{8CEA0717-57F5-4941-A2DD-BF63CA7FB046}.Ad-Hoc|Any CPU.ActiveCfg = Release|Any CPU
		{8CEA0717-57F5-4941-A2DD-BF63CA7FB046}.Ad-Hoc|Any CPU.Build.0 = Release|Any CPU
		{8CEA0717-57F5-4941-A2DD-BF63CA7FB046}.Ad-Hoc|iPhone.ActiveCfg = Release|Any CPU
		{8CEA0717-57F5-4941-A2DD-BF63CA7FB046}.Ad-Hoc|iPhoneSimulator.ActiveCfg = Release|Any CPU
		{8CEA0717-57F5-4941-A2DD-BF63CA7FB046}.Ad-Hoc|Mixed Platforms.ActiveCfg = Release|Any CPU
		{8CEA0717-57F5-4941-A2DD-BF63CA7FB046}.Ad-Hoc|Mixed Platforms.Build.0 = Release|Any CPU
		{8CEA0717-57F5-4941-A2DD-BF63CA7FB046}.Ad-Hoc|x86.ActiveCfg = Release|Any CPU
		{8CEA0717-57F5-4941-A2DD-BF63CA7FB046}.AppStore|Any CPU.ActiveCfg = Release|Any CPU
		{8CEA0717-57F5-4941-A2DD-BF63CA7FB046}.AppStore|Any CPU.Build.0 = Release|Any CPU
		{8CEA0717-57F5-4941-A2DD-BF63CA7FB046}.AppStore|iPhone.ActiveCfg = Release|Any CPU
		{8CEA0717-57F5-4941-A2DD-BF63CA7FB046}.AppStore|iPhoneSimulator.ActiveCfg = Release|Any CPU
		{8CEA0717-57F5-4941-A2DD-BF63CA7FB046}.AppStore|Mixed Platforms.ActiveCfg = Release|Any CPU
		{8CEA0717-57F5-4941-A2DD-BF63CA7FB046}.AppStore|Mixed Platforms.Build.0 = Release|Any CPU
		{8CEA0717-57F5-4941-A2DD-BF63CA7FB046}.AppStore|x86.ActiveCfg = Release|Any CPU
		{8CEA0717-57F5-4941-A2DD-BF63CA7FB046}.Debug|Any CPU.ActiveCfg = Debug|Any CPU
		{8CEA0717-57F5-4941-A2DD-BF63CA7FB046}.Debug|Any CPU.Build.0 = Debug|Any CPU
		{8CEA0717-57F5-4941-A2DD-BF63CA7FB046}.Debug|iPhone.ActiveCfg = Debug|Any CPU
		{8CEA0717-57F5-4941-A2DD-BF63CA7FB046}.Debug|iPhoneSimulator.ActiveCfg = Debug|Any CPU
		{8CEA0717-57F5-4941-A2DD-BF63CA7FB046}.Debug|Mixed Platforms.ActiveCfg = Debug|Any CPU
		{8CEA0717-57F5-4941-A2DD-BF63CA7FB046}.Debug|Mixed Platforms.Build.0 = Debug|Any CPU
		{8CEA0717-57F5-4941-A2DD-BF63CA7FB046}.Debug|x86.ActiveCfg = Debug|Any CPU
		{8CEA0717-57F5-4941-A2DD-BF63CA7FB046}.Release|Any CPU.ActiveCfg = Release|Any CPU
		{8CEA0717-57F5-4941-A2DD-BF63CA7FB046}.Release|Any CPU.Build.0 = Release|Any CPU
		{8CEA0717-57F5-4941-A2DD-BF63CA7FB046}.Release|iPhone.ActiveCfg = Release|Any CPU
		{8CEA0717-57F5-4941-A2DD-BF63CA7FB046}.Release|iPhoneSimulator.ActiveCfg = Release|Any CPU
		{8CEA0717-57F5-4941-A2DD-BF63CA7FB046}.Release|Mixed Platforms.ActiveCfg = Release|Any CPU
		{8CEA0717-57F5-4941-A2DD-BF63CA7FB046}.Release|Mixed Platforms.Build.0 = Release|Any CPU
		{8CEA0717-57F5-4941-A2DD-BF63CA7FB046}.Release|x86.ActiveCfg = Release|Any CPU
		{E598EA3C-1C0A-42DD-993A-D151535DAC38}.Ad-Hoc|Any CPU.ActiveCfg = Release|x86
		{E598EA3C-1C0A-42DD-993A-D151535DAC38}.Ad-Hoc|iPhone.ActiveCfg = Release|x86
		{E598EA3C-1C0A-42DD-993A-D151535DAC38}.Ad-Hoc|iPhoneSimulator.ActiveCfg = Release|x86
		{E598EA3C-1C0A-42DD-993A-D151535DAC38}.Ad-Hoc|Mixed Platforms.ActiveCfg = Release|x86
		{E598EA3C-1C0A-42DD-993A-D151535DAC38}.Ad-Hoc|Mixed Platforms.Build.0 = Release|x86
		{E598EA3C-1C0A-42DD-993A-D151535DAC38}.Ad-Hoc|x86.ActiveCfg = Release|x86
		{E598EA3C-1C0A-42DD-993A-D151535DAC38}.Ad-Hoc|x86.Build.0 = Release|x86
		{E598EA3C-1C0A-42DD-993A-D151535DAC38}.AppStore|Any CPU.ActiveCfg = Release|x86
		{E598EA3C-1C0A-42DD-993A-D151535DAC38}.AppStore|iPhone.ActiveCfg = Release|x86
		{E598EA3C-1C0A-42DD-993A-D151535DAC38}.AppStore|iPhoneSimulator.ActiveCfg = Release|x86
		{E598EA3C-1C0A-42DD-993A-D151535DAC38}.AppStore|Mixed Platforms.ActiveCfg = Release|x86
		{E598EA3C-1C0A-42DD-993A-D151535DAC38}.AppStore|Mixed Platforms.Build.0 = Release|x86
		{E598EA3C-1C0A-42DD-993A-D151535DAC38}.AppStore|x86.ActiveCfg = Release|x86
		{E598EA3C-1C0A-42DD-993A-D151535DAC38}.AppStore|x86.Build.0 = Release|x86
		{E598EA3C-1C0A-42DD-993A-D151535DAC38}.Debug|Any CPU.ActiveCfg = Debug|x86
		{E598EA3C-1C0A-42DD-993A-D151535DAC38}.Debug|iPhone.ActiveCfg = Debug|x86
		{E598EA3C-1C0A-42DD-993A-D151535DAC38}.Debug|iPhoneSimulator.ActiveCfg = Debug|x86
		{E598EA3C-1C0A-42DD-993A-D151535DAC38}.Debug|Mixed Platforms.ActiveCfg = Debug|x86
		{E598EA3C-1C0A-42DD-993A-D151535DAC38}.Debug|Mixed Platforms.Build.0 = Debug|x86
		{E598EA3C-1C0A-42DD-993A-D151535DAC38}.Debug|x86.ActiveCfg = Debug|x86
		{E598EA3C-1C0A-42DD-993A-D151535DAC38}.Debug|x86.Build.0 = Debug|x86
		{E598EA3C-1C0A-42DD-993A-D151535DAC38}.Release|Any CPU.ActiveCfg = Release|x86
		{E598EA3C-1C0A-42DD-993A-D151535DAC38}.Release|iPhone.ActiveCfg = Release|x86
		{E598EA3C-1C0A-42DD-993A-D151535DAC38}.Release|iPhoneSimulator.ActiveCfg = Release|x86
		{E598EA3C-1C0A-42DD-993A-D151535DAC38}.Release|Mixed Platforms.ActiveCfg = Release|x86
		{E598EA3C-1C0A-42DD-993A-D151535DAC38}.Release|Mixed Platforms.Build.0 = Release|x86
		{E598EA3C-1C0A-42DD-993A-D151535DAC38}.Release|x86.ActiveCfg = Release|x86
		{E598EA3C-1C0A-42DD-993A-D151535DAC38}.Release|x86.Build.0 = Release|x86
		{1CF192B8-5937-4DE9-BDE3-771AE64C8062}.Ad-Hoc|Any CPU.ActiveCfg = Ad-Hoc|iPhone
		{1CF192B8-5937-4DE9-BDE3-771AE64C8062}.Ad-Hoc|iPhone.ActiveCfg = Ad-Hoc|iPhone
		{1CF192B8-5937-4DE9-BDE3-771AE64C8062}.Ad-Hoc|iPhone.Build.0 = Ad-Hoc|iPhone
		{1CF192B8-5937-4DE9-BDE3-771AE64C8062}.Ad-Hoc|iPhoneSimulator.ActiveCfg = Ad-Hoc|iPhoneSimulator
		{1CF192B8-5937-4DE9-BDE3-771AE64C8062}.Ad-Hoc|iPhoneSimulator.Build.0 = Ad-Hoc|iPhoneSimulator
		{1CF192B8-5937-4DE9-BDE3-771AE64C8062}.Ad-Hoc|Mixed Platforms.ActiveCfg = Ad-Hoc|iPhone
		{1CF192B8-5937-4DE9-BDE3-771AE64C8062}.Ad-Hoc|Mixed Platforms.Build.0 = Ad-Hoc|iPhone
		{1CF192B8-5937-4DE9-BDE3-771AE64C8062}.Ad-Hoc|x86.ActiveCfg = Ad-Hoc|iPhone
		{1CF192B8-5937-4DE9-BDE3-771AE64C8062}.AppStore|Any CPU.ActiveCfg = AppStore|iPhone
		{1CF192B8-5937-4DE9-BDE3-771AE64C8062}.AppStore|iPhone.ActiveCfg = AppStore|iPhone
		{1CF192B8-5937-4DE9-BDE3-771AE64C8062}.AppStore|iPhone.Build.0 = AppStore|iPhone
		{1CF192B8-5937-4DE9-BDE3-771AE64C8062}.AppStore|iPhoneSimulator.ActiveCfg = AppStore|iPhoneSimulator
		{1CF192B8-5937-4DE9-BDE3-771AE64C8062}.AppStore|iPhoneSimulator.Build.0 = AppStore|iPhoneSimulator
		{1CF192B8-5937-4DE9-BDE3-771AE64C8062}.AppStore|Mixed Platforms.ActiveCfg = AppStore|iPhone
		{1CF192B8-5937-4DE9-BDE3-771AE64C8062}.AppStore|Mixed Platforms.Build.0 = AppStore|iPhone
		{1CF192B8-5937-4DE9-BDE3-771AE64C8062}.AppStore|x86.ActiveCfg = AppStore|iPhone
		{1CF192B8-5937-4DE9-BDE3-771AE64C8062}.Debug|Any CPU.ActiveCfg = Debug|iPhone
		{1CF192B8-5937-4DE9-BDE3-771AE64C8062}.Debug|iPhone.ActiveCfg = Debug|iPhone
		{1CF192B8-5937-4DE9-BDE3-771AE64C8062}.Debug|iPhone.Build.0 = Debug|iPhone
		{1CF192B8-5937-4DE9-BDE3-771AE64C8062}.Debug|iPhoneSimulator.ActiveCfg = Debug|iPhoneSimulator
		{1CF192B8-5937-4DE9-BDE3-771AE64C8062}.Debug|iPhoneSimulator.Build.0 = Debug|iPhoneSimulator
		{1CF192B8-5937-4DE9-BDE3-771AE64C8062}.Debug|Mixed Platforms.ActiveCfg = Debug|iPhone
		{1CF192B8-5937-4DE9-BDE3-771AE64C8062}.Debug|Mixed Platforms.Build.0 = Debug|iPhone
		{1CF192B8-5937-4DE9-BDE3-771AE64C8062}.Debug|x86.ActiveCfg = Debug|iPhone
		{1CF192B8-5937-4DE9-BDE3-771AE64C8062}.Release|Any CPU.ActiveCfg = Release|iPhone
		{1CF192B8-5937-4DE9-BDE3-771AE64C8062}.Release|iPhone.ActiveCfg = Release|iPhone
		{1CF192B8-5937-4DE9-BDE3-771AE64C8062}.Release|iPhone.Build.0 = Release|iPhone
		{1CF192B8-5937-4DE9-BDE3-771AE64C8062}.Release|iPhoneSimulator.ActiveCfg = Release|iPhoneSimulator
		{1CF192B8-5937-4DE9-BDE3-771AE64C8062}.Release|iPhoneSimulator.Build.0 = Release|iPhoneSimulator
		{1CF192B8-5937-4DE9-BDE3-771AE64C8062}.Release|Mixed Platforms.ActiveCfg = Release|iPhone
		{1CF192B8-5937-4DE9-BDE3-771AE64C8062}.Release|Mixed Platforms.Build.0 = Release|iPhone
		{1CF192B8-5937-4DE9-BDE3-771AE64C8062}.Release|x86.ActiveCfg = Release|iPhone
		{BA8DCE1B-D9B7-4F13-B08F-A4170BA5BB6B}.Ad-Hoc|Any CPU.ActiveCfg = Release|Any CPU
		{BA8DCE1B-D9B7-4F13-B08F-A4170BA5BB6B}.Ad-Hoc|Any CPU.Build.0 = Release|Any CPU
		{BA8DCE1B-D9B7-4F13-B08F-A4170BA5BB6B}.Ad-Hoc|iPhone.ActiveCfg = Release|Any CPU
		{BA8DCE1B-D9B7-4F13-B08F-A4170BA5BB6B}.Ad-Hoc|iPhoneSimulator.ActiveCfg = Release|Any CPU
		{BA8DCE1B-D9B7-4F13-B08F-A4170BA5BB6B}.Ad-Hoc|Mixed Platforms.ActiveCfg = Release|Any CPU
		{BA8DCE1B-D9B7-4F13-B08F-A4170BA5BB6B}.Ad-Hoc|Mixed Platforms.Build.0 = Release|Any CPU
		{BA8DCE1B-D9B7-4F13-B08F-A4170BA5BB6B}.Ad-Hoc|x86.ActiveCfg = Release|Any CPU
		{BA8DCE1B-D9B7-4F13-B08F-A4170BA5BB6B}.AppStore|Any CPU.ActiveCfg = Release|Any CPU
		{BA8DCE1B-D9B7-4F13-B08F-A4170BA5BB6B}.AppStore|Any CPU.Build.0 = Release|Any CPU
		{BA8DCE1B-D9B7-4F13-B08F-A4170BA5BB6B}.AppStore|iPhone.ActiveCfg = Release|Any CPU
		{BA8DCE1B-D9B7-4F13-B08F-A4170BA5BB6B}.AppStore|iPhoneSimulator.ActiveCfg = Release|Any CPU
		{BA8DCE1B-D9B7-4F13-B08F-A4170BA5BB6B}.AppStore|Mixed Platforms.ActiveCfg = Release|Any CPU
		{BA8DCE1B-D9B7-4F13-B08F-A4170BA5BB6B}.AppStore|Mixed Platforms.Build.0 = Release|Any CPU
		{BA8DCE1B-D9B7-4F13-B08F-A4170BA5BB6B}.AppStore|x86.ActiveCfg = Release|Any CPU
		{BA8DCE1B-D9B7-4F13-B08F-A4170BA5BB6B}.Debug|Any CPU.ActiveCfg = Debug|Any CPU
		{BA8DCE1B-D9B7-4F13-B08F-A4170BA5BB6B}.Debug|Any CPU.Build.0 = Debug|Any CPU
		{BA8DCE1B-D9B7-4F13-B08F-A4170BA5BB6B}.Debug|iPhone.ActiveCfg = Debug|Any CPU
		{BA8DCE1B-D9B7-4F13-B08F-A4170BA5BB6B}.Debug|iPhoneSimulator.ActiveCfg = Debug|Any CPU
		{BA8DCE1B-D9B7-4F13-B08F-A4170BA5BB6B}.Debug|Mixed Platforms.ActiveCfg = Debug|Any CPU
		{BA8DCE1B-D9B7-4F13-B08F-A4170BA5BB6B}.Debug|Mixed Platforms.Build.0 = Debug|Any CPU
		{BA8DCE1B-D9B7-4F13-B08F-A4170BA5BB6B}.Debug|x86.ActiveCfg = Debug|Any CPU
		{BA8DCE1B-D9B7-4F13-B08F-A4170BA5BB6B}.Release|Any CPU.ActiveCfg = Release|Any CPU
		{BA8DCE1B-D9B7-4F13-B08F-A4170BA5BB6B}.Release|Any CPU.Build.0 = Release|Any CPU
		{BA8DCE1B-D9B7-4F13-B08F-A4170BA5BB6B}.Release|iPhone.ActiveCfg = Release|Any CPU
		{BA8DCE1B-D9B7-4F13-B08F-A4170BA5BB6B}.Release|iPhoneSimulator.ActiveCfg = Release|Any CPU
		{BA8DCE1B-D9B7-4F13-B08F-A4170BA5BB6B}.Release|Mixed Platforms.ActiveCfg = Release|Any CPU
		{BA8DCE1B-D9B7-4F13-B08F-A4170BA5BB6B}.Release|Mixed Platforms.Build.0 = Release|Any CPU
		{BA8DCE1B-D9B7-4F13-B08F-A4170BA5BB6B}.Release|x86.ActiveCfg = Release|Any CPU
		{2DAE6F38-2B12-4E49-B450-6FAA04CFCBFE}.Ad-Hoc|Any CPU.ActiveCfg = Release|Any CPU
		{2DAE6F38-2B12-4E49-B450-6FAA04CFCBFE}.Ad-Hoc|Any CPU.Build.0 = Release|Any CPU
		{2DAE6F38-2B12-4E49-B450-6FAA04CFCBFE}.Ad-Hoc|iPhone.ActiveCfg = Release|Any CPU
		{2DAE6F38-2B12-4E49-B450-6FAA04CFCBFE}.Ad-Hoc|iPhoneSimulator.ActiveCfg = Release|Any CPU
		{2DAE6F38-2B12-4E49-B450-6FAA04CFCBFE}.Ad-Hoc|Mixed Platforms.ActiveCfg = Release|Any CPU
		{2DAE6F38-2B12-4E49-B450-6FAA04CFCBFE}.Ad-Hoc|Mixed Platforms.Build.0 = Release|Any CPU
		{2DAE6F38-2B12-4E49-B450-6FAA04CFCBFE}.Ad-Hoc|x86.ActiveCfg = Release|Any CPU
		{2DAE6F38-2B12-4E49-B450-6FAA04CFCBFE}.AppStore|Any CPU.ActiveCfg = Release|Any CPU
		{2DAE6F38-2B12-4E49-B450-6FAA04CFCBFE}.AppStore|Any CPU.Build.0 = Release|Any CPU
		{2DAE6F38-2B12-4E49-B450-6FAA04CFCBFE}.AppStore|iPhone.ActiveCfg = Release|Any CPU
		{2DAE6F38-2B12-4E49-B450-6FAA04CFCBFE}.AppStore|iPhoneSimulator.ActiveCfg = Release|Any CPU
		{2DAE6F38-2B12-4E49-B450-6FAA04CFCBFE}.AppStore|Mixed Platforms.ActiveCfg = Release|Any CPU
		{2DAE6F38-2B12-4E49-B450-6FAA04CFCBFE}.AppStore|Mixed Platforms.Build.0 = Release|Any CPU
		{2DAE6F38-2B12-4E49-B450-6FAA04CFCBFE}.AppStore|x86.ActiveCfg = Release|Any CPU
		{2DAE6F38-2B12-4E49-B450-6FAA04CFCBFE}.Debug|Any CPU.ActiveCfg = Debug|Any CPU
		{2DAE6F38-2B12-4E49-B450-6FAA04CFCBFE}.Debug|Any CPU.Build.0 = Debug|Any CPU
		{2DAE6F38-2B12-4E49-B450-6FAA04CFCBFE}.Debug|iPhone.ActiveCfg = Debug|Any CPU
		{2DAE6F38-2B12-4E49-B450-6FAA04CFCBFE}.Debug|iPhoneSimulator.ActiveCfg = Debug|Any CPU
		{2DAE6F38-2B12-4E49-B450-6FAA04CFCBFE}.Debug|Mixed Platforms.ActiveCfg = Debug|Any CPU
		{2DAE6F38-2B12-4E49-B450-6FAA04CFCBFE}.Debug|Mixed Platforms.Build.0 = Debug|Any CPU
		{2DAE6F38-2B12-4E49-B450-6FAA04CFCBFE}.Debug|x86.ActiveCfg = Debug|Any CPU
		{2DAE6F38-2B12-4E49-B450-6FAA04CFCBFE}.Release|Any CPU.ActiveCfg = Release|Any CPU
		{2DAE6F38-2B12-4E49-B450-6FAA04CFCBFE}.Release|Any CPU.Build.0 = Release|Any CPU
		{2DAE6F38-2B12-4E49-B450-6FAA04CFCBFE}.Release|iPhone.ActiveCfg = Release|Any CPU
		{2DAE6F38-2B12-4E49-B450-6FAA04CFCBFE}.Release|iPhoneSimulator.ActiveCfg = Release|Any CPU
		{2DAE6F38-2B12-4E49-B450-6FAA04CFCBFE}.Release|Mixed Platforms.ActiveCfg = Release|Any CPU
		{2DAE6F38-2B12-4E49-B450-6FAA04CFCBFE}.Release|Mixed Platforms.Build.0 = Release|Any CPU
		{2DAE6F38-2B12-4E49-B450-6FAA04CFCBFE}.Release|x86.ActiveCfg = Release|Any CPU
		{FA570438-4290-4815-9E2B-19474EB9FD15}.Ad-Hoc|Any CPU.ActiveCfg = Release|Any CPU
		{FA570438-4290-4815-9E2B-19474EB9FD15}.Ad-Hoc|Any CPU.Build.0 = Release|Any CPU
		{FA570438-4290-4815-9E2B-19474EB9FD15}.Ad-Hoc|iPhone.ActiveCfg = Debug|Any CPU
		{FA570438-4290-4815-9E2B-19474EB9FD15}.Ad-Hoc|iPhone.Build.0 = Debug|Any CPU
		{FA570438-4290-4815-9E2B-19474EB9FD15}.Ad-Hoc|iPhoneSimulator.ActiveCfg = Release|Any CPU
		{FA570438-4290-4815-9E2B-19474EB9FD15}.Ad-Hoc|iPhoneSimulator.Build.0 = Release|Any CPU
		{FA570438-4290-4815-9E2B-19474EB9FD15}.Ad-Hoc|Mixed Platforms.ActiveCfg = Release|Any CPU
		{FA570438-4290-4815-9E2B-19474EB9FD15}.Ad-Hoc|Mixed Platforms.Build.0 = Release|Any CPU
		{FA570438-4290-4815-9E2B-19474EB9FD15}.Ad-Hoc|x86.ActiveCfg = Release|Any CPU
		{FA570438-4290-4815-9E2B-19474EB9FD15}.Ad-Hoc|x86.Build.0 = Release|Any CPU
		{FA570438-4290-4815-9E2B-19474EB9FD15}.AppStore|Any CPU.ActiveCfg = Release|Any CPU
		{FA570438-4290-4815-9E2B-19474EB9FD15}.AppStore|Any CPU.Build.0 = Release|Any CPU
		{FA570438-4290-4815-9E2B-19474EB9FD15}.AppStore|iPhone.ActiveCfg = Debug|Any CPU
		{FA570438-4290-4815-9E2B-19474EB9FD15}.AppStore|iPhone.Build.0 = Debug|Any CPU
		{FA570438-4290-4815-9E2B-19474EB9FD15}.AppStore|iPhoneSimulator.ActiveCfg = Release|Any CPU
		{FA570438-4290-4815-9E2B-19474EB9FD15}.AppStore|iPhoneSimulator.Build.0 = Release|Any CPU
		{FA570438-4290-4815-9E2B-19474EB9FD15}.AppStore|Mixed Platforms.ActiveCfg = Release|Any CPU
		{FA570438-4290-4815-9E2B-19474EB9FD15}.AppStore|Mixed Platforms.Build.0 = Release|Any CPU
		{FA570438-4290-4815-9E2B-19474EB9FD15}.AppStore|x86.ActiveCfg = Release|Any CPU
		{FA570438-4290-4815-9E2B-19474EB9FD15}.AppStore|x86.Build.0 = Release|Any CPU
		{FA570438-4290-4815-9E2B-19474EB9FD15}.Debug|Any CPU.ActiveCfg = Debug|Any CPU
		{FA570438-4290-4815-9E2B-19474EB9FD15}.Debug|Any CPU.Build.0 = Debug|Any CPU
		{FA570438-4290-4815-9E2B-19474EB9FD15}.Debug|iPhone.ActiveCfg = Debug|Any CPU
		{FA570438-4290-4815-9E2B-19474EB9FD15}.Debug|iPhone.Build.0 = Debug|Any CPU
		{FA570438-4290-4815-9E2B-19474EB9FD15}.Debug|iPhoneSimulator.ActiveCfg = Debug|Any CPU
		{FA570438-4290-4815-9E2B-19474EB9FD15}.Debug|iPhoneSimulator.Build.0 = Debug|Any CPU
		{FA570438-4290-4815-9E2B-19474EB9FD15}.Debug|Mixed Platforms.ActiveCfg = Debug|Any CPU
		{FA570438-4290-4815-9E2B-19474EB9FD15}.Debug|Mixed Platforms.Build.0 = Debug|Any CPU
		{FA570438-4290-4815-9E2B-19474EB9FD15}.Debug|x86.ActiveCfg = Debug|Any CPU
		{FA570438-4290-4815-9E2B-19474EB9FD15}.Debug|x86.Build.0 = Debug|Any CPU
		{FA570438-4290-4815-9E2B-19474EB9FD15}.Release|Any CPU.ActiveCfg = Release|Any CPU
		{FA570438-4290-4815-9E2B-19474EB9FD15}.Release|Any CPU.Build.0 = Release|Any CPU
		{FA570438-4290-4815-9E2B-19474EB9FD15}.Release|iPhone.ActiveCfg = Release|Any CPU
		{FA570438-4290-4815-9E2B-19474EB9FD15}.Release|iPhone.Build.0 = Release|Any CPU
		{FA570438-4290-4815-9E2B-19474EB9FD15}.Release|iPhoneSimulator.ActiveCfg = Release|Any CPU
		{FA570438-4290-4815-9E2B-19474EB9FD15}.Release|iPhoneSimulator.Build.0 = Release|Any CPU
		{FA570438-4290-4815-9E2B-19474EB9FD15}.Release|Mixed Platforms.ActiveCfg = Release|Any CPU
		{FA570438-4290-4815-9E2B-19474EB9FD15}.Release|Mixed Platforms.Build.0 = Release|Any CPU
		{FA570438-4290-4815-9E2B-19474EB9FD15}.Release|x86.ActiveCfg = Release|Any CPU
		{FA570438-4290-4815-9E2B-19474EB9FD15}.Release|x86.Build.0 = Release|Any CPU
		{AF6251A7-27BA-4217-B15F-D6BD9C96013E}.Ad-Hoc|Any CPU.ActiveCfg = Release|Any CPU
		{AF6251A7-27BA-4217-B15F-D6BD9C96013E}.Ad-Hoc|Any CPU.Build.0 = Release|Any CPU
		{AF6251A7-27BA-4217-B15F-D6BD9C96013E}.Ad-Hoc|iPhone.ActiveCfg = Release|Any CPU
		{AF6251A7-27BA-4217-B15F-D6BD9C96013E}.Ad-Hoc|iPhoneSimulator.ActiveCfg = Release|Any CPU
		{AF6251A7-27BA-4217-B15F-D6BD9C96013E}.Ad-Hoc|Mixed Platforms.ActiveCfg = Release|Any CPU
		{AF6251A7-27BA-4217-B15F-D6BD9C96013E}.Ad-Hoc|Mixed Platforms.Build.0 = Release|Any CPU
		{AF6251A7-27BA-4217-B15F-D6BD9C96013E}.Ad-Hoc|x86.ActiveCfg = Release|Any CPU
		{AF6251A7-27BA-4217-B15F-D6BD9C96013E}.AppStore|Any CPU.ActiveCfg = Release|Any CPU
		{AF6251A7-27BA-4217-B15F-D6BD9C96013E}.AppStore|Any CPU.Build.0 = Release|Any CPU
		{AF6251A7-27BA-4217-B15F-D6BD9C96013E}.AppStore|iPhone.ActiveCfg = Release|Any CPU
		{AF6251A7-27BA-4217-B15F-D6BD9C96013E}.AppStore|iPhoneSimulator.ActiveCfg = Release|Any CPU
		{AF6251A7-27BA-4217-B15F-D6BD9C96013E}.AppStore|Mixed Platforms.ActiveCfg = Release|Any CPU
		{AF6251A7-27BA-4217-B15F-D6BD9C96013E}.AppStore|Mixed Platforms.Build.0 = Release|Any CPU
		{AF6251A7-27BA-4217-B15F-D6BD9C96013E}.AppStore|x86.ActiveCfg = Release|Any CPU
		{AF6251A7-27BA-4217-B15F-D6BD9C96013E}.Debug|Any CPU.ActiveCfg = Debug|Any CPU
		{AF6251A7-27BA-4217-B15F-D6BD9C96013E}.Debug|Any CPU.Build.0 = Debug|Any CPU
		{AF6251A7-27BA-4217-B15F-D6BD9C96013E}.Debug|iPhone.ActiveCfg = Debug|Any CPU
		{AF6251A7-27BA-4217-B15F-D6BD9C96013E}.Debug|iPhoneSimulator.ActiveCfg = Debug|Any CPU
		{AF6251A7-27BA-4217-B15F-D6BD9C96013E}.Debug|Mixed Platforms.ActiveCfg = Debug|Any CPU
		{AF6251A7-27BA-4217-B15F-D6BD9C96013E}.Debug|Mixed Platforms.Build.0 = Debug|Any CPU
		{AF6251A7-27BA-4217-B15F-D6BD9C96013E}.Debug|x86.ActiveCfg = Debug|Any CPU
		{AF6251A7-27BA-4217-B15F-D6BD9C96013E}.Release|Any CPU.ActiveCfg = Release|Any CPU
		{AF6251A7-27BA-4217-B15F-D6BD9C96013E}.Release|Any CPU.Build.0 = Release|Any CPU
		{AF6251A7-27BA-4217-B15F-D6BD9C96013E}.Release|iPhone.ActiveCfg = Release|Any CPU
		{AF6251A7-27BA-4217-B15F-D6BD9C96013E}.Release|iPhoneSimulator.ActiveCfg = Release|Any CPU
		{AF6251A7-27BA-4217-B15F-D6BD9C96013E}.Release|Mixed Platforms.ActiveCfg = Release|Any CPU
		{AF6251A7-27BA-4217-B15F-D6BD9C96013E}.Release|Mixed Platforms.Build.0 = Release|Any CPU
		{AF6251A7-27BA-4217-B15F-D6BD9C96013E}.Release|x86.ActiveCfg = Release|Any CPU
		{0C45C85F-F6DF-4BB5-A73B-FC538BA6938B}.Ad-Hoc|Any CPU.ActiveCfg = Release|Any CPU
		{0C45C85F-F6DF-4BB5-A73B-FC538BA6938B}.Ad-Hoc|Any CPU.Build.0 = Release|Any CPU
		{0C45C85F-F6DF-4BB5-A73B-FC538BA6938B}.Ad-Hoc|iPhone.ActiveCfg = Release|Any CPU
		{0C45C85F-F6DF-4BB5-A73B-FC538BA6938B}.Ad-Hoc|iPhoneSimulator.ActiveCfg = Release|Any CPU
		{0C45C85F-F6DF-4BB5-A73B-FC538BA6938B}.Ad-Hoc|Mixed Platforms.ActiveCfg = Release|Any CPU
		{0C45C85F-F6DF-4BB5-A73B-FC538BA6938B}.Ad-Hoc|Mixed Platforms.Build.0 = Release|Any CPU
		{0C45C85F-F6DF-4BB5-A73B-FC538BA6938B}.Ad-Hoc|x86.ActiveCfg = Release|Any CPU
		{0C45C85F-F6DF-4BB5-A73B-FC538BA6938B}.AppStore|Any CPU.ActiveCfg = Release|Any CPU
		{0C45C85F-F6DF-4BB5-A73B-FC538BA6938B}.AppStore|Any CPU.Build.0 = Release|Any CPU
		{0C45C85F-F6DF-4BB5-A73B-FC538BA6938B}.AppStore|iPhone.ActiveCfg = Release|Any CPU
		{0C45C85F-F6DF-4BB5-A73B-FC538BA6938B}.AppStore|iPhoneSimulator.ActiveCfg = Release|Any CPU
		{0C45C85F-F6DF-4BB5-A73B-FC538BA6938B}.AppStore|Mixed Platforms.ActiveCfg = Release|Any CPU
		{0C45C85F-F6DF-4BB5-A73B-FC538BA6938B}.AppStore|Mixed Platforms.Build.0 = Release|Any CPU
		{0C45C85F-F6DF-4BB5-A73B-FC538BA6938B}.AppStore|x86.ActiveCfg = Release|Any CPU
		{0C45C85F-F6DF-4BB5-A73B-FC538BA6938B}.Debug|Any CPU.ActiveCfg = Debug|Any CPU
		{0C45C85F-F6DF-4BB5-A73B-FC538BA6938B}.Debug|Any CPU.Build.0 = Debug|Any CPU
		{0C45C85F-F6DF-4BB5-A73B-FC538BA6938B}.Debug|iPhone.ActiveCfg = Debug|Any CPU
		{0C45C85F-F6DF-4BB5-A73B-FC538BA6938B}.Debug|iPhoneSimulator.ActiveCfg = Debug|Any CPU
		{0C45C85F-F6DF-4BB5-A73B-FC538BA6938B}.Debug|Mixed Platforms.ActiveCfg = Debug|Any CPU
		{0C45C85F-F6DF-4BB5-A73B-FC538BA6938B}.Debug|Mixed Platforms.Build.0 = Debug|Any CPU
		{0C45C85F-F6DF-4BB5-A73B-FC538BA6938B}.Debug|x86.ActiveCfg = Debug|Any CPU
		{0C45C85F-F6DF-4BB5-A73B-FC538BA6938B}.Release|Any CPU.ActiveCfg = Release|Any CPU
		{0C45C85F-F6DF-4BB5-A73B-FC538BA6938B}.Release|Any CPU.Build.0 = Release|Any CPU
		{0C45C85F-F6DF-4BB5-A73B-FC538BA6938B}.Release|iPhone.ActiveCfg = Release|Any CPU
		{0C45C85F-F6DF-4BB5-A73B-FC538BA6938B}.Release|iPhoneSimulator.ActiveCfg = Release|Any CPU
		{0C45C85F-F6DF-4BB5-A73B-FC538BA6938B}.Release|Mixed Platforms.ActiveCfg = Release|Any CPU
		{0C45C85F-F6DF-4BB5-A73B-FC538BA6938B}.Release|Mixed Platforms.Build.0 = Release|Any CPU
		{0C45C85F-F6DF-4BB5-A73B-FC538BA6938B}.Release|x86.ActiveCfg = Release|Any CPU
	EndGlobalSection
	GlobalSection(SolutionProperties) = preSolution
		HideSolutionNode = FALSE
	EndGlobalSection
	GlobalSection(NestedProjects) = preSolution
		{FB059FF2-62EA-4F1E-88EC-09B497628D96} = {8A3D095E-5ECB-46FB-99F9-0EE3C306DAFF}
		{711D49E9-112E-4AA4-A245-155C23D4D3FA} = {8A3D095E-5ECB-46FB-99F9-0EE3C306DAFF}
		{BE00CB24-3B85-467A-BA5E-9D5D1DD65CA0} = {8A3D095E-5ECB-46FB-99F9-0EE3C306DAFF}
		{B4C90FBB-84EC-4CAE-9C9B-AB44E063AC4F} = {8A3D095E-5ECB-46FB-99F9-0EE3C306DAFF}
		{4C30447B-8AB9-410C-845D-01D87BC63677} = {8A3D095E-5ECB-46FB-99F9-0EE3C306DAFF}
		{2BF2239F-0B0D-43A7-80E1-8EF3AE92D276} = {8A3D095E-5ECB-46FB-99F9-0EE3C306DAFF}
		{DA8ACB60-5533-416C-8B11-71AB3AA9C8A0} = {8A3D095E-5ECB-46FB-99F9-0EE3C306DAFF}
		{362C14A9-E604-46DE-8A84-F83F0A463605} = {8A3D095E-5ECB-46FB-99F9-0EE3C306DAFF}
		{9B4C0421-22CB-4902-A398-0FB741459051} = {8A3D095E-5ECB-46FB-99F9-0EE3C306DAFF}
		{8AD5D97C-1ADA-4EF1-94FD-A5238B725697} = {8A3D095E-5ECB-46FB-99F9-0EE3C306DAFF}
		{A0B47FF8-6006-4681-9C4E-B5E69670B139} = {8A3D095E-5ECB-46FB-99F9-0EE3C306DAFF}
		{457B40A0-5FF1-4E97-AB2A-D8BA4AEA644D} = {8A3D095E-5ECB-46FB-99F9-0EE3C306DAFF}
		{1411EF29-2EBC-4F43-811F-9498170CF22E} = {8A3D095E-5ECB-46FB-99F9-0EE3C306DAFF}
		{8CEA0717-57F5-4941-A2DD-BF63CA7FB046} = {8A3D095E-5ECB-46FB-99F9-0EE3C306DAFF}
		{14B44E89-60BD-4BEC-B618-9A012C301728} = {1411EF29-2EBC-4F43-811F-9498170CF22E}
		{77908D16-308D-46D3-A832-D5E4E60AA490} = {1411EF29-2EBC-4F43-811F-9498170CF22E}
		{0CE633A0-0D1B-46A3-AC86-F4E4680CDC58} = {1411EF29-2EBC-4F43-811F-9498170CF22E}
		{E598EA3C-1C0A-42DD-993A-D151535DAC38} = {F289C8D1-C102-49CA-A275-38AB6C0A4EF8}
	EndGlobalSection
	GlobalSection(MonoDevelopProperties) = preSolution
		StartupItem = HolisticWare.SlideShow.EXE_ASPnet_MVC4\HolisticWare.SlideShow.EXE_ASPnet_MVC4.csproj
	EndGlobalSection
EndGlobal
