
Microsoft Visual Studio Solution File, Format Version 11.00
# Visual Studio 2010
Project("{FAE04EC0-301F-11D3-BF4B-00C04F79EFBC}") = "MVC2", "MVC2\MVC2.csproj", "{9F5B02E4-2644-47CD-9CD8-9AB181012AA7}"
EndProject
Project("{FAE04EC0-301F-11D3-BF4B-00C04F79EFBC}") = "HolisticWare.SlideShow.DLL_BL_XI", "HolisticWare.SlideShow.DLL_BL_XI\HolisticWare.SlideShow.DLL_BL_XI.csproj", "{67B72CFA-CCC3-43E4-A0A4-F7D0B3879864}"
EndProject
Project("{FAE04EC0-301F-11D3-BF4B-00C04F79EFBC}") = "HolisticWare.SlideShow.DLL_BL_XA", "HolisticWare.SlideShow.DLL_BL_XA\HolisticWare.SlideShow.DLL_BL_XA.csproj", "{34F4B66D-83BE-40AA-87FC-695A678C1C95}"
EndProject
Project("{FAE04EC0-301F-11D3-BF4B-00C04F79EFBC}") = "HolisticWare.SlideShow.EXE_XI", "HolisticWare.SlideShow.EXE_XI\HolisticWare.SlideShow.EXE_XI.csproj", "{19000CCA-10AD-40BD-B480-73C7CB7E75CC}"
EndProject
Project("{FAE04EC0-301F-11D3-BF4B-00C04F79EFBC}") = "HolisticWare.SlideShow.EXE_XA", "HolisticWare.SlideShow.EXE_XA\HolisticWare.SlideShow.EXE_XA.csproj", "{D36F2068-3A5C-458F-BE64-C3659B661A79}"
EndProject
Project("{FAE04EC0-301F-11D3-BF4B-00C04F79EFBC}") = "HolisticWare.SlideShow.EXE_MM", "HolisticWare.SlideShow.EXE_MM\HolisticWare.SlideShow.EXE_MM.csproj", "{B813B549-3E0A-4D4D-8633-533022EA0989}"
EndProject
Project("{FAE04EC0-301F-11D3-BF4B-00C04F79EFBC}") = "HolisticWare.SlideShow.EXE_ASPnetMVC4_mono", "HolisticWare.SlideShow.EXE_ASPnetMVC4_mono\HolisticWare.SlideShow.EXE_ASPnetMVC4_mono.csproj", "{A323615E-0782-41AD-90CC-8936D5E893B2}"
EndProject
Project("{2150E333-8FDC-42A3-9474-1A3956D46DE8}") = "HolisticWare.Common.Scripts", "HolisticWare.Common.Scripts", "{5A4F4B37-4C05-4A00-9E8F-956C95A5EF43}"
EndProject
Project("{FAE04EC0-301F-11D3-BF4B-00C04F79EFBC}") = "HolisticWare.Common.Scripts", "..\..\HolisticWare.Common.Scripts\HolisticWare.Common.Scripts.csproj", "{AF6251A7-27BA-4217-B15F-D6BD9C96013E}"
EndProject
Project("{2150E333-8FDC-42A3-9474-1A3956D46DE8}") = "Templates.CodeSnippets", "Templates.CodeSnippets", "{1DDAAFAF-FEE6-4512-B52F-D33C74E66CBB}"
EndProject
Project("{FAE04EC0-301F-11D3-BF4B-00C04F79EFBC}") = "Templates.CodeSnippets", "..\..\Templates.CodeSnippets\Templates.CodeSnippets.csproj", "{E598EA3C-1C0A-42DD-993A-D151535DAC38}"
EndProject
Project("{FAE04EC0-301F-11D3-BF4B-00C04F79EFBC}") = "HolisticWare.SlideShow.DLL_BL_SL", "HolisticWare.SlideShow.DLL_BL_SL\HolisticWare.SlideShow.DLL_BL_SL.csproj", "{28BA5E80-61D6-490C-A19C-98A56F39B67A}"
EndProject
Project("{FAE04EC0-301F-11D3-BF4B-00C04F79EFBC}") = "HolisticWare.SlideShow.DLL_BL_WP", "HolisticWare.SlideShow.DLL_BL_WP\HolisticWare.SlideShow.DLL_BL_WP.csproj", "{323372D3-DB17-4D3B-8034-77B1DD0241B4}"
EndProject
Project("{FAE04EC0-301F-11D3-BF4B-00C04F79EFBC}") = "HolisticWare.SlideShow.DLL_BL_ASPnet_WF_WPG_GTK_MM", "HolisticWare.SlideShow.DLL_BL_ASPnet_WF_WPG_GTK_MM\HolisticWare.SlideShow.DLL_BL_ASPnet_WF_WPG_GTK_MM.csproj", "{8FC93884-2990-43EE-883F-1B2F5D39D510}"
EndProject
Project("{FAE04EC0-301F-11D3-BF4B-00C04F79EFBC}") = "HolisticWare.SlideShow.EXE_WPF", "HolisticWare.SlideShow.EXE_WPF\HolisticWare.SlideShow.EXE_WPF.csproj", "{86606731-C7E6-47CA-9BE2-DCE1AC814CC1}"
EndProject
Project("{FAE04EC0-301F-11D3-BF4B-00C04F79EFBC}") = "HolisticWare.SlideShow.EXE_WF", "HolisticWare.SlideShow.EXE_WF\HolisticWare.SlideShow.EXE_WF.csproj", "{65DF1173-D735-4E10-ACB3-BF37C4D3A3B7}"
EndProject
Project("{FAE04EC0-301F-11D3-BF4B-00C04F79EFBC}") = "HolisticWare.SlideShow.EXE_SL", "HolisticWare.SlideShow.EXE_SL\HolisticWare.SlideShow.EXE_SL.csproj", "{7483E27E-E9CE-4B58-A6AD-10851C1E88B8}"
EndProject
Project("{FAE04EC0-301F-11D3-BF4B-00C04F79EFBC}") = "HolisticWare.SlideShow.EXE_WP", "HolisticWare.SlideShow.EXE_WP\HolisticWare.SlideShow.EXE_WP.csproj", "{CD5E5755-E83F-4667-94A6-312917AF66EB}"
EndProject
Project("{FAE04EC0-301F-11D3-BF4B-00C04F79EFBC}") = "HolisticWare.SlideShow.EXE_GTK", "HolisticWare.SlideShow.EXE_GTK\HolisticWare.SlideShow.EXE_GTK.csproj", "{26A60D75-167A-46C6-8DD8-5B48A4102140}"
EndProject
Global
	GlobalSection(SolutionConfigurationPlatforms) = preSolution
		Ad-Hoc|Any CPU = Ad-Hoc|Any CPU
		Ad-Hoc|iPhone = Ad-Hoc|iPhone
		Ad-Hoc|iPhoneSimulator = Ad-Hoc|iPhoneSimulator
		Ad-Hoc|Mixed Platforms = Ad-Hoc|Mixed Platforms
		Ad-Hoc|x86 = Ad-Hoc|x86
		AppStore|Any CPU = AppStore|Any CPU
		AppStore|iPhone = AppStore|iPhone
		AppStore|iPhoneSimulator = AppStore|iPhoneSimulator
		AppStore|Mixed Platforms = AppStore|Mixed Platforms
		AppStore|x86 = AppStore|x86
		Debug|Any CPU = Debug|Any CPU
		Debug|iPhone = Debug|iPhone
		Debug|iPhoneSimulator = Debug|iPhoneSimulator
		Debug|Mixed Platforms = Debug|Mixed Platforms
		Debug|x86 = Debug|x86
		Release|Any CPU = Release|Any CPU
		Release|iPhone = Release|iPhone
		Release|iPhoneSimulator = Release|iPhoneSimulator
		Release|Mixed Platforms = Release|Mixed Platforms
		Release|x86 = Release|x86
	EndGlobalSection
	GlobalSection(ProjectConfigurationPlatforms) = postSolution
		{19000CCA-10AD-40BD-B480-73C7CB7E75CC}.Ad-Hoc|Any CPU.ActiveCfg = Ad-Hoc|iPhone
		{19000CCA-10AD-40BD-B480-73C7CB7E75CC}.Ad-Hoc|iPhone.ActiveCfg = Ad-Hoc|iPhone
		{19000CCA-10AD-40BD-B480-73C7CB7E75CC}.Ad-Hoc|iPhone.Build.0 = Ad-Hoc|iPhone
		{19000CCA-10AD-40BD-B480-73C7CB7E75CC}.Ad-Hoc|iPhoneSimulator.ActiveCfg = Ad-Hoc|iPhoneSimulator
		{19000CCA-10AD-40BD-B480-73C7CB7E75CC}.Ad-Hoc|Mixed Platforms.ActiveCfg = Ad-Hoc|iPhone
		{19000CCA-10AD-40BD-B480-73C7CB7E75CC}.Ad-Hoc|Mixed Platforms.Build.0 = Ad-Hoc|iPhone
		{19000CCA-10AD-40BD-B480-73C7CB7E75CC}.Ad-Hoc|x86.ActiveCfg = Ad-Hoc|iPhone
		{19000CCA-10AD-40BD-B480-73C7CB7E75CC}.AppStore|Any CPU.ActiveCfg = AppStore|iPhone
		{19000CCA-10AD-40BD-B480-73C7CB7E75CC}.AppStore|iPhone.ActiveCfg = AppStore|iPhone
		{19000CCA-10AD-40BD-B480-73C7CB7E75CC}.AppStore|iPhone.Build.0 = AppStore|iPhone
		{19000CCA-10AD-40BD-B480-73C7CB7E75CC}.AppStore|iPhoneSimulator.ActiveCfg = AppStore|iPhoneSimulator
		{19000CCA-10AD-40BD-B480-73C7CB7E75CC}.AppStore|Mixed Platforms.ActiveCfg = AppStore|iPhone
		{19000CCA-10AD-40BD-B480-73C7CB7E75CC}.AppStore|Mixed Platforms.Build.0 = AppStore|iPhone
		{19000CCA-10AD-40BD-B480-73C7CB7E75CC}.AppStore|x86.ActiveCfg = AppStore|iPhone
		{19000CCA-10AD-40BD-B480-73C7CB7E75CC}.Debug|Any CPU.ActiveCfg = Debug|iPhoneSimulator
		{19000CCA-10AD-40BD-B480-73C7CB7E75CC}.Debug|Any CPU.Build.0 = Debug|iPhoneSimulator
		{19000CCA-10AD-40BD-B480-73C7CB7E75CC}.Debug|iPhone.ActiveCfg = Debug|iPhone
		{19000CCA-10AD-40BD-B480-73C7CB7E75CC}.Debug|iPhone.Build.0 = Debug|iPhone
		{19000CCA-10AD-40BD-B480-73C7CB7E75CC}.Debug|iPhoneSimulator.ActiveCfg = Debug|iPhoneSimulator
		{19000CCA-10AD-40BD-B480-73C7CB7E75CC}.Debug|iPhoneSimulator.Build.0 = Debug|iPhoneSimulator
		{19000CCA-10AD-40BD-B480-73C7CB7E75CC}.Debug|Mixed Platforms.ActiveCfg = Debug|iPhone
		{19000CCA-10AD-40BD-B480-73C7CB7E75CC}.Debug|Mixed Platforms.Build.0 = Debug|iPhone
		{19000CCA-10AD-40BD-B480-73C7CB7E75CC}.Debug|x86.ActiveCfg = Debug|iPhone
		{19000CCA-10AD-40BD-B480-73C7CB7E75CC}.Release|Any CPU.ActiveCfg = Release|iPhoneSimulator
		{19000CCA-10AD-40BD-B480-73C7CB7E75CC}.Release|Any CPU.Build.0 = Release|iPhoneSimulator
		{19000CCA-10AD-40BD-B480-73C7CB7E75CC}.Release|iPhone.ActiveCfg = Release|iPhone
		{19000CCA-10AD-40BD-B480-73C7CB7E75CC}.Release|iPhone.Build.0 = Release|iPhone
		{19000CCA-10AD-40BD-B480-73C7CB7E75CC}.Release|iPhoneSimulator.ActiveCfg = Release|iPhoneSimulator
		{19000CCA-10AD-40BD-B480-73C7CB7E75CC}.Release|iPhoneSimulator.Build.0 = Release|iPhoneSimulator
		{19000CCA-10AD-40BD-B480-73C7CB7E75CC}.Release|Mixed Platforms.ActiveCfg = Release|iPhone
		{19000CCA-10AD-40BD-B480-73C7CB7E75CC}.Release|Mixed Platforms.Build.0 = Release|iPhone
		{19000CCA-10AD-40BD-B480-73C7CB7E75CC}.Release|x86.ActiveCfg = Release|iPhone
		{26A60D75-167A-46C6-8DD8-5B48A4102140}.Ad-Hoc|Any CPU.ActiveCfg = Release|Any CPU
		{26A60D75-167A-46C6-8DD8-5B48A4102140}.Ad-Hoc|Any CPU.Build.0 = Release|Any CPU
		{26A60D75-167A-46C6-8DD8-5B48A4102140}.Ad-Hoc|iPhone.ActiveCfg = Debug|Any CPU
		{26A60D75-167A-46C6-8DD8-5B48A4102140}.Ad-Hoc|iPhone.Build.0 = Debug|Any CPU
		{26A60D75-167A-46C6-8DD8-5B48A4102140}.Ad-Hoc|iPhoneSimulator.ActiveCfg = Release|Any CPU
		{26A60D75-167A-46C6-8DD8-5B48A4102140}.Ad-Hoc|iPhoneSimulator.Build.0 = Release|Any CPU
		{26A60D75-167A-46C6-8DD8-5B48A4102140}.Ad-Hoc|Mixed Platforms.ActiveCfg = Release|Any CPU
		{26A60D75-167A-46C6-8DD8-5B48A4102140}.Ad-Hoc|Mixed Platforms.Build.0 = Release|Any CPU
		{26A60D75-167A-46C6-8DD8-5B48A4102140}.Ad-Hoc|x86.ActiveCfg = Release|Any CPU
		{26A60D75-167A-46C6-8DD8-5B48A4102140}.Ad-Hoc|x86.Build.0 = Release|Any CPU
		{26A60D75-167A-46C6-8DD8-5B48A4102140}.AppStore|Any CPU.ActiveCfg = Release|Any CPU
		{26A60D75-167A-46C6-8DD8-5B48A4102140}.AppStore|Any CPU.Build.0 = Release|Any CPU
		{26A60D75-167A-46C6-8DD8-5B48A4102140}.AppStore|iPhone.ActiveCfg = Debug|Any CPU
		{26A60D75-167A-46C6-8DD8-5B48A4102140}.AppStore|iPhone.Build.0 = Debug|Any CPU
		{26A60D75-167A-46C6-8DD8-5B48A4102140}.AppStore|iPhoneSimulator.ActiveCfg = Release|Any CPU
		{26A60D75-167A-46C6-8DD8-5B48A4102140}.AppStore|iPhoneSimulator.Build.0 = Release|Any CPU
		{26A60D75-167A-46C6-8DD8-5B48A4102140}.AppStore|Mixed Platforms.ActiveCfg = Release|Any CPU
		{26A60D75-167A-46C6-8DD8-5B48A4102140}.AppStore|Mixed Platforms.Build.0 = Release|Any CPU
		{26A60D75-167A-46C6-8DD8-5B48A4102140}.AppStore|x86.ActiveCfg = Release|Any CPU
		{26A60D75-167A-46C6-8DD8-5B48A4102140}.AppStore|x86.Build.0 = Release|Any CPU
		{26A60D75-167A-46C6-8DD8-5B48A4102140}.Debug|Any CPU.ActiveCfg = Debug|Any CPU
		{26A60D75-167A-46C6-8DD8-5B48A4102140}.Debug|Any CPU.Build.0 = Debug|Any CPU
		{26A60D75-167A-46C6-8DD8-5B48A4102140}.Debug|iPhone.ActiveCfg = Debug|Any CPU
		{26A60D75-167A-46C6-8DD8-5B48A4102140}.Debug|iPhone.Build.0 = Debug|Any CPU
		{26A60D75-167A-46C6-8DD8-5B48A4102140}.Debug|iPhoneSimulator.ActiveCfg = Debug|Any CPU
		{26A60D75-167A-46C6-8DD8-5B48A4102140}.Debug|iPhoneSimulator.Build.0 = Debug|Any CPU
		{26A60D75-167A-46C6-8DD8-5B48A4102140}.Debug|Mixed Platforms.ActiveCfg = Debug|Any CPU
		{26A60D75-167A-46C6-8DD8-5B48A4102140}.Debug|Mixed Platforms.Build.0 = Debug|Any CPU
		{26A60D75-167A-46C6-8DD8-5B48A4102140}.Debug|x86.ActiveCfg = Debug|Any CPU
		{26A60D75-167A-46C6-8DD8-5B48A4102140}.Debug|x86.Build.0 = Debug|Any CPU
		{26A60D75-167A-46C6-8DD8-5B48A4102140}.Release|Any CPU.ActiveCfg = Release|Any CPU
		{26A60D75-167A-46C6-8DD8-5B48A4102140}.Release|Any CPU.Build.0 = Release|Any CPU
		{26A60D75-167A-46C6-8DD8-5B48A4102140}.Release|iPhone.ActiveCfg = Release|Any CPU
		{26A60D75-167A-46C6-8DD8-5B48A4102140}.Release|iPhone.Build.0 = Release|Any CPU
		{26A60D75-167A-46C6-8DD8-5B48A4102140}.Release|iPhoneSimulator.ActiveCfg = Release|Any CPU
		{26A60D75-167A-46C6-8DD8-5B48A4102140}.Release|iPhoneSimulator.Build.0 = Release|Any CPU
		{26A60D75-167A-46C6-8DD8-5B48A4102140}.Release|Mixed Platforms.ActiveCfg = Release|Any CPU
		{26A60D75-167A-46C6-8DD8-5B48A4102140}.Release|Mixed Platforms.Build.0 = Release|Any CPU
		{26A60D75-167A-46C6-8DD8-5B48A4102140}.Release|x86.ActiveCfg = Release|Any CPU
		{26A60D75-167A-46C6-8DD8-5B48A4102140}.Release|x86.Build.0 = Release|Any CPU
		{28BA5E80-61D6-490C-A19C-98A56F39B67A}.Ad-Hoc|Any CPU.ActiveCfg = Release|Any CPU
		{28BA5E80-61D6-490C-A19C-98A56F39B67A}.Ad-Hoc|Any CPU.Build.0 = Release|Any CPU
		{28BA5E80-61D6-490C-A19C-98A56F39B67A}.Ad-Hoc|iPhone.ActiveCfg = Release|Any CPU
		{28BA5E80-61D6-490C-A19C-98A56F39B67A}.Ad-Hoc|iPhoneSimulator.ActiveCfg = Release|Any CPU
		{28BA5E80-61D6-490C-A19C-98A56F39B67A}.Ad-Hoc|Mixed Platforms.ActiveCfg = Release|Any CPU
		{28BA5E80-61D6-490C-A19C-98A56F39B67A}.Ad-Hoc|Mixed Platforms.Build.0 = Release|Any CPU
		{28BA5E80-61D6-490C-A19C-98A56F39B67A}.Ad-Hoc|x86.ActiveCfg = Release|Any CPU
		{28BA5E80-61D6-490C-A19C-98A56F39B67A}.AppStore|Any CPU.ActiveCfg = Release|Any CPU
		{28BA5E80-61D6-490C-A19C-98A56F39B67A}.AppStore|Any CPU.Build.0 = Release|Any CPU
		{28BA5E80-61D6-490C-A19C-98A56F39B67A}.AppStore|iPhone.ActiveCfg = Release|Any CPU
		{28BA5E80-61D6-490C-A19C-98A56F39B67A}.AppStore|iPhoneSimulator.ActiveCfg = Release|Any CPU
		{28BA5E80-61D6-490C-A19C-98A56F39B67A}.AppStore|Mixed Platforms.ActiveCfg = Release|Any CPU
		{28BA5E80-61D6-490C-A19C-98A56F39B67A}.AppStore|Mixed Platforms.Build.0 = Release|Any CPU
		{28BA5E80-61D6-490C-A19C-98A56F39B67A}.AppStore|x86.ActiveCfg = Release|Any CPU
		{28BA5E80-61D6-490C-A19C-98A56F39B67A}.Debug|Any CPU.ActiveCfg = Debug|Any CPU
		{28BA5E80-61D6-490C-A19C-98A56F39B67A}.Debug|Any CPU.Build.0 = Debug|Any CPU
		{28BA5E80-61D6-490C-A19C-98A56F39B67A}.Debug|iPhone.ActiveCfg = Debug|Any CPU
		{28BA5E80-61D6-490C-A19C-98A56F39B67A}.Debug|iPhoneSimulator.ActiveCfg = Debug|Any CPU
		{28BA5E80-61D6-490C-A19C-98A56F39B67A}.Debug|Mixed Platforms.ActiveCfg = Debug|Any CPU
		{28BA5E80-61D6-490C-A19C-98A56F39B67A}.Debug|Mixed Platforms.Build.0 = Debug|Any CPU
		{28BA5E80-61D6-490C-A19C-98A56F39B67A}.Debug|x86.ActiveCfg = Debug|Any CPU
		{28BA5E80-61D6-490C-A19C-98A56F39B67A}.Release|Any CPU.ActiveCfg = Release|Any CPU
		{28BA5E80-61D6-490C-A19C-98A56F39B67A}.Release|Any CPU.Build.0 = Release|Any CPU
		{28BA5E80-61D6-490C-A19C-98A56F39B67A}.Release|iPhone.ActiveCfg = Release|Any CPU
		{28BA5E80-61D6-490C-A19C-98A56F39B67A}.Release|iPhoneSimulator.ActiveCfg = Release|Any CPU
		{28BA5E80-61D6-490C-A19C-98A56F39B67A}.Release|Mixed Platforms.ActiveCfg = Release|Any CPU
		{28BA5E80-61D6-490C-A19C-98A56F39B67A}.Release|Mixed Platforms.Build.0 = Release|Any CPU
		{28BA5E80-61D6-490C-A19C-98A56F39B67A}.Release|x86.ActiveCfg = Release|Any CPU
		{323372D3-DB17-4D3B-8034-77B1DD0241B4}.Ad-Hoc|Any CPU.ActiveCfg = Release|Any CPU
		{323372D3-DB17-4D3B-8034-77B1DD0241B4}.Ad-Hoc|Any CPU.Build.0 = Release|Any CPU
		{323372D3-DB17-4D3B-8034-77B1DD0241B4}.Ad-Hoc|iPhone.ActiveCfg = Release|Any CPU
		{323372D3-DB17-4D3B-8034-77B1DD0241B4}.Ad-Hoc|iPhoneSimulator.ActiveCfg = Release|Any CPU
		{323372D3-DB17-4D3B-8034-77B1DD0241B4}.Ad-Hoc|Mixed Platforms.ActiveCfg = Release|Any CPU
		{323372D3-DB17-4D3B-8034-77B1DD0241B4}.Ad-Hoc|Mixed Platforms.Build.0 = Release|Any CPU
		{323372D3-DB17-4D3B-8034-77B1DD0241B4}.Ad-Hoc|x86.ActiveCfg = Release|Any CPU
		{323372D3-DB17-4D3B-8034-77B1DD0241B4}.AppStore|Any CPU.ActiveCfg = Release|Any CPU
		{323372D3-DB17-4D3B-8034-77B1DD0241B4}.AppStore|Any CPU.Build.0 = Release|Any CPU
		{323372D3-DB17-4D3B-8034-77B1DD0241B4}.AppStore|iPhone.ActiveCfg = Release|Any CPU
		{323372D3-DB17-4D3B-8034-77B1DD0241B4}.AppStore|iPhoneSimulator.ActiveCfg = Release|Any CPU
		{323372D3-DB17-4D3B-8034-77B1DD0241B4}.AppStore|Mixed Platforms.ActiveCfg = Release|Any CPU
		{323372D3-DB17-4D3B-8034-77B1DD0241B4}.AppStore|Mixed Platforms.Build.0 = Release|Any CPU
		{323372D3-DB17-4D3B-8034-77B1DD0241B4}.AppStore|x86.ActiveCfg = Release|Any CPU
		{323372D3-DB17-4D3B-8034-77B1DD0241B4}.Debug|Any CPU.ActiveCfg = Debug|Any CPU
		{323372D3-DB17-4D3B-8034-77B1DD0241B4}.Debug|Any CPU.Build.0 = Debug|Any CPU
		{323372D3-DB17-4D3B-8034-77B1DD0241B4}.Debug|iPhone.ActiveCfg = Debug|Any CPU
		{323372D3-DB17-4D3B-8034-77B1DD0241B4}.Debug|iPhoneSimulator.ActiveCfg = Debug|Any CPU
		{323372D3-DB17-4D3B-8034-77B1DD0241B4}.Debug|Mixed Platforms.ActiveCfg = Debug|Any CPU
		{323372D3-DB17-4D3B-8034-77B1DD0241B4}.Debug|Mixed Platforms.Build.0 = Debug|Any CPU
		{323372D3-DB17-4D3B-8034-77B1DD0241B4}.Debug|x86.ActiveCfg = Debug|Any CPU
		{323372D3-DB17-4D3B-8034-77B1DD0241B4}.Release|Any CPU.ActiveCfg = Release|Any CPU
		{323372D3-DB17-4D3B-8034-77B1DD0241B4}.Release|Any CPU.Build.0 = Release|Any CPU
		{323372D3-DB17-4D3B-8034-77B1DD0241B4}.Release|iPhone.ActiveCfg = Release|Any CPU
		{323372D3-DB17-4D3B-8034-77B1DD0241B4}.Release|iPhoneSimulator.ActiveCfg = Release|Any CPU
		{323372D3-DB17-4D3B-8034-77B1DD0241B4}.Release|Mixed Platforms.ActiveCfg = Release|Any CPU
		{323372D3-DB17-4D3B-8034-77B1DD0241B4}.Release|Mixed Platforms.Build.0 = Release|Any CPU
		{323372D3-DB17-4D3B-8034-77B1DD0241B4}.Release|x86.ActiveCfg = Release|Any CPU
		{34F4B66D-83BE-40AA-87FC-695A678C1C95}.Ad-Hoc|Any CPU.ActiveCfg = Release|Any CPU
		{34F4B66D-83BE-40AA-87FC-695A678C1C95}.Ad-Hoc|iPhone.ActiveCfg = Debug|Any CPU
		{34F4B66D-83BE-40AA-87FC-695A678C1C95}.Ad-Hoc|iPhone.Build.0 = Debug|Any CPU
		{34F4B66D-83BE-40AA-87FC-695A678C1C95}.Ad-Hoc|iPhoneSimulator.ActiveCfg = Release|Any CPU
		{34F4B66D-83BE-40AA-87FC-695A678C1C95}.Ad-Hoc|Mixed Platforms.ActiveCfg = Release|Any CPU
		{34F4B66D-83BE-40AA-87FC-695A678C1C95}.Ad-Hoc|Mixed Platforms.Build.0 = Release|Any CPU
		{34F4B66D-83BE-40AA-87FC-695A678C1C95}.Ad-Hoc|x86.ActiveCfg = Release|Any CPU
		{34F4B66D-83BE-40AA-87FC-695A678C1C95}.AppStore|Any CPU.ActiveCfg = Release|Any CPU
		{34F4B66D-83BE-40AA-87FC-695A678C1C95}.AppStore|iPhone.ActiveCfg = Debug|Any CPU
		{34F4B66D-83BE-40AA-87FC-695A678C1C95}.AppStore|iPhone.Build.0 = Debug|Any CPU
		{34F4B66D-83BE-40AA-87FC-695A678C1C95}.AppStore|iPhoneSimulator.ActiveCfg = Release|Any CPU
		{34F4B66D-83BE-40AA-87FC-695A678C1C95}.AppStore|Mixed Platforms.ActiveCfg = Release|Any CPU
		{34F4B66D-83BE-40AA-87FC-695A678C1C95}.AppStore|Mixed Platforms.Build.0 = Release|Any CPU
		{34F4B66D-83BE-40AA-87FC-695A678C1C95}.AppStore|x86.ActiveCfg = Release|Any CPU
		{34F4B66D-83BE-40AA-87FC-695A678C1C95}.Debug|Any CPU.ActiveCfg = Debug|Any CPU
		{34F4B66D-83BE-40AA-87FC-695A678C1C95}.Debug|Any CPU.Build.0 = Debug|Any CPU
		{34F4B66D-83BE-40AA-87FC-695A678C1C95}.Debug|iPhone.ActiveCfg = Debug|Any CPU
		{34F4B66D-83BE-40AA-87FC-695A678C1C95}.Debug|iPhone.Build.0 = Debug|Any CPU
		{34F4B66D-83BE-40AA-87FC-695A678C1C95}.Debug|iPhoneSimulator.ActiveCfg = Debug|Any CPU
		{34F4B66D-83BE-40AA-87FC-695A678C1C95}.Debug|iPhoneSimulator.Build.0 = Debug|Any CPU
		{34F4B66D-83BE-40AA-87FC-695A678C1C95}.Debug|Mixed Platforms.ActiveCfg = Debug|Any CPU
		{34F4B66D-83BE-40AA-87FC-695A678C1C95}.Debug|Mixed Platforms.Build.0 = Debug|Any CPU
		{34F4B66D-83BE-40AA-87FC-695A678C1C95}.Debug|x86.ActiveCfg = Debug|Any CPU
		{34F4B66D-83BE-40AA-87FC-695A678C1C95}.Release|Any CPU.ActiveCfg = Release|Any CPU
		{34F4B66D-83BE-40AA-87FC-695A678C1C95}.Release|Any CPU.Build.0 = Release|Any CPU
		{34F4B66D-83BE-40AA-87FC-695A678C1C95}.Release|iPhone.ActiveCfg = Release|Any CPU
		{34F4B66D-83BE-40AA-87FC-695A678C1C95}.Release|iPhone.Build.0 = Release|Any CPU
		{34F4B66D-83BE-40AA-87FC-695A678C1C95}.Release|iPhoneSimulator.ActiveCfg = Release|Any CPU
		{34F4B66D-83BE-40AA-87FC-695A678C1C95}.Release|iPhoneSimulator.Build.0 = Release|Any CPU
		{34F4B66D-83BE-40AA-87FC-695A678C1C95}.Release|Mixed Platforms.ActiveCfg = Release|Any CPU
		{34F4B66D-83BE-40AA-87FC-695A678C1C95}.Release|Mixed Platforms.Build.0 = Release|Any CPU
		{34F4B66D-83BE-40AA-87FC-695A678C1C95}.Release|x86.ActiveCfg = Release|Any CPU
		{65DF1173-D735-4E10-ACB3-BF37C4D3A3B7}.Ad-Hoc|Any CPU.ActiveCfg = Release|x86
		{65DF1173-D735-4E10-ACB3-BF37C4D3A3B7}.Ad-Hoc|iPhone.ActiveCfg = Release|x86
		{65DF1173-D735-4E10-ACB3-BF37C4D3A3B7}.Ad-Hoc|iPhoneSimulator.ActiveCfg = Release|x86
		{65DF1173-D735-4E10-ACB3-BF37C4D3A3B7}.Ad-Hoc|Mixed Platforms.ActiveCfg = Release|x86
		{65DF1173-D735-4E10-ACB3-BF37C4D3A3B7}.Ad-Hoc|Mixed Platforms.Build.0 = Release|x86
		{65DF1173-D735-4E10-ACB3-BF37C4D3A3B7}.Ad-Hoc|x86.ActiveCfg = Release|x86
		{65DF1173-D735-4E10-ACB3-BF37C4D3A3B7}.Ad-Hoc|x86.Build.0 = Release|x86
		{65DF1173-D735-4E10-ACB3-BF37C4D3A3B7}.AppStore|Any CPU.ActiveCfg = Release|x86
		{65DF1173-D735-4E10-ACB3-BF37C4D3A3B7}.AppStore|iPhone.ActiveCfg = Release|x86
		{65DF1173-D735-4E10-ACB3-BF37C4D3A3B7}.AppStore|iPhoneSimulator.ActiveCfg = Release|x86
		{65DF1173-D735-4E10-ACB3-BF37C4D3A3B7}.AppStore|Mixed Platforms.ActiveCfg = Release|x86
		{65DF1173-D735-4E10-ACB3-BF37C4D3A3B7}.AppStore|Mixed Platforms.Build.0 = Release|x86
		{65DF1173-D735-4E10-ACB3-BF37C4D3A3B7}.AppStore|x86.ActiveCfg = Release|x86
		{65DF1173-D735-4E10-ACB3-BF37C4D3A3B7}.AppStore|x86.Build.0 = Release|x86
		{65DF1173-D735-4E10-ACB3-BF37C4D3A3B7}.Debug|Any CPU.ActiveCfg = Debug|x86
		{65DF1173-D735-4E10-ACB3-BF37C4D3A3B7}.Debug|iPhone.ActiveCfg = Debug|x86
		{65DF1173-D735-4E10-ACB3-BF37C4D3A3B7}.Debug|iPhoneSimulator.ActiveCfg = Debug|x86
		{65DF1173-D735-4E10-ACB3-BF37C4D3A3B7}.Debug|Mixed Platforms.ActiveCfg = Debug|x86
		{65DF1173-D735-4E10-ACB3-BF37C4D3A3B7}.Debug|Mixed Platforms.Build.0 = Debug|x86
		{65DF1173-D735-4E10-ACB3-BF37C4D3A3B7}.Debug|x86.ActiveCfg = Debug|x86
		{65DF1173-D735-4E10-ACB3-BF37C4D3A3B7}.Debug|x86.Build.0 = Debug|x86
		{65DF1173-D735-4E10-ACB3-BF37C4D3A3B7}.Release|Any CPU.ActiveCfg = Release|x86
		{65DF1173-D735-4E10-ACB3-BF37C4D3A3B7}.Release|iPhone.ActiveCfg = Release|x86
		{65DF1173-D735-4E10-ACB3-BF37C4D3A3B7}.Release|iPhoneSimulator.ActiveCfg = Release|x86
		{65DF1173-D735-4E10-ACB3-BF37C4D3A3B7}.Release|Mixed Platforms.ActiveCfg = Release|x86
		{65DF1173-D735-4E10-ACB3-BF37C4D3A3B7}.Release|Mixed Platforms.Build.0 = Release|x86
		{65DF1173-D735-4E10-ACB3-BF37C4D3A3B7}.Release|x86.ActiveCfg = Release|x86
		{65DF1173-D735-4E10-ACB3-BF37C4D3A3B7}.Release|x86.Build.0 = Release|x86
		{67B72CFA-CCC3-43E4-A0A4-F7D0B3879864}.Ad-Hoc|Any CPU.ActiveCfg = Release|Any CPU
		{67B72CFA-CCC3-43E4-A0A4-F7D0B3879864}.Ad-Hoc|iPhone.ActiveCfg = Debug|Any CPU
		{67B72CFA-CCC3-43E4-A0A4-F7D0B3879864}.Ad-Hoc|iPhone.Build.0 = Debug|Any CPU
		{67B72CFA-CCC3-43E4-A0A4-F7D0B3879864}.Ad-Hoc|iPhoneSimulator.ActiveCfg = Release|Any CPU
		{67B72CFA-CCC3-43E4-A0A4-F7D0B3879864}.Ad-Hoc|Mixed Platforms.ActiveCfg = Release|Any CPU
		{67B72CFA-CCC3-43E4-A0A4-F7D0B3879864}.Ad-Hoc|Mixed Platforms.Build.0 = Release|Any CPU
		{67B72CFA-CCC3-43E4-A0A4-F7D0B3879864}.Ad-Hoc|x86.ActiveCfg = Release|Any CPU
		{67B72CFA-CCC3-43E4-A0A4-F7D0B3879864}.AppStore|Any CPU.ActiveCfg = Release|Any CPU
		{67B72CFA-CCC3-43E4-A0A4-F7D0B3879864}.AppStore|iPhone.ActiveCfg = Debug|Any CPU
		{67B72CFA-CCC3-43E4-A0A4-F7D0B3879864}.AppStore|iPhone.Build.0 = Debug|Any CPU
		{67B72CFA-CCC3-43E4-A0A4-F7D0B3879864}.AppStore|iPhoneSimulator.ActiveCfg = Release|Any CPU
		{67B72CFA-CCC3-43E4-A0A4-F7D0B3879864}.AppStore|Mixed Platforms.ActiveCfg = Release|Any CPU
		{67B72CFA-CCC3-43E4-A0A4-F7D0B3879864}.AppStore|Mixed Platforms.Build.0 = Release|Any CPU
		{67B72CFA-CCC3-43E4-A0A4-F7D0B3879864}.AppStore|x86.ActiveCfg = Release|Any CPU
		{67B72CFA-CCC3-43E4-A0A4-F7D0B3879864}.Debug|Any CPU.ActiveCfg = Debug|Any CPU
		{67B72CFA-CCC3-43E4-A0A4-F7D0B3879864}.Debug|Any CPU.Build.0 = Debug|Any CPU
		{67B72CFA-CCC3-43E4-A0A4-F7D0B3879864}.Debug|iPhone.ActiveCfg = Debug|Any CPU
		{67B72CFA-CCC3-43E4-A0A4-F7D0B3879864}.Debug|iPhone.Build.0 = Debug|Any CPU
		{67B72CFA-CCC3-43E4-A0A4-F7D0B3879864}.Debug|iPhoneSimulator.ActiveCfg = Debug|Any CPU
		{67B72CFA-CCC3-43E4-A0A4-F7D0B3879864}.Debug|iPhoneSimulator.Build.0 = Debug|Any CPU
		{67B72CFA-CCC3-43E4-A0A4-F7D0B3879864}.Debug|Mixed Platforms.ActiveCfg = Debug|Any CPU
		{67B72CFA-CCC3-43E4-A0A4-F7D0B3879864}.Debug|Mixed Platforms.Build.0 = Debug|Any CPU
		{67B72CFA-CCC3-43E4-A0A4-F7D0B3879864}.Debug|x86.ActiveCfg = Debug|Any CPU
		{67B72CFA-CCC3-43E4-A0A4-F7D0B3879864}.Release|Any CPU.ActiveCfg = Release|Any CPU
		{67B72CFA-CCC3-43E4-A0A4-F7D0B3879864}.Release|Any CPU.Build.0 = Release|Any CPU
		{67B72CFA-CCC3-43E4-A0A4-F7D0B3879864}.Release|iPhone.ActiveCfg = Release|Any CPU
		{67B72CFA-CCC3-43E4-A0A4-F7D0B3879864}.Release|iPhone.Build.0 = Release|Any CPU
		{67B72CFA-CCC3-43E4-A0A4-F7D0B3879864}.Release|iPhoneSimulator.ActiveCfg = Release|Any CPU
		{67B72CFA-CCC3-43E4-A0A4-F7D0B3879864}.Release|iPhoneSimulator.Build.0 = Release|Any CPU
		{67B72CFA-CCC3-43E4-A0A4-F7D0B3879864}.Release|Mixed Platforms.ActiveCfg = Release|Any CPU
		{67B72CFA-CCC3-43E4-A0A4-F7D0B3879864}.Release|Mixed Platforms.Build.0 = Release|Any CPU
		{67B72CFA-CCC3-43E4-A0A4-F7D0B3879864}.Release|x86.ActiveCfg = Release|Any CPU
		{7483E27E-E9CE-4B58-A6AD-10851C1E88B8}.Ad-Hoc|Any CPU.ActiveCfg = Release|Any CPU
		{7483E27E-E9CE-4B58-A6AD-10851C1E88B8}.Ad-Hoc|Any CPU.Build.0 = Release|Any CPU
		{7483E27E-E9CE-4B58-A6AD-10851C1E88B8}.Ad-Hoc|iPhone.ActiveCfg = Release|Any CPU
		{7483E27E-E9CE-4B58-A6AD-10851C1E88B8}.Ad-Hoc|iPhoneSimulator.ActiveCfg = Release|Any CPU
		{7483E27E-E9CE-4B58-A6AD-10851C1E88B8}.Ad-Hoc|Mixed Platforms.ActiveCfg = Release|Any CPU
		{7483E27E-E9CE-4B58-A6AD-10851C1E88B8}.Ad-Hoc|Mixed Platforms.Build.0 = Release|Any CPU
		{7483E27E-E9CE-4B58-A6AD-10851C1E88B8}.Ad-Hoc|x86.ActiveCfg = Release|Any CPU
		{7483E27E-E9CE-4B58-A6AD-10851C1E88B8}.AppStore|Any CPU.ActiveCfg = Release|Any CPU
		{7483E27E-E9CE-4B58-A6AD-10851C1E88B8}.AppStore|Any CPU.Build.0 = Release|Any CPU
		{7483E27E-E9CE-4B58-A6AD-10851C1E88B8}.AppStore|iPhone.ActiveCfg = Release|Any CPU
		{7483E27E-E9CE-4B58-A6AD-10851C1E88B8}.AppStore|iPhoneSimulator.ActiveCfg = Release|Any CPU
		{7483E27E-E9CE-4B58-A6AD-10851C1E88B8}.AppStore|Mixed Platforms.ActiveCfg = Release|Any CPU
		{7483E27E-E9CE-4B58-A6AD-10851C1E88B8}.AppStore|Mixed Platforms.Build.0 = Release|Any CPU
		{7483E27E-E9CE-4B58-A6AD-10851C1E88B8}.AppStore|x86.ActiveCfg = Release|Any CPU
		{7483E27E-E9CE-4B58-A6AD-10851C1E88B8}.Debug|Any CPU.ActiveCfg = Debug|Any CPU
		{7483E27E-E9CE-4B58-A6AD-10851C1E88B8}.Debug|Any CPU.Build.0 = Debug|Any CPU
		{7483E27E-E9CE-4B58-A6AD-10851C1E88B8}.Debug|iPhone.ActiveCfg = Debug|Any CPU
		{7483E27E-E9CE-4B58-A6AD-10851C1E88B8}.Debug|iPhoneSimulator.ActiveCfg = Debug|Any CPU
		{7483E27E-E9CE-4B58-A6AD-10851C1E88B8}.Debug|Mixed Platforms.ActiveCfg = Debug|Any CPU
		{7483E27E-E9CE-4B58-A6AD-10851C1E88B8}.Debug|Mixed Platforms.Build.0 = Debug|Any CPU
		{7483E27E-E9CE-4B58-A6AD-10851C1E88B8}.Debug|x86.ActiveCfg = Debug|Any CPU
		{7483E27E-E9CE-4B58-A6AD-10851C1E88B8}.Release|Any CPU.ActiveCfg = Release|Any CPU
		{7483E27E-E9CE-4B58-A6AD-10851C1E88B8}.Release|Any CPU.Build.0 = Release|Any CPU
		{7483E27E-E9CE-4B58-A6AD-10851C1E88B8}.Release|iPhone.ActiveCfg = Release|Any CPU
		{7483E27E-E9CE-4B58-A6AD-10851C1E88B8}.Release|iPhoneSimulator.ActiveCfg = Release|Any CPU
		{7483E27E-E9CE-4B58-A6AD-10851C1E88B8}.Release|Mixed Platforms.ActiveCfg = Release|Any CPU
		{7483E27E-E9CE-4B58-A6AD-10851C1E88B8}.Release|Mixed Platforms.Build.0 = Release|Any CPU
		{7483E27E-E9CE-4B58-A6AD-10851C1E88B8}.Release|x86.ActiveCfg = Release|Any CPU
		{86606731-C7E6-47CA-9BE2-DCE1AC814CC1}.Ad-Hoc|Any CPU.ActiveCfg = Release|x86
		{86606731-C7E6-47CA-9BE2-DCE1AC814CC1}.Ad-Hoc|iPhone.ActiveCfg = Release|x86
		{86606731-C7E6-47CA-9BE2-DCE1AC814CC1}.Ad-Hoc|iPhoneSimulator.ActiveCfg = Release|x86
		{86606731-C7E6-47CA-9BE2-DCE1AC814CC1}.Ad-Hoc|Mixed Platforms.ActiveCfg = Release|x86
		{86606731-C7E6-47CA-9BE2-DCE1AC814CC1}.Ad-Hoc|Mixed Platforms.Build.0 = Release|x86
		{86606731-C7E6-47CA-9BE2-DCE1AC814CC1}.Ad-Hoc|x86.ActiveCfg = Release|x86
		{86606731-C7E6-47CA-9BE2-DCE1AC814CC1}.Ad-Hoc|x86.Build.0 = Release|x86
		{86606731-C7E6-47CA-9BE2-DCE1AC814CC1}.AppStore|Any CPU.ActiveCfg = Release|x86
		{86606731-C7E6-47CA-9BE2-DCE1AC814CC1}.AppStore|iPhone.ActiveCfg = Release|x86
		{86606731-C7E6-47CA-9BE2-DCE1AC814CC1}.AppStore|iPhoneSimulator.ActiveCfg = Release|x86
		{86606731-C7E6-47CA-9BE2-DCE1AC814CC1}.AppStore|Mixed Platforms.ActiveCfg = Release|x86
		{86606731-C7E6-47CA-9BE2-DCE1AC814CC1}.AppStore|Mixed Platforms.Build.0 = Release|x86
		{86606731-C7E6-47CA-9BE2-DCE1AC814CC1}.AppStore|x86.ActiveCfg = Release|x86
		{86606731-C7E6-47CA-9BE2-DCE1AC814CC1}.AppStore|x86.Build.0 = Release|x86
		{86606731-C7E6-47CA-9BE2-DCE1AC814CC1}.Debug|Any CPU.ActiveCfg = Debug|x86
		{86606731-C7E6-47CA-9BE2-DCE1AC814CC1}.Debug|iPhone.ActiveCfg = Debug|x86
		{86606731-C7E6-47CA-9BE2-DCE1AC814CC1}.Debug|iPhoneSimulator.ActiveCfg = Debug|x86
		{86606731-C7E6-47CA-9BE2-DCE1AC814CC1}.Debug|Mixed Platforms.ActiveCfg = Debug|x86
		{86606731-C7E6-47CA-9BE2-DCE1AC814CC1}.Debug|Mixed Platforms.Build.0 = Debug|x86
		{86606731-C7E6-47CA-9BE2-DCE1AC814CC1}.Debug|x86.ActiveCfg = Debug|x86
		{86606731-C7E6-47CA-9BE2-DCE1AC814CC1}.Debug|x86.Build.0 = Debug|x86
		{86606731-C7E6-47CA-9BE2-DCE1AC814CC1}.Release|Any CPU.ActiveCfg = Release|x86
		{86606731-C7E6-47CA-9BE2-DCE1AC814CC1}.Release|iPhone.ActiveCfg = Release|x86
		{86606731-C7E6-47CA-9BE2-DCE1AC814CC1}.Release|iPhoneSimulator.ActiveCfg = Release|x86
		{86606731-C7E6-47CA-9BE2-DCE1AC814CC1}.Release|Mixed Platforms.ActiveCfg = Release|x86
		{86606731-C7E6-47CA-9BE2-DCE1AC814CC1}.Release|Mixed Platforms.Build.0 = Release|x86
		{86606731-C7E6-47CA-9BE2-DCE1AC814CC1}.Release|x86.ActiveCfg = Release|x86
		{86606731-C7E6-47CA-9BE2-DCE1AC814CC1}.Release|x86.Build.0 = Release|x86
		{8FC93884-2990-43EE-883F-1B2F5D39D510}.Ad-Hoc|Any CPU.ActiveCfg = Release|Any CPU
		{8FC93884-2990-43EE-883F-1B2F5D39D510}.Ad-Hoc|Any CPU.Build.0 = Release|Any CPU
		{8FC93884-2990-43EE-883F-1B2F5D39D510}.Ad-Hoc|iPhone.ActiveCfg = Release|Any CPU
		{8FC93884-2990-43EE-883F-1B2F5D39D510}.Ad-Hoc|iPhoneSimulator.ActiveCfg = Release|Any CPU
		{8FC93884-2990-43EE-883F-1B2F5D39D510}.Ad-Hoc|Mixed Platforms.ActiveCfg = Release|Any CPU
		{8FC93884-2990-43EE-883F-1B2F5D39D510}.Ad-Hoc|Mixed Platforms.Build.0 = Release|Any CPU
		{8FC93884-2990-43EE-883F-1B2F5D39D510}.Ad-Hoc|x86.ActiveCfg = Release|Any CPU
		{8FC93884-2990-43EE-883F-1B2F5D39D510}.AppStore|Any CPU.ActiveCfg = Release|Any CPU
		{8FC93884-2990-43EE-883F-1B2F5D39D510}.AppStore|Any CPU.Build.0 = Release|Any CPU
		{8FC93884-2990-43EE-883F-1B2F5D39D510}.AppStore|iPhone.ActiveCfg = Release|Any CPU
		{8FC93884-2990-43EE-883F-1B2F5D39D510}.AppStore|iPhoneSimulator.ActiveCfg = Release|Any CPU
		{8FC93884-2990-43EE-883F-1B2F5D39D510}.AppStore|Mixed Platforms.ActiveCfg = Release|Any CPU
		{8FC93884-2990-43EE-883F-1B2F5D39D510}.AppStore|Mixed Platforms.Build.0 = Release|Any CPU
		{8FC93884-2990-43EE-883F-1B2F5D39D510}.AppStore|x86.ActiveCfg = Release|Any CPU
		{8FC93884-2990-43EE-883F-1B2F5D39D510}.Debug|Any CPU.ActiveCfg = Debug|Any CPU
		{8FC93884-2990-43EE-883F-1B2F5D39D510}.Debug|Any CPU.Build.0 = Debug|Any CPU
		{8FC93884-2990-43EE-883F-1B2F5D39D510}.Debug|iPhone.ActiveCfg = Debug|Any CPU
		{8FC93884-2990-43EE-883F-1B2F5D39D510}.Debug|iPhoneSimulator.ActiveCfg = Debug|Any CPU
		{8FC93884-2990-43EE-883F-1B2F5D39D510}.Debug|Mixed Platforms.ActiveCfg = Debug|Any CPU
		{8FC93884-2990-43EE-883F-1B2F5D39D510}.Debug|Mixed Platforms.Build.0 = Debug|Any CPU
		{8FC93884-2990-43EE-883F-1B2F5D39D510}.Debug|x86.ActiveCfg = Debug|Any CPU
		{8FC93884-2990-43EE-883F-1B2F5D39D510}.Release|Any CPU.ActiveCfg = Release|Any CPU
		{8FC93884-2990-43EE-883F-1B2F5D39D510}.Release|Any CPU.Build.0 = Release|Any CPU
		{8FC93884-2990-43EE-883F-1B2F5D39D510}.Release|iPhone.ActiveCfg = Release|Any CPU
		{8FC93884-2990-43EE-883F-1B2F5D39D510}.Release|iPhoneSimulator.ActiveCfg = Release|Any CPU
		{8FC93884-2990-43EE-883F-1B2F5D39D510}.Release|Mixed Platforms.ActiveCfg = Release|Any CPU
		{8FC93884-2990-43EE-883F-1B2F5D39D510}.Release|Mixed Platforms.Build.0 = Release|Any CPU
		{8FC93884-2990-43EE-883F-1B2F5D39D510}.Release|x86.ActiveCfg = Release|Any CPU
		{9F5B02E4-2644-47CD-9CD8-9AB181012AA7}.Ad-Hoc|Any CPU.ActiveCfg = Release|Any CPU
		{9F5B02E4-2644-47CD-9CD8-9AB181012AA7}.Ad-Hoc|iPhone.ActiveCfg = Debug|Any CPU
		{9F5B02E4-2644-47CD-9CD8-9AB181012AA7}.Ad-Hoc|iPhone.Build.0 = Debug|Any CPU
		{9F5B02E4-2644-47CD-9CD8-9AB181012AA7}.Ad-Hoc|iPhoneSimulator.ActiveCfg = Release|Any CPU
		{9F5B02E4-2644-47CD-9CD8-9AB181012AA7}.Ad-Hoc|Mixed Platforms.ActiveCfg = Release|Any CPU
		{9F5B02E4-2644-47CD-9CD8-9AB181012AA7}.Ad-Hoc|Mixed Platforms.Build.0 = Release|Any CPU
		{9F5B02E4-2644-47CD-9CD8-9AB181012AA7}.Ad-Hoc|x86.ActiveCfg = Release|Any CPU
		{9F5B02E4-2644-47CD-9CD8-9AB181012AA7}.AppStore|Any CPU.ActiveCfg = Release|Any CPU
		{9F5B02E4-2644-47CD-9CD8-9AB181012AA7}.AppStore|iPhone.ActiveCfg = Debug|Any CPU
		{9F5B02E4-2644-47CD-9CD8-9AB181012AA7}.AppStore|iPhone.Build.0 = Debug|Any CPU
		{9F5B02E4-2644-47CD-9CD8-9AB181012AA7}.AppStore|iPhoneSimulator.ActiveCfg = Release|Any CPU
		{9F5B02E4-2644-47CD-9CD8-9AB181012AA7}.AppStore|Mixed Platforms.ActiveCfg = Release|Any CPU
		{9F5B02E4-2644-47CD-9CD8-9AB181012AA7}.AppStore|Mixed Platforms.Build.0 = Release|Any CPU
		{9F5B02E4-2644-47CD-9CD8-9AB181012AA7}.AppStore|x86.ActiveCfg = Release|Any CPU
		{9F5B02E4-2644-47CD-9CD8-9AB181012AA7}.Debug|Any CPU.ActiveCfg = Debug|Any CPU
		{9F5B02E4-2644-47CD-9CD8-9AB181012AA7}.Debug|Any CPU.Build.0 = Debug|Any CPU
		{9F5B02E4-2644-47CD-9CD8-9AB181012AA7}.Debug|iPhone.ActiveCfg = Debug|Any CPU
		{9F5B02E4-2644-47CD-9CD8-9AB181012AA7}.Debug|iPhone.Build.0 = Debug|Any CPU
		{9F5B02E4-2644-47CD-9CD8-9AB181012AA7}.Debug|iPhoneSimulator.ActiveCfg = Debug|Any CPU
		{9F5B02E4-2644-47CD-9CD8-9AB181012AA7}.Debug|iPhoneSimulator.Build.0 = Debug|Any CPU
		{9F5B02E4-2644-47CD-9CD8-9AB181012AA7}.Debug|Mixed Platforms.ActiveCfg = Debug|Any CPU
		{9F5B02E4-2644-47CD-9CD8-9AB181012AA7}.Debug|Mixed Platforms.Build.0 = Debug|Any CPU
		{9F5B02E4-2644-47CD-9CD8-9AB181012AA7}.Debug|x86.ActiveCfg = Debug|Any CPU
		{9F5B02E4-2644-47CD-9CD8-9AB181012AA7}.Release|Any CPU.ActiveCfg = Release|Any CPU
		{9F5B02E4-2644-47CD-9CD8-9AB181012AA7}.Release|Any CPU.Build.0 = Release|Any CPU
		{9F5B02E4-2644-47CD-9CD8-9AB181012AA7}.Release|iPhone.ActiveCfg = Release|Any CPU
		{9F5B02E4-2644-47CD-9CD8-9AB181012AA7}.Release|iPhone.Build.0 = Release|Any CPU
		{9F5B02E4-2644-47CD-9CD8-9AB181012AA7}.Release|iPhoneSimulator.ActiveCfg = Release|Any CPU
		{9F5B02E4-2644-47CD-9CD8-9AB181012AA7}.Release|iPhoneSimulator.Build.0 = Release|Any CPU
		{9F5B02E4-2644-47CD-9CD8-9AB181012AA7}.Release|Mixed Platforms.ActiveCfg = Release|Any CPU
		{9F5B02E4-2644-47CD-9CD8-9AB181012AA7}.Release|Mixed Platforms.Build.0 = Release|Any CPU
		{9F5B02E4-2644-47CD-9CD8-9AB181012AA7}.Release|x86.ActiveCfg = Release|Any CPU
		{A323615E-0782-41AD-90CC-8936D5E893B2}.Ad-Hoc|Any CPU.ActiveCfg = Release|Any CPU
		{A323615E-0782-41AD-90CC-8936D5E893B2}.Ad-Hoc|Any CPU.Build.0 = Release|Any CPU
		{A323615E-0782-41AD-90CC-8936D5E893B2}.Ad-Hoc|iPhone.ActiveCfg = Release|Any CPU
		{A323615E-0782-41AD-90CC-8936D5E893B2}.Ad-Hoc|iPhoneSimulator.ActiveCfg = Release|Any CPU
		{A323615E-0782-41AD-90CC-8936D5E893B2}.Ad-Hoc|Mixed Platforms.ActiveCfg = Release|Any CPU
		{A323615E-0782-41AD-90CC-8936D5E893B2}.Ad-Hoc|Mixed Platforms.Build.0 = Release|Any CPU
		{A323615E-0782-41AD-90CC-8936D5E893B2}.Ad-Hoc|x86.ActiveCfg = Release|Any CPU
		{A323615E-0782-41AD-90CC-8936D5E893B2}.AppStore|Any CPU.ActiveCfg = Release|Any CPU
		{A323615E-0782-41AD-90CC-8936D5E893B2}.AppStore|Any CPU.Build.0 = Release|Any CPU
		{A323615E-0782-41AD-90CC-8936D5E893B2}.AppStore|iPhone.ActiveCfg = Release|Any CPU
		{A323615E-0782-41AD-90CC-8936D5E893B2}.AppStore|iPhoneSimulator.ActiveCfg = Release|Any CPU
		{A323615E-0782-41AD-90CC-8936D5E893B2}.AppStore|Mixed Platforms.ActiveCfg = Release|Any CPU
		{A323615E-0782-41AD-90CC-8936D5E893B2}.AppStore|Mixed Platforms.Build.0 = Release|Any CPU
		{A323615E-0782-41AD-90CC-8936D5E893B2}.AppStore|x86.ActiveCfg = Release|Any CPU
		{A323615E-0782-41AD-90CC-8936D5E893B2}.Debug|Any CPU.ActiveCfg = Debug|Any CPU
		{A323615E-0782-41AD-90CC-8936D5E893B2}.Debug|Any CPU.Build.0 = Debug|Any CPU
		{A323615E-0782-41AD-90CC-8936D5E893B2}.Debug|iPhone.ActiveCfg = Debug|Any CPU
		{A323615E-0782-41AD-90CC-8936D5E893B2}.Debug|iPhoneSimulator.ActiveCfg = Debug|Any CPU
		{A323615E-0782-41AD-90CC-8936D5E893B2}.Debug|Mixed Platforms.ActiveCfg = Debug|Any CPU
		{A323615E-0782-41AD-90CC-8936D5E893B2}.Debug|Mixed Platforms.Build.0 = Debug|Any CPU
		{A323615E-0782-41AD-90CC-8936D5E893B2}.Debug|x86.ActiveCfg = Debug|Any CPU
		{A323615E-0782-41AD-90CC-8936D5E893B2}.Release|Any CPU.ActiveCfg = Release|Any CPU
		{A323615E-0782-41AD-90CC-8936D5E893B2}.Release|Any CPU.Build.0 = Release|Any CPU
		{A323615E-0782-41AD-90CC-8936D5E893B2}.Release|iPhone.ActiveCfg = Release|Any CPU
		{A323615E-0782-41AD-90CC-8936D5E893B2}.Release|iPhoneSimulator.ActiveCfg = Release|Any CPU
		{A323615E-0782-41AD-90CC-8936D5E893B2}.Release|Mixed Platforms.ActiveCfg = Release|Any CPU
		{A323615E-0782-41AD-90CC-8936D5E893B2}.Release|Mixed Platforms.Build.0 = Release|Any CPU
		{A323615E-0782-41AD-90CC-8936D5E893B2}.Release|x86.ActiveCfg = Release|Any CPU
		{AF6251A7-27BA-4217-B15F-D6BD9C96013E}.Ad-Hoc|Any CPU.ActiveCfg = Release|Any CPU
		{AF6251A7-27BA-4217-B15F-D6BD9C96013E}.Ad-Hoc|Any CPU.Build.0 = Release|Any CPU
		{AF6251A7-27BA-4217-B15F-D6BD9C96013E}.Ad-Hoc|iPhone.ActiveCfg = Release|Any CPU
		{AF6251A7-27BA-4217-B15F-D6BD9C96013E}.Ad-Hoc|iPhoneSimulator.ActiveCfg = Release|Any CPU
		{AF6251A7-27BA-4217-B15F-D6BD9C96013E}.Ad-Hoc|Mixed Platforms.ActiveCfg = Release|Any CPU
		{AF6251A7-27BA-4217-B15F-D6BD9C96013E}.Ad-Hoc|Mixed Platforms.Build.0 = Release|Any CPU
		{AF6251A7-27BA-4217-B15F-D6BD9C96013E}.Ad-Hoc|x86.ActiveCfg = Release|Any CPU
		{AF6251A7-27BA-4217-B15F-D6BD9C96013E}.AppStore|Any CPU.ActiveCfg = Release|Any CPU
		{AF6251A7-27BA-4217-B15F-D6BD9C96013E}.AppStore|Any CPU.Build.0 = Release|Any CPU
		{AF6251A7-27BA-4217-B15F-D6BD9C96013E}.AppStore|iPhone.ActiveCfg = Release|Any CPU
		{AF6251A7-27BA-4217-B15F-D6BD9C96013E}.AppStore|iPhoneSimulator.ActiveCfg = Release|Any CPU
		{AF6251A7-27BA-4217-B15F-D6BD9C96013E}.AppStore|Mixed Platforms.ActiveCfg = Release|Any CPU
		{AF6251A7-27BA-4217-B15F-D6BD9C96013E}.AppStore|Mixed Platforms.Build.0 = Release|Any CPU
		{AF6251A7-27BA-4217-B15F-D6BD9C96013E}.AppStore|x86.ActiveCfg = Release|Any CPU
		{AF6251A7-27BA-4217-B15F-D6BD9C96013E}.Debug|Any CPU.ActiveCfg = Debug|Any CPU
		{AF6251A7-27BA-4217-B15F-D6BD9C96013E}.Debug|Any CPU.Build.0 = Debug|Any CPU
		{AF6251A7-27BA-4217-B15F-D6BD9C96013E}.Debug|iPhone.ActiveCfg = Debug|Any CPU
		{AF6251A7-27BA-4217-B15F-D6BD9C96013E}.Debug|iPhoneSimulator.ActiveCfg = Debug|Any CPU
		{AF6251A7-27BA-4217-B15F-D6BD9C96013E}.Debug|Mixed Platforms.ActiveCfg = Debug|Any CPU
		{AF6251A7-27BA-4217-B15F-D6BD9C96013E}.Debug|Mixed Platforms.Build.0 = Debug|Any CPU
		{AF6251A7-27BA-4217-B15F-D6BD9C96013E}.Debug|x86.ActiveCfg = Debug|Any CPU
		{AF6251A7-27BA-4217-B15F-D6BD9C96013E}.Release|Any CPU.ActiveCfg = Release|Any CPU
		{AF6251A7-27BA-4217-B15F-D6BD9C96013E}.Release|Any CPU.Build.0 = Release|Any CPU
		{AF6251A7-27BA-4217-B15F-D6BD9C96013E}.Release|iPhone.ActiveCfg = Release|Any CPU
		{AF6251A7-27BA-4217-B15F-D6BD9C96013E}.Release|iPhoneSimulator.ActiveCfg = Release|Any CPU
		{AF6251A7-27BA-4217-B15F-D6BD9C96013E}.Release|Mixed Platforms.ActiveCfg = Release|Any CPU
		{AF6251A7-27BA-4217-B15F-D6BD9C96013E}.Release|Mixed Platforms.Build.0 = Release|Any CPU
		{AF6251A7-27BA-4217-B15F-D6BD9C96013E}.Release|x86.ActiveCfg = Release|Any CPU
		{B813B549-3E0A-4D4D-8633-533022EA0989}.Ad-Hoc|Any CPU.ActiveCfg = AppStore|Any CPU
		{B813B549-3E0A-4D4D-8633-533022EA0989}.Ad-Hoc|iPhone.ActiveCfg = Debug|Any CPU
		{B813B549-3E0A-4D4D-8633-533022EA0989}.Ad-Hoc|iPhone.Build.0 = Debug|Any CPU
		{B813B549-3E0A-4D4D-8633-533022EA0989}.Ad-Hoc|iPhoneSimulator.ActiveCfg = AppStore|Any CPU
		{B813B549-3E0A-4D4D-8633-533022EA0989}.Ad-Hoc|Mixed Platforms.ActiveCfg = AppStore|Any CPU
		{B813B549-3E0A-4D4D-8633-533022EA0989}.Ad-Hoc|Mixed Platforms.Build.0 = AppStore|Any CPU
		{B813B549-3E0A-4D4D-8633-533022EA0989}.Ad-Hoc|x86.ActiveCfg = AppStore|Any CPU
		{B813B549-3E0A-4D4D-8633-533022EA0989}.AppStore|Any CPU.ActiveCfg = AppStore|Any CPU
		{B813B549-3E0A-4D4D-8633-533022EA0989}.AppStore|iPhone.ActiveCfg = AppStore|Any CPU
		{B813B549-3E0A-4D4D-8633-533022EA0989}.AppStore|iPhone.Build.0 = AppStore|Any CPU
		{B813B549-3E0A-4D4D-8633-533022EA0989}.AppStore|iPhoneSimulator.ActiveCfg = AppStore|Any CPU
		{B813B549-3E0A-4D4D-8633-533022EA0989}.AppStore|Mixed Platforms.ActiveCfg = AppStore|Any CPU
		{B813B549-3E0A-4D4D-8633-533022EA0989}.AppStore|Mixed Platforms.Build.0 = AppStore|Any CPU
		{B813B549-3E0A-4D4D-8633-533022EA0989}.AppStore|x86.ActiveCfg = AppStore|Any CPU
		{B813B549-3E0A-4D4D-8633-533022EA0989}.Debug|Any CPU.ActiveCfg = Debug|Any CPU
		{B813B549-3E0A-4D4D-8633-533022EA0989}.Debug|Any CPU.Build.0 = Debug|Any CPU
		{B813B549-3E0A-4D4D-8633-533022EA0989}.Debug|iPhone.ActiveCfg = Debug|Any CPU
		{B813B549-3E0A-4D4D-8633-533022EA0989}.Debug|iPhone.Build.0 = Debug|Any CPU
		{B813B549-3E0A-4D4D-8633-533022EA0989}.Debug|iPhoneSimulator.ActiveCfg = Debug|Any CPU
		{B813B549-3E0A-4D4D-8633-533022EA0989}.Debug|iPhoneSimulator.Build.0 = Debug|Any CPU
		{B813B549-3E0A-4D4D-8633-533022EA0989}.Debug|Mixed Platforms.ActiveCfg = Debug|Any CPU
		{B813B549-3E0A-4D4D-8633-533022EA0989}.Debug|Mixed Platforms.Build.0 = Debug|Any CPU
		{B813B549-3E0A-4D4D-8633-533022EA0989}.Debug|x86.ActiveCfg = Debug|Any CPU
		{B813B549-3E0A-4D4D-8633-533022EA0989}.Release|Any CPU.ActiveCfg = Release|Any CPU
		{B813B549-3E0A-4D4D-8633-533022EA0989}.Release|Any CPU.Build.0 = Release|Any CPU
		{B813B549-3E0A-4D4D-8633-533022EA0989}.Release|iPhone.ActiveCfg = Release|Any CPU
		{B813B549-3E0A-4D4D-8633-533022EA0989}.Release|iPhone.Build.0 = Release|Any CPU
		{B813B549-3E0A-4D4D-8633-533022EA0989}.Release|iPhoneSimulator.ActiveCfg = Release|Any CPU
		{B813B549-3E0A-4D4D-8633-533022EA0989}.Release|iPhoneSimulator.Build.0 = Release|Any CPU
		{B813B549-3E0A-4D4D-8633-533022EA0989}.Release|Mixed Platforms.ActiveCfg = Release|Any CPU
		{B813B549-3E0A-4D4D-8633-533022EA0989}.Release|Mixed Platforms.Build.0 = Release|Any CPU
		{B813B549-3E0A-4D4D-8633-533022EA0989}.Release|x86.ActiveCfg = Release|Any CPU
		{CD5E5755-E83F-4667-94A6-312917AF66EB}.Ad-Hoc|Any CPU.ActiveCfg = Release|Any CPU
		{CD5E5755-E83F-4667-94A6-312917AF66EB}.Ad-Hoc|Any CPU.Build.0 = Release|Any CPU
		{CD5E5755-E83F-4667-94A6-312917AF66EB}.Ad-Hoc|Any CPU.Deploy.0 = Release|Any CPU
		{CD5E5755-E83F-4667-94A6-312917AF66EB}.Ad-Hoc|iPhone.ActiveCfg = Release|Any CPU
		{CD5E5755-E83F-4667-94A6-312917AF66EB}.Ad-Hoc|iPhoneSimulator.ActiveCfg = Release|Any CPU
		{CD5E5755-E83F-4667-94A6-312917AF66EB}.Ad-Hoc|Mixed Platforms.ActiveCfg = Release|Any CPU
		{CD5E5755-E83F-4667-94A6-312917AF66EB}.Ad-Hoc|Mixed Platforms.Build.0 = Release|Any CPU
		{CD5E5755-E83F-4667-94A6-312917AF66EB}.Ad-Hoc|Mixed Platforms.Deploy.0 = Release|Any CPU
		{CD5E5755-E83F-4667-94A6-312917AF66EB}.Ad-Hoc|x86.ActiveCfg = Release|Any CPU
		{CD5E5755-E83F-4667-94A6-312917AF66EB}.AppStore|Any CPU.ActiveCfg = Release|Any CPU
		{CD5E5755-E83F-4667-94A6-312917AF66EB}.AppStore|Any CPU.Build.0 = Release|Any CPU
		{CD5E5755-E83F-4667-94A6-312917AF66EB}.AppStore|Any CPU.Deploy.0 = Release|Any CPU
		{CD5E5755-E83F-4667-94A6-312917AF66EB}.AppStore|iPhone.ActiveCfg = Release|Any CPU
		{CD5E5755-E83F-4667-94A6-312917AF66EB}.AppStore|iPhoneSimulator.ActiveCfg = Release|Any CPU
		{CD5E5755-E83F-4667-94A6-312917AF66EB}.AppStore|Mixed Platforms.ActiveCfg = Release|Any CPU
		{CD5E5755-E83F-4667-94A6-312917AF66EB}.AppStore|Mixed Platforms.Build.0 = Release|Any CPU
		{CD5E5755-E83F-4667-94A6-312917AF66EB}.AppStore|Mixed Platforms.Deploy.0 = Release|Any CPU
		{CD5E5755-E83F-4667-94A6-312917AF66EB}.AppStore|x86.ActiveCfg = Release|Any CPU
		{CD5E5755-E83F-4667-94A6-312917AF66EB}.Debug|Any CPU.ActiveCfg = Debug|Any CPU
		{CD5E5755-E83F-4667-94A6-312917AF66EB}.Debug|Any CPU.Build.0 = Debug|Any CPU
		{CD5E5755-E83F-4667-94A6-312917AF66EB}.Debug|Any CPU.Deploy.0 = Debug|Any CPU
		{CD5E5755-E83F-4667-94A6-312917AF66EB}.Debug|iPhone.ActiveCfg = Debug|Any CPU
		{CD5E5755-E83F-4667-94A6-312917AF66EB}.Debug|iPhoneSimulator.ActiveCfg = Debug|Any CPU
		{CD5E5755-E83F-4667-94A6-312917AF66EB}.Debug|Mixed Platforms.ActiveCfg = Debug|Any CPU
		{CD5E5755-E83F-4667-94A6-312917AF66EB}.Debug|Mixed Platforms.Build.0 = Debug|Any CPU
		{CD5E5755-E83F-4667-94A6-312917AF66EB}.Debug|Mixed Platforms.Deploy.0 = Debug|Any CPU
		{CD5E5755-E83F-4667-94A6-312917AF66EB}.Debug|x86.ActiveCfg = Debug|Any CPU
		{CD5E5755-E83F-4667-94A6-312917AF66EB}.Release|Any CPU.ActiveCfg = Release|Any CPU
		{CD5E5755-E83F-4667-94A6-312917AF66EB}.Release|Any CPU.Build.0 = Release|Any CPU
		{CD5E5755-E83F-4667-94A6-312917AF66EB}.Release|Any CPU.Deploy.0 = Release|Any CPU
		{CD5E5755-E83F-4667-94A6-312917AF66EB}.Release|iPhone.ActiveCfg = Release|Any CPU
		{CD5E5755-E83F-4667-94A6-312917AF66EB}.Release|iPhoneSimulator.ActiveCfg = Release|Any CPU
		{CD5E5755-E83F-4667-94A6-312917AF66EB}.Release|Mixed Platforms.ActiveCfg = Release|Any CPU
		{CD5E5755-E83F-4667-94A6-312917AF66EB}.Release|Mixed Platforms.Build.0 = Release|Any CPU
		{CD5E5755-E83F-4667-94A6-312917AF66EB}.Release|Mixed Platforms.Deploy.0 = Release|Any CPU
		{CD5E5755-E83F-4667-94A6-312917AF66EB}.Release|x86.ActiveCfg = Release|Any CPU
		{D36F2068-3A5C-458F-BE64-C3659B661A79}.Ad-Hoc|Any CPU.ActiveCfg = Release|Any CPU
		{D36F2068-3A5C-458F-BE64-C3659B661A79}.Ad-Hoc|iPhone.ActiveCfg = Debug|Any CPU
		{D36F2068-3A5C-458F-BE64-C3659B661A79}.Ad-Hoc|iPhone.Build.0 = Debug|Any CPU
		{D36F2068-3A5C-458F-BE64-C3659B661A79}.Ad-Hoc|iPhoneSimulator.ActiveCfg = Release|Any CPU
		{D36F2068-3A5C-458F-BE64-C3659B661A79}.Ad-Hoc|Mixed Platforms.ActiveCfg = Release|Any CPU
		{D36F2068-3A5C-458F-BE64-C3659B661A79}.Ad-Hoc|Mixed Platforms.Build.0 = Release|Any CPU
		{D36F2068-3A5C-458F-BE64-C3659B661A79}.Ad-Hoc|Mixed Platforms.Deploy.0 = Release|Any CPU
		{D36F2068-3A5C-458F-BE64-C3659B661A79}.Ad-Hoc|x86.ActiveCfg = Release|Any CPU
		{D36F2068-3A5C-458F-BE64-C3659B661A79}.AppStore|Any CPU.ActiveCfg = Release|Any CPU
		{D36F2068-3A5C-458F-BE64-C3659B661A79}.AppStore|iPhone.ActiveCfg = Debug|Any CPU
		{D36F2068-3A5C-458F-BE64-C3659B661A79}.AppStore|iPhone.Build.0 = Debug|Any CPU
		{D36F2068-3A5C-458F-BE64-C3659B661A79}.AppStore|iPhoneSimulator.ActiveCfg = Release|Any CPU
		{D36F2068-3A5C-458F-BE64-C3659B661A79}.AppStore|Mixed Platforms.ActiveCfg = Release|Any CPU
		{D36F2068-3A5C-458F-BE64-C3659B661A79}.AppStore|Mixed Platforms.Build.0 = Release|Any CPU
		{D36F2068-3A5C-458F-BE64-C3659B661A79}.AppStore|Mixed Platforms.Deploy.0 = Release|Any CPU
		{D36F2068-3A5C-458F-BE64-C3659B661A79}.AppStore|x86.ActiveCfg = Release|Any CPU
		{D36F2068-3A5C-458F-BE64-C3659B661A79}.Debug|Any CPU.ActiveCfg = Debug|Any CPU
		{D36F2068-3A5C-458F-BE64-C3659B661A79}.Debug|Any CPU.Build.0 = Debug|Any CPU
		{D36F2068-3A5C-458F-BE64-C3659B661A79}.Debug|iPhone.ActiveCfg = Debug|Any CPU
		{D36F2068-3A5C-458F-BE64-C3659B661A79}.Debug|iPhone.Build.0 = Debug|Any CPU
		{D36F2068-3A5C-458F-BE64-C3659B661A79}.Debug|iPhoneSimulator.ActiveCfg = Debug|Any CPU
		{D36F2068-3A5C-458F-BE64-C3659B661A79}.Debug|iPhoneSimulator.Build.0 = Debug|Any CPU
		{D36F2068-3A5C-458F-BE64-C3659B661A79}.Debug|Mixed Platforms.ActiveCfg = Debug|Any CPU
		{D36F2068-3A5C-458F-BE64-C3659B661A79}.Debug|Mixed Platforms.Build.0 = Debug|Any CPU
		{D36F2068-3A5C-458F-BE64-C3659B661A79}.Debug|Mixed Platforms.Deploy.0 = Debug|Any CPU
		{D36F2068-3A5C-458F-BE64-C3659B661A79}.Debug|x86.ActiveCfg = Debug|Any CPU
		{D36F2068-3A5C-458F-BE64-C3659B661A79}.Release|Any CPU.ActiveCfg = Release|Any CPU
		{D36F2068-3A5C-458F-BE64-C3659B661A79}.Release|Any CPU.Build.0 = Release|Any CPU
		{D36F2068-3A5C-458F-BE64-C3659B661A79}.Release|iPhone.ActiveCfg = Release|Any CPU
		{D36F2068-3A5C-458F-BE64-C3659B661A79}.Release|iPhone.Build.0 = Release|Any CPU
		{D36F2068-3A5C-458F-BE64-C3659B661A79}.Release|iPhoneSimulator.ActiveCfg = Release|Any CPU
		{D36F2068-3A5C-458F-BE64-C3659B661A79}.Release|iPhoneSimulator.Build.0 = Release|Any CPU
		{D36F2068-3A5C-458F-BE64-C3659B661A79}.Release|Mixed Platforms.ActiveCfg = Release|Any CPU
		{D36F2068-3A5C-458F-BE64-C3659B661A79}.Release|Mixed Platforms.Build.0 = Release|Any CPU
		{D36F2068-3A5C-458F-BE64-C3659B661A79}.Release|Mixed Platforms.Deploy.0 = Release|Any CPU
		{D36F2068-3A5C-458F-BE64-C3659B661A79}.Release|x86.ActiveCfg = Release|Any CPU
		{E598EA3C-1C0A-42DD-993A-D151535DAC38}.Ad-Hoc|Any CPU.ActiveCfg = Release|x86
		{E598EA3C-1C0A-42DD-993A-D151535DAC38}.Ad-Hoc|iPhone.ActiveCfg = Release|x86
		{E598EA3C-1C0A-42DD-993A-D151535DAC38}.Ad-Hoc|iPhoneSimulator.ActiveCfg = Release|x86
		{E598EA3C-1C0A-42DD-993A-D151535DAC38}.Ad-Hoc|Mixed Platforms.ActiveCfg = Release|x86
		{E598EA3C-1C0A-42DD-993A-D151535DAC38}.Ad-Hoc|Mixed Platforms.Build.0 = Release|x86
		{E598EA3C-1C0A-42DD-993A-D151535DAC38}.Ad-Hoc|x86.ActiveCfg = Release|x86
		{E598EA3C-1C0A-42DD-993A-D151535DAC38}.Ad-Hoc|x86.Build.0 = Release|x86
		{E598EA3C-1C0A-42DD-993A-D151535DAC38}.AppStore|Any CPU.ActiveCfg = Release|x86
		{E598EA3C-1C0A-42DD-993A-D151535DAC38}.AppStore|iPhone.ActiveCfg = Release|x86
		{E598EA3C-1C0A-42DD-993A-D151535DAC38}.AppStore|iPhoneSimulator.ActiveCfg = Release|x86
		{E598EA3C-1C0A-42DD-993A-D151535DAC38}.AppStore|Mixed Platforms.ActiveCfg = Release|x86
		{E598EA3C-1C0A-42DD-993A-D151535DAC38}.AppStore|Mixed Platforms.Build.0 = Release|x86
		{E598EA3C-1C0A-42DD-993A-D151535DAC38}.AppStore|x86.ActiveCfg = Release|x86
		{E598EA3C-1C0A-42DD-993A-D151535DAC38}.AppStore|x86.Build.0 = Release|x86
		{E598EA3C-1C0A-42DD-993A-D151535DAC38}.Debug|Any CPU.ActiveCfg = Debug|x86
		{E598EA3C-1C0A-42DD-993A-D151535DAC38}.Debug|iPhone.ActiveCfg = Debug|x86
		{E598EA3C-1C0A-42DD-993A-D151535DAC38}.Debug|iPhoneSimulator.ActiveCfg = Debug|x86
		{E598EA3C-1C0A-42DD-993A-D151535DAC38}.Debug|Mixed Platforms.ActiveCfg = Debug|x86
		{E598EA3C-1C0A-42DD-993A-D151535DAC38}.Debug|Mixed Platforms.Build.0 = Debug|x86
		{E598EA3C-1C0A-42DD-993A-D151535DAC38}.Debug|x86.ActiveCfg = Debug|x86
		{E598EA3C-1C0A-42DD-993A-D151535DAC38}.Debug|x86.Build.0 = Debug|x86
		{E598EA3C-1C0A-42DD-993A-D151535DAC38}.Release|Any CPU.ActiveCfg = Release|x86
		{E598EA3C-1C0A-42DD-993A-D151535DAC38}.Release|iPhone.ActiveCfg = Release|x86
		{E598EA3C-1C0A-42DD-993A-D151535DAC38}.Release|iPhoneSimulator.ActiveCfg = Release|x86
		{E598EA3C-1C0A-42DD-993A-D151535DAC38}.Release|Mixed Platforms.ActiveCfg = Release|x86
		{E598EA3C-1C0A-42DD-993A-D151535DAC38}.Release|Mixed Platforms.Build.0 = Release|x86
		{E598EA3C-1C0A-42DD-993A-D151535DAC38}.Release|x86.ActiveCfg = Release|x86
		{E598EA3C-1C0A-42DD-993A-D151535DAC38}.Release|x86.Build.0 = Release|x86
	EndGlobalSection
	GlobalSection(NestedProjects) = preSolution
		{AF6251A7-27BA-4217-B15F-D6BD9C96013E} = {5A4F4B37-4C05-4A00-9E8F-956C95A5EF43}
		{E598EA3C-1C0A-42DD-993A-D151535DAC38} = {1DDAAFAF-FEE6-4512-B52F-D33C74E66CBB}
	EndGlobalSection
	GlobalSection(MonoDevelopProperties) = preSolution
		StartupItem = HolisticWare.SlideShow.EXE_XA\HolisticWare.SlideShow.EXE_XA.csproj
	EndGlobalSection
	GlobalSection(SolutionProperties) = preSolution
		HideSolutionNode = FALSE
	EndGlobalSection
EndGlobal
