
Microsoft Visual Studio Solution File, Format Version 11.00
# Visual Studio 2010
Project("{FAE04EC0-301F-11D3-BF4B-00C04F79EFBC}") = "Templates.CodeSnippets", "..\..\Templates.CodeSnippets\Templates.CodeSnippets.csproj", "{E598EA3C-1C0A-42DD-993A-D151535DAC38}"
EndProject
Project("{FAE04EC0-301F-11D3-BF4B-00C04F79EFBC}") = "HolisticWare.Common.Scripts", "..\..\HolisticWare.Common.Scripts\HolisticWare.Common.Scripts.csproj", "{AF6251A7-27BA-4217-B15F-D6BD9C96013E}"
EndProject
Project("{2150E333-8FDC-42A3-9474-1A3956D46DE8}") = "HolisticWare.Common.Scripts", "HolisticWare.Common.Scripts", "{5A4F4B37-4C05-4A00-9E8F-956C95A5EF43}"
EndProject
Project("{2150E333-8FDC-42A3-9474-1A3956D46DE8}") = "Templates.CodeSnippets", "Templates.CodeSnippets", "{1DDAAFAF-FEE6-4512-B52F-D33C74E66CBB}"
EndProject
Global
	GlobalSection(SolutionConfigurationPlatforms) = preSolution
		Ad-Hoc|Any CPU = Ad-Hoc|Any CPU
		Ad-Hoc|iPhone = Ad-Hoc|iPhone
		Ad-Hoc|iPhoneSimulator = Ad-Hoc|iPhoneSimulator
		Ad-Hoc|Mixed Platforms = Ad-Hoc|Mixed Platforms
		Ad-Hoc|x86 = Ad-Hoc|x86
		AppStore|Any CPU = AppStore|Any CPU
		AppStore|iPhone = AppStore|iPhone
		AppStore|iPhoneSimulator = AppStore|iPhoneSimulator
		AppStore|Mixed Platforms = AppStore|Mixed Platforms
		AppStore|x86 = AppStore|x86
		Debug|Any CPU = Debug|Any CPU
		Debug|iPhone = Debug|iPhone
		Debug|iPhoneSimulator = Debug|iPhoneSimulator
		Debug|Mixed Platforms = Debug|Mixed Platforms
		Debug|x86 = Debug|x86
		Release|Any CPU = Release|Any CPU
		Release|iPhone = Release|iPhone
		Release|iPhoneSimulator = Release|iPhoneSimulator
		Release|Mixed Platforms = Release|Mixed Platforms
		Release|x86 = Release|x86
	EndGlobalSection
	GlobalSection(ProjectConfigurationPlatforms) = postSolution
		{E598EA3C-1C0A-42DD-993A-D151535DAC38}.Ad-Hoc|Any CPU.ActiveCfg = Release|x86
		{E598EA3C-1C0A-42DD-993A-D151535DAC38}.Ad-Hoc|iPhone.ActiveCfg = Release|x86
		{E598EA3C-1C0A-42DD-993A-D151535DAC38}.Ad-Hoc|iPhoneSimulator.ActiveCfg = Release|x86
		{E598EA3C-1C0A-42DD-993A-D151535DAC38}.Ad-Hoc|Mixed Platforms.ActiveCfg = Release|x86
		{E598EA3C-1C0A-42DD-993A-D151535DAC38}.Ad-Hoc|Mixed Platforms.Build.0 = Release|x86
		{E598EA3C-1C0A-42DD-993A-D151535DAC38}.Ad-Hoc|x86.ActiveCfg = Release|x86
		{E598EA3C-1C0A-42DD-993A-D151535DAC38}.Ad-Hoc|x86.Build.0 = Release|x86
		{E598EA3C-1C0A-42DD-993A-D151535DAC38}.AppStore|Any CPU.ActiveCfg = Release|x86
		{E598EA3C-1C0A-42DD-993A-D151535DAC38}.AppStore|iPhone.ActiveCfg = Release|x86
		{E598EA3C-1C0A-42DD-993A-D151535DAC38}.AppStore|iPhoneSimulator.ActiveCfg = Release|x86
		{E598EA3C-1C0A-42DD-993A-D151535DAC38}.AppStore|Mixed Platforms.ActiveCfg = Release|x86
		{E598EA3C-1C0A-42DD-993A-D151535DAC38}.AppStore|Mixed Platforms.Build.0 = Release|x86
		{E598EA3C-1C0A-42DD-993A-D151535DAC38}.AppStore|x86.ActiveCfg = Release|x86
		{E598EA3C-1C0A-42DD-993A-D151535DAC38}.AppStore|x86.Build.0 = Release|x86
		{E598EA3C-1C0A-42DD-993A-D151535DAC38}.Debug|Any CPU.ActiveCfg = Debug|x86
		{E598EA3C-1C0A-42DD-993A-D151535DAC38}.Debug|iPhone.ActiveCfg = Debug|x86
		{E598EA3C-1C0A-42DD-993A-D151535DAC38}.Debug|iPhoneSimulator.ActiveCfg = Debug|x86
		{E598EA3C-1C0A-42DD-993A-D151535DAC38}.Debug|Mixed Platforms.ActiveCfg = Debug|x86
		{E598EA3C-1C0A-42DD-993A-D151535DAC38}.Debug|Mixed Platforms.Build.0 = Debug|x86
		{E598EA3C-1C0A-42DD-993A-D151535DAC38}.Debug|x86.ActiveCfg = Debug|x86
		{E598EA3C-1C0A-42DD-993A-D151535DAC38}.Debug|x86.Build.0 = Debug|x86
		{E598EA3C-1C0A-42DD-993A-D151535DAC38}.Release|Any CPU.ActiveCfg = Release|x86
		{E598EA3C-1C0A-42DD-993A-D151535DAC38}.Release|iPhone.ActiveCfg = Release|x86
		{E598EA3C-1C0A-42DD-993A-D151535DAC38}.Release|iPhoneSimulator.ActiveCfg = Release|x86
		{E598EA3C-1C0A-42DD-993A-D151535DAC38}.Release|Mixed Platforms.ActiveCfg = Release|x86
		{E598EA3C-1C0A-42DD-993A-D151535DAC38}.Release|Mixed Platforms.Build.0 = Release|x86
		{E598EA3C-1C0A-42DD-993A-D151535DAC38}.Release|x86.ActiveCfg = Release|x86
		{E598EA3C-1C0A-42DD-993A-D151535DAC38}.Release|x86.Build.0 = Release|x86
		{AF6251A7-27BA-4217-B15F-D6BD9C96013E}.Ad-Hoc|Any CPU.ActiveCfg = Release|Any CPU
		{AF6251A7-27BA-4217-B15F-D6BD9C96013E}.Ad-Hoc|Any CPU.Build.0 = Release|Any CPU
		{AF6251A7-27BA-4217-B15F-D6BD9C96013E}.Ad-Hoc|iPhone.ActiveCfg = Release|Any CPU
		{AF6251A7-27BA-4217-B15F-D6BD9C96013E}.Ad-Hoc|iPhoneSimulator.ActiveCfg = Release|Any CPU
		{AF6251A7-27BA-4217-B15F-D6BD9C96013E}.Ad-Hoc|Mixed Platforms.ActiveCfg = Release|Any CPU
		{AF6251A7-27BA-4217-B15F-D6BD9C96013E}.Ad-Hoc|Mixed Platforms.Build.0 = Release|Any CPU
		{AF6251A7-27BA-4217-B15F-D6BD9C96013E}.Ad-Hoc|x86.ActiveCfg = Release|Any CPU
		{AF6251A7-27BA-4217-B15F-D6BD9C96013E}.AppStore|Any CPU.ActiveCfg = Release|Any CPU
		{AF6251A7-27BA-4217-B15F-D6BD9C96013E}.AppStore|Any CPU.Build.0 = Release|Any CPU
		{AF6251A7-27BA-4217-B15F-D6BD9C96013E}.AppStore|iPhone.ActiveCfg = Release|Any CPU
		{AF6251A7-27BA-4217-B15F-D6BD9C96013E}.AppStore|iPhoneSimulator.ActiveCfg = Release|Any CPU
		{AF6251A7-27BA-4217-B15F-D6BD9C96013E}.AppStore|Mixed Platforms.ActiveCfg = Release|Any CPU
		{AF6251A7-27BA-4217-B15F-D6BD9C96013E}.AppStore|Mixed Platforms.Build.0 = Release|Any CPU
		{AF6251A7-27BA-4217-B15F-D6BD9C96013E}.AppStore|x86.ActiveCfg = Release|Any CPU
		{AF6251A7-27BA-4217-B15F-D6BD9C96013E}.Debug|Any CPU.ActiveCfg = Debug|Any CPU
		{AF6251A7-27BA-4217-B15F-D6BD9C96013E}.Debug|Any CPU.Build.0 = Debug|Any CPU
		{AF6251A7-27BA-4217-B15F-D6BD9C96013E}.Debug|iPhone.ActiveCfg = Debug|Any CPU
		{AF6251A7-27BA-4217-B15F-D6BD9C96013E}.Debug|iPhoneSimulator.ActiveCfg = Debug|Any CPU
		{AF6251A7-27BA-4217-B15F-D6BD9C96013E}.Debug|Mixed Platforms.ActiveCfg = Debug|Any CPU
		{AF6251A7-27BA-4217-B15F-D6BD9C96013E}.Debug|Mixed Platforms.Build.0 = Debug|Any CPU
		{AF6251A7-27BA-4217-B15F-D6BD9C96013E}.Debug|x86.ActiveCfg = Debug|Any CPU
		{AF6251A7-27BA-4217-B15F-D6BD9C96013E}.Release|Any CPU.ActiveCfg = Release|Any CPU
		{AF6251A7-27BA-4217-B15F-D6BD9C96013E}.Release|Any CPU.Build.0 = Release|Any CPU
		{AF6251A7-27BA-4217-B15F-D6BD9C96013E}.Release|iPhone.ActiveCfg = Release|Any CPU
		{AF6251A7-27BA-4217-B15F-D6BD9C96013E}.Release|iPhoneSimulator.ActiveCfg = Release|Any CPU
		{AF6251A7-27BA-4217-B15F-D6BD9C96013E}.Release|Mixed Platforms.ActiveCfg = Release|Any CPU
		{AF6251A7-27BA-4217-B15F-D6BD9C96013E}.Release|Mixed Platforms.Build.0 = Release|Any CPU
		{AF6251A7-27BA-4217-B15F-D6BD9C96013E}.Release|x86.ActiveCfg = Release|Any CPU
	EndGlobalSection
	GlobalSection(SolutionProperties) = preSolution
		HideSolutionNode = FALSE
	EndGlobalSection
	GlobalSection(NestedProjects) = preSolution
		{E598EA3C-1C0A-42DD-993A-D151535DAC38} = {1DDAAFAF-FEE6-4512-B52F-D33C74E66CBB}
		{AF6251A7-27BA-4217-B15F-D6BD9C96013E} = {5A4F4B37-4C05-4A00-9E8F-956C95A5EF43}
	EndGlobalSection
	GlobalSection(MonoDevelopProperties) = preSolution
		StartupItem = MVC2\MVC2.csproj
	EndGlobalSection
EndGlobal
